
Microsoft Visual Studio Solution File, Format Version 12.00
# Visual Studio Version 17
VisualStudioVersion = 17.5.33424.131
MinimumVisualStudioVersion = 10.0.40219.1
Project("{2150E333-8FDC-42A3-9474-1A3956D46DE8}") = "참고자료", "참고자료", "{74CEF65A-B61A-41F4-86A3-B3FF28A96644}"
	ProjectSection(SolutionItems) = preProject
		구조Level의 의미.txt = 구조Level의 의미.txt
		단축키.txt = 단축키.txt
		메모리영역.txt = 메모리영역.txt
		용어설명.txt = 용어설명.txt
		컴파일과정.txt = 컴파일과정.txt
		코딩스탠다드.txt = 코딩스탠다드.txt
		클래스디폴트.txt = 클래스디폴트.txt
	EndProjectSection
EndProject
Project("{2150E333-8FDC-42A3-9474-1A3956D46DE8}") = "2023-03-10", "2023-03-10", "{B0AC7A7B-7EF3-4F08-AFBC-E6E24E9DCFA4}"
EndProject
Project("{2150E333-8FDC-42A3-9474-1A3956D46DE8}") = "2023-03-09", "2023-03-09", "{EF6764E9-F9BA-4C14-96B1-B0596E607585}"
EndProject
Project("{2150E333-8FDC-42A3-9474-1A3956D46DE8}") = "2023-03-13", "2023-03-13", "{3645C429-95CD-40BA-9A46-C9E0BA436D30}"
EndProject
Project("{2150E333-8FDC-42A3-9474-1A3956D46DE8}") = "2023-03-14", "2023-03-14", "{AD8596DB-CFE5-4425-8583-98FE8263E819}"
EndProject
Project("{2150E333-8FDC-42A3-9474-1A3956D46DE8}") = "2023-03-15", "2023-03-15", "{745C9093-BECB-4D2A-987C-28F2E2250A62}"
EndProject
Project("{2150E333-8FDC-42A3-9474-1A3956D46DE8}") = "2023-03-16", "2023-03-16", "{15DE24D9-8950-4A0E-9469-20C2E692FE91}"
EndProject
Project("{8BC9CEB8-8B4A-11D0-8D11-00A0C91BC942}") = "CodePractice", "CodePractice\CodePractice.vcxproj", "{675AD0AA-FF4D-4E74-86A8-B15390A2744A}"
EndProject
Project("{2150E333-8FDC-42A3-9474-1A3956D46DE8}") = "2023-03-17", "2023-03-17", "{2F6A35C2-CA25-4D0F-B5BC-CA6267092606}"
EndProject
Project("{2150E333-8FDC-42A3-9474-1A3956D46DE8}") = "2023-03-20", "2023-03-20", "{F42737CF-D657-4549-BBA7-A39F2B954029}"
EndProject
Project("{2150E333-8FDC-42A3-9474-1A3956D46DE8}") = "2023-03-21", "2023-03-21", "{F5FF0B65-E721-489E-B3A7-23FF4B273B98}"
EndProject
Project("{8BC9CEB8-8B4A-11D0-8D11-00A0C91BC942}") = "HomeWork0321", "HomeWork0321\HomeWork0321.vcxproj", "{904F90DD-31B0-41AC-A716-4B5A91FEAE89}"
EndProject
Project("{2150E333-8FDC-42A3-9474-1A3956D46DE8}") = "2023-03-22", "2023-03-22", "{9E37BCF5-F553-4E59-80D2-E1C77A5EECF0}"
EndProject
Project("{2150E333-8FDC-42A3-9474-1A3956D46DE8}") = "2023-03-23", "2023-03-23", "{D3950BF9-EF89-4A49-BA8B-36D1837B390D}"
EndProject
Project("{2150E333-8FDC-42A3-9474-1A3956D46DE8}") = "2023-03-24", "2023-03-24", "{9634C971-4A01-4DC9-9A8B-4A7DCCCFFBCC}"
EndProject
Project("{2150E333-8FDC-42A3-9474-1A3956D46DE8}") = "Etc", "Etc", "{D8C804B3-5778-4566-AFAF-2878D08FCEF7}"
EndProject
Project("{2150E333-8FDC-42A3-9474-1A3956D46DE8}") = "2023-03-27", "2023-03-27", "{43CC2AB8-BBC9-4879-A87A-B233638B96A6}"
EndProject
Project("{8BC9CEB8-8B4A-11D0-8D11-00A0C91BC942}") = "Array", "Array\Array.vcxproj", "{4C652477-0210-4A53-924A-7E10DC7EDAFB}"
EndProject
Project("{2150E333-8FDC-42A3-9474-1A3956D46DE8}") = "2023-03-28", "2023-03-28", "{6BE428B9-642C-48FA-9661-42F9EBE107AA}"
EndProject
Project("{2150E333-8FDC-42A3-9474-1A3956D46DE8}") = "2023-03-29", "2023-03-29", "{3F8CCF7E-4959-4034-87DE-6A7FC1CBB3E3}"
EndProject
Project("{8BC9CEB8-8B4A-11D0-8D11-00A0C91BC942}") = "HomeWokr0329", "HomeWokr0329\HomeWokr0329.vcxproj", "{CE8C55AD-F157-49C8-86FD-FC9842FF99E1}"
EndProject
Project("{2150E333-8FDC-42A3-9474-1A3956D46DE8}") = "2023-03-31", "2023-03-31", "{09748F19-B432-48B8-AA25-BEAEA75AE371}"
EndProject
Project("{2150E333-8FDC-42A3-9474-1A3956D46DE8}") = "2023-04-03", "2023-04-03", "{FFB4BDE2-52DE-418D-82C4-180F398B5AB3}"
EndProject
Project("{8BC9CEB8-8B4A-11D0-8D11-00A0C91BC942}") = "ClassDefault", "ClassDefault\ClassDefault.vcxproj", "{751CC4F2-58E4-4045-94E4-5E307A2E6304}"
EndProject
Project("{8BC9CEB8-8B4A-11D0-8D11-00A0C91BC942}") = "002_Compile", "002_Compile\002_Compile.vcxproj", "{F4268F62-998E-4010-8372-206216DDC366}"
EndProject
Project("{8BC9CEB8-8B4A-11D0-8D11-00A0C91BC942}") = "003_MainFunction", "003_MainFunction\003_MainFunction.vcxproj", "{0603884D-4CA5-43B1-8193-32E86BAC6F75}"
EndProject
Project("{8BC9CEB8-8B4A-11D0-8D11-00A0C91BC942}") = "004_Var", "004_Var\004_Var.vcxproj", "{5E1FE410-6195-43AC-8B0E-B0B2398FFA03}"
EndProject
Project("{8BC9CEB8-8B4A-11D0-8D11-00A0C91BC942}") = "005_Operator", "005_Operator\005_Operator.vcxproj", "{10DD0D0D-A2F8-4BB6-82A4-D2163E63AA00}"
EndProject
Project("{8BC9CEB8-8B4A-11D0-8D11-00A0C91BC942}") = "006_InitOrCopy", "006_InitOrCopy\006_InitOrCopy.vcxproj", "{6C449456-69AF-41E3-8F51-88C4930F07E8}"
EndProject
Project("{8BC9CEB8-8B4A-11D0-8D11-00A0C91BC942}") = "007_Operator001", "007_Operator001\007_Operator001.vcxproj", "{56D572D0-57F4-46A1-AC56-F37780A70259}"
EndProject
Project("{8BC9CEB8-8B4A-11D0-8D11-00A0C91BC942}") = "008_Bit", "008_Bit\008_Bit.vcxproj", "{41BF450B-6A42-4EF6-8914-979C933831F1}"
EndProject
Project("{8BC9CEB8-8B4A-11D0-8D11-00A0C91BC942}") = "009_Semicolon", "009_Semicolon\009_Semicolon.vcxproj", "{7F8A90C8-CE65-454E-ABD8-B6DB946A2BA8}"
EndProject
Project("{8BC9CEB8-8B4A-11D0-8D11-00A0C91BC942}") = "010_Operator002", "010_Operator002\010_Operator002.vcxproj", "{13F4F168-44BD-465D-9228-8E45415C3A9E}"
EndProject
Project("{8BC9CEB8-8B4A-11D0-8D11-00A0C91BC942}") = "011_Operator003", "011_Operator003\011_Operator003.vcxproj", "{DCB3BF20-E9CF-44B4-902A-FD0F114DCC12}"
EndProject
Project("{8BC9CEB8-8B4A-11D0-8D11-00A0C91BC942}") = "012_FunctionAndMemory", "012_FunctionAndMemory\012_FunctionAndMemory.vcxproj", "{9C272B17-442F-4AD6-96C7-35A418DD7F2F}"
EndProject
Project("{8BC9CEB8-8B4A-11D0-8D11-00A0C91BC942}") = "013_Function", "013_Function\013_Function.vcxproj", "{2A395D7B-902E-421C-889D-A7F0FA307B39}"
EndProject
Project("{8BC9CEB8-8B4A-11D0-8D11-00A0C91BC942}") = "014_Unsigned", "014_Unsigned\014_Unsigned.vcxproj", "{2E0F6350-2F33-4E4B-93E7-E6475BB263B6}"
EndProject
Project("{8BC9CEB8-8B4A-11D0-8D11-00A0C91BC942}") = "015_Charactor", "015_Charactor\015_Charactor.vcxproj", "{606DBC1E-9B38-4739-BD53-406C4ED0B26C}"
EndProject
Project("{8BC9CEB8-8B4A-11D0-8D11-00A0C91BC942}") = "016_ArrayToString", "016_ArrayToString\016_ArrayToString.vcxproj", "{DB3AFB85-6E9A-4776-AF88-5B13058C12C7}"
EndProject
Project("{8BC9CEB8-8B4A-11D0-8D11-00A0C91BC942}") = "017_Printf", "017_Printf\017_Printf.vcxproj", "{B906A226-B9CC-4DE6-AAB2-61333D395AB8}"
EndProject
Project("{8BC9CEB8-8B4A-11D0-8D11-00A0C91BC942}") = "018_Const", "018_Const\018_Const.vcxproj", "{7E5BB013-F0E0-4556-AF32-B26C31E1268B}"
EndProject
Project("{8BC9CEB8-8B4A-11D0-8D11-00A0C91BC942}") = "019_Inline", "019_Inline\019_Inline.vcxproj", "{E7542660-4521-4B38-8DDD-2CA87F60162B}"
EndProject
Project("{8BC9CEB8-8B4A-11D0-8D11-00A0C91BC942}") = "020_Pointer", "020_Pointer\020_Pointer.vcxproj", "{6C3E8ACC-B6CD-4FEC-8F9B-CA0C1DD020C9}"
EndProject
Project("{8BC9CEB8-8B4A-11D0-8D11-00A0C91BC942}") = "021_Pointer001", "021_Pointer001\021_Pointer001.vcxproj", "{63698CF0-FD4E-48C8-9200-605644674672}"
EndProject
Project("{8BC9CEB8-8B4A-11D0-8D11-00A0C91BC942}") = "022_PointerOperator", "022_PointerOperator\022_PointerOperator.vcxproj", "{00944719-33B8-4C04-8A42-C7538485734C}"
EndProject
Project("{8BC9CEB8-8B4A-11D0-8D11-00A0C91BC942}") = "023_nullptr", "023_nullptr\023_nullptr.vcxproj", "{4F363976-1CDC-4E64-A573-AE8C89BAFFF3}"
EndProject
Project("{8BC9CEB8-8B4A-11D0-8D11-00A0C91BC942}") = "024_Reference", "024_Reference\024_Reference.vcxproj", "{7534C019-A214-449A-ACE1-0A2C6693152F}"
EndProject
Project("{8BC9CEB8-8B4A-11D0-8D11-00A0C91BC942}") = "025_PointerConst", "025_PointerConst\025_PointerConst.vcxproj", "{0180220F-CAB0-49B0-86E1-F514B03822AC}"
EndProject
Project("{8BC9CEB8-8B4A-11D0-8D11-00A0C91BC942}") = "026_TypeChange", "026_TypeChange\026_TypeChange.vcxproj", "{74B0B42E-192F-471F-AC17-2E7C798B0CB7}"
EndProject
Project("{8BC9CEB8-8B4A-11D0-8D11-00A0C91BC942}") = "027_PointerRandomIndex", "027_PointerRandomIndex\027_PointerRandomIndex.vcxproj", "{AD667772-2D89-4326-90DF-7597DD2E40E1}"
EndProject
Project("{8BC9CEB8-8B4A-11D0-8D11-00A0C91BC942}") = "028_While", "028_While\028_While.vcxproj", "{0031809F-4B90-4565-9C10-75D5B0E3CA1E}"
EndProject
Project("{8BC9CEB8-8B4A-11D0-8D11-00A0C91BC942}") = "029_VariableArgument", "029_VariableArgument\029_VariableArgument.vcxproj", "{1EAFC25B-68BF-4B29-8A44-3BECBE12947F}"
EndProject
Project("{8BC9CEB8-8B4A-11D0-8D11-00A0C91BC942}") = "030_PointerOperator001", "030_PointerOperator001\030_PointerOperator001.vcxproj", "{64426B65-C8DC-4AE9-9963-EA0E2664964D}"
EndProject
Project("{8BC9CEB8-8B4A-11D0-8D11-00A0C91BC942}") = "etc_Formatting", "etc_Formatting\etc_Formatting.vcxproj", "{BB6ED1D0-473E-400E-930C-1212E75772C8}"
EndProject
Project("{8BC9CEB8-8B4A-11D0-8D11-00A0C91BC942}") = "031_If", "031_If\031_If.vcxproj", "{8A7E00FA-CF95-4A3E-806F-118C701B5E69}"
EndProject
Project("{8BC9CEB8-8B4A-11D0-8D11-00A0C91BC942}") = "032_Switch", "032_Switch\032_Switch.vcxproj", "{1CAC91EF-9CA3-44E1-887A-F9D2EFBB7886}"
EndProject
Project("{8BC9CEB8-8B4A-11D0-8D11-00A0C91BC942}") = "033_MyPrintf", "033_MyPrintf\033_MyPrintf.vcxproj", "{86116EA5-8177-486F-8842-48CACBD88D58}"
EndProject
Project("{8BC9CEB8-8B4A-11D0-8D11-00A0C91BC942}") = "034_Random", "034_Random\034_Random.vcxproj", "{C00A4CE1-AC00-44C1-A55C-8050F53FD618}"
EndProject
Project("{8BC9CEB8-8B4A-11D0-8D11-00A0C91BC942}") = "035_For", "035_For\035_For.vcxproj", "{D6526129-5E8A-4D3B-8D81-E503E96DD001}"
EndProject
Project("{8BC9CEB8-8B4A-11D0-8D11-00A0C91BC942}") = "036_Global", "036_Global\036_Global.vcxproj", "{DD6BF945-CCCA-435C-BEE9-EF3C02F70BDC}"
EndProject
Project("{8BC9CEB8-8B4A-11D0-8D11-00A0C91BC942}") = "037_typedef", "037_typedef\037_typedef.vcxproj", "{953859A6-C9EA-4BA0-9661-3EEB6B0F2B06}"
EndProject
Project("{8BC9CEB8-8B4A-11D0-8D11-00A0C91BC942}") = "038_Class", "038_Class\038_Class.vcxproj", "{C4576782-4E96-4EF3-BB87-2290435B04B6}"
EndProject
Project("{8BC9CEB8-8B4A-11D0-8D11-00A0C91BC942}") = "039_BreakAndContinue", "039_BreakAndContinue\039_BreakAndContinue.vcxproj", "{4A6E1F37-1F77-436A-8E3A-EA697380D03D}"
EndProject
Project("{8BC9CEB8-8B4A-11D0-8D11-00A0C91BC942}") = "040_Class001", "040_Class001\040_Class001.vcxproj", "{61473DE2-A2AA-4C1D-93E5-22E0D3A4AED8}"
EndProject
Project("{8BC9CEB8-8B4A-11D0-8D11-00A0C91BC942}") = "041_Class002_UserAccess", "041_Class002_UserAccess\041_Class002_UserAccess.vcxproj", "{D0E78C03-FBAA-45C1-A31C-A2FA97B5D3F0}"
EndProject
Project("{2150E333-8FDC-42A3-9474-1A3956D46DE8}") = "HomeWork", "HomeWork", "{BA175C11-4755-4892-8763-83ADC36B8417}"
EndProject
Project("{8BC9CEB8-8B4A-11D0-8D11-00A0C91BC942}") = "042_Class003_Struct", "042_Class003_Struct\042_Class003_Struct.vcxproj", "{770FEE13-E8DB-4CE8-B2EF-FC2C47B208AD}"
EndProject
Project("{8BC9CEB8-8B4A-11D0-8D11-00A0C91BC942}") = "043_Arr2d", "043_Arr2d\043_Arr2d.vcxproj", "{A3723789-6C05-4E97-8E09-195E433B53B9}"
EndProject
Project("{8BC9CEB8-8B4A-11D0-8D11-00A0C91BC942}") = "044_Member", "044_Member\044_Member.vcxproj", "{D89279B0-5922-45E0-A7A2-0B5F8B9C2BD7}"
EndProject
Project("{8BC9CEB8-8B4A-11D0-8D11-00A0C91BC942}") = "045_NameSpace", "045_NameSpace\045_NameSpace.vcxproj", "{62202938-85CA-482F-A896-7A390C42730C}"
EndProject
Project("{8BC9CEB8-8B4A-11D0-8D11-00A0C91BC942}") = "046_BytePadding", "046_BytePadding\046_BytePadding.vcxproj", "{737DA17C-0CF6-46ED-BC25-8DEBFBF14C67}"
EndProject
Project("{8BC9CEB8-8B4A-11D0-8D11-00A0C91BC942}") = "047_ClassConstructor", "047_ClassConstructor\047_ClassConstructor.vcxproj", "{B6DB9A46-BA13-487C-B79F-CECF17DC0B17}"
EndProject
Project("{8BC9CEB8-8B4A-11D0-8D11-00A0C91BC942}") = "048_this", "048_this\048_this.vcxproj", "{34EAD017-3E5A-4923-9E23-A5E8BA62A420}"
EndProject
Project("{8BC9CEB8-8B4A-11D0-8D11-00A0C91BC942}") = "049_ClassObjectPointer", "049_ClassObjectPointer\049_ClassObjectPointer.vcxproj", "{7FB9979A-EF45-41DE-9AAF-00EA1AC5CB8E}"
EndProject
Project("{8BC9CEB8-8B4A-11D0-8D11-00A0C91BC942}") = "050_ClassOperator", "050_ClassOperator\050_ClassOperator.vcxproj", "{0A2083A2-B085-4C91-97C2-D589F859EBF3}"
EndProject
Project("{8BC9CEB8-8B4A-11D0-8D11-00A0C91BC942}") = "etc_InvisibleMemory", "etc_InvisibleMemory\etc_InvisibleMemory.vcxproj", "{2BD03237-0C6F-4980-AB24-E4130664AB30}"
EndProject
Project("{8BC9CEB8-8B4A-11D0-8D11-00A0C91BC942}") = "etc.Parameter", "etc.Parameter\etc.Parameter.vcxproj", "{F6CD2FE6-E733-47FB-B067-106C00648DFD}"
EndProject
Project("{8BC9CEB8-8B4A-11D0-8D11-00A0C91BC942}") = "051_ClassConst", "051_ClassConst\051_ClassConst.vcxproj", "{7BD4ADFD-C961-401F-9630-B715282D0DF9}"
EndProject
Project("{8BC9CEB8-8B4A-11D0-8D11-00A0C91BC942}") = "052_GlobalValue", "052_GlobalValue\052_GlobalValue.vcxproj", "{DD6A7C47-EA2F-43DF-9800-AE17E46A0B2E}"
EndProject
Project("{8BC9CEB8-8B4A-11D0-8D11-00A0C91BC942}") = "etc_StaticMember", "etc_StaticMember\etc_StaticMember.vcxproj", "{C0EE830C-7C5F-4484-AC29-8D455C3061D7}"
EndProject
Project("{8BC9CEB8-8B4A-11D0-8D11-00A0C91BC942}") = "053_FunctionOverloading", "053_FunctionOverloading\053_FunctionOverloading.vcxproj", "{79C32B91-77B2-4E4E-992B-99EF6D01A807}"
EndProject
Project("{8BC9CEB8-8B4A-11D0-8D11-00A0C91BC942}") = "054_Declaration", "054_Declaration\054_Declaration.vcxproj", "{B5465B44-9167-481B-A35E-8AEA37B8ED66}"
EndProject
Project("{8BC9CEB8-8B4A-11D0-8D11-00A0C91BC942}") = "055_ClassDeclaration", "055_ClassDeclaration\055_ClassDeclaration.vcxproj", "{DC1632E2-EF78-463C-92DA-A28C9BD57F15}"
EndProject
Project("{8BC9CEB8-8B4A-11D0-8D11-00A0C91BC942}") = "056_HeaderAndCpp", "056_HeaderAndCpp\056_HeaderAndCpp.vcxproj", "{CA014D8C-C1A3-4C43-9E57-510800BA18D0}"
EndProject
Project("{8BC9CEB8-8B4A-11D0-8D11-00A0C91BC942}") = "057_inheritance", "057_inheritance\057_inheritance.vcxproj", "{11553F26-57EE-4DB0-BBD5-23A5738D973D}"
EndProject
Project("{8BC9CEB8-8B4A-11D0-8D11-00A0C91BC942}") = "058_inheritanceMemory", "058_inheritanceMemory\058_inheritanceMemory.vcxproj", "{A8BA5102-6786-49CA-A81F-EDF98B426AC7}"
EndProject
Project("{8BC9CEB8-8B4A-11D0-8D11-00A0C91BC942}") = "059_ClassDefault", "059_ClassDefault\059_ClassDefault.vcxproj", "{4D7D7DA0-5093-44D1-AE8D-C7F9EE838EBC}"
EndProject
Project("{8BC9CEB8-8B4A-11D0-8D11-00A0C91BC942}") = "060_FunctionPointer", "060_FunctionPointer\060_FunctionPointer.vcxproj", "{145E0D9C-4384-4DB2-8F88-15A7F08EC7C6}"
EndProject
Project("{8BC9CEB8-8B4A-11D0-8D11-00A0C91BC942}") = "061_VirtualSize", "061_VirtualSize\061_VirtualSize.vcxproj", "{4567295C-0CF8-4625-98C3-782D606A2C4C}"
EndProject
Project("{2150E333-8FDC-42A3-9474-1A3956D46DE8}") = "2023-04-04", "2023-04-04", "{DB50A94A-51A3-4F38-8D89-22F77EA69D16}"
EndProject
Project("{8BC9CEB8-8B4A-11D0-8D11-00A0C91BC942}") = "062_UpAndDownCasting", "062_UpAndDownCasting\062_UpAndDownCasting.vcxproj", "{F3B3FD49-379F-44F5-90B4-08A5F96C2CD0}"
EndProject
Project("{8BC9CEB8-8B4A-11D0-8D11-00A0C91BC942}") = "063_vfptr", "063_vfptr\063_vfptr.vcxproj", "{FC437A2C-9FE0-4DD6-B8B0-91AA072A6865}"
EndProject
Project("{8BC9CEB8-8B4A-11D0-8D11-00A0C91BC942}") = "064_Heap", "064_Heap\064_Heap.vcxproj", "{E784E0D4-B71D-4852-99E7-94D5D93C248E}"
EndProject
Project("{2150E333-8FDC-42A3-9474-1A3956D46DE8}") = "2023-04-05", "2023-04-05", "{43DB1306-DC84-4183-929E-43453D62EB4E}"
EndProject
Project("{8BC9CEB8-8B4A-11D0-8D11-00A0C91BC942}") = "065_DeleteHeap", "065_DeleteHeap\065_DeleteHeap.vcxproj", "{53100C40-A073-402A-9730-75435D58F5A7}"
EndProject
Project("{8BC9CEB8-8B4A-11D0-8D11-00A0C91BC942}") = "066_ArrayHeap", "066_ArrayHeap\066_ArrayHeap.vcxproj", "{E9BCA579-85A8-4808-8140-D8695980D68A}"
EndProject
Project("{2150E333-8FDC-42A3-9474-1A3956D46DE8}") = "DataStruct", "DataStruct", "{929D45A6-18DA-4928-AFF9-CA2261F4EF4F}"
	ProjectSection(SolutionItems) = preProject
		STL.txt = STL.txt
		자료구조.txt = 자료구조.txt
	EndProjectSection
EndProject
Project("{8BC9CEB8-8B4A-11D0-8D11-00A0C91BC942}") = "etc.GameEngineArray", "etc.GameEngineArray\etc.GameEngineArray.vcxproj", "{5F0657A9-4695-462A-A766-DE011FEB8C0D}"
EndProject
Project("{8BC9CEB8-8B4A-11D0-8D11-00A0C91BC942}") = "067_Template", "067_Template\067_Template.vcxproj", "{67F24E81-2853-4D41-B798-FB8366CA3AE1}"
EndProject
Project("{2150E333-8FDC-42A3-9474-1A3956D46DE8}") = "2023-04-06", "2023-04-06", "{49DA23F8-9A96-4C6F-8D00-981B95141896}"
EndProject
Project("{8BC9CEB8-8B4A-11D0-8D11-00A0C91BC942}") = "068_DeepCopyAndShallowCopy", "068_DeepCopyAndShallowCopy\068_DeepCopyAndShallowCopy.vcxproj", "{2F4303B7-C7B5-479E-8361-6ED5D9F063BB}"
EndProject
Project("{8BC9CEB8-8B4A-11D0-8D11-00A0C91BC942}") = "069_Assert", "069_Assert\069_Assert.vcxproj", "{028A9FBC-8019-4927-B447-327FAE76AB61}"
EndProject
Project("{8BC9CEB8-8B4A-11D0-8D11-00A0C91BC942}") = "070_Define", "070_Define\070_Define.vcxproj", "{D5C32527-4B83-46A2-A309-BD2ABBF12D6C}"
EndProject
Project("{8BC9CEB8-8B4A-11D0-8D11-00A0C91BC942}") = "GameEngineBase", "GameEngineBase\GameEngineBase.vcxproj", "{889FE2BC-316B-4B96-BF97-E11B4CCC9DC2}"
EndProject
Project("{8BC9CEB8-8B4A-11D0-8D11-00A0C91BC942}") = "GameEngineConsole", "GameEngineConsole\GameEngineConsole.vcxproj", "{C30536EA-A23A-480C-95EE-1E5951AA72D4}"
EndProject
Project("{2150E333-8FDC-42A3-9474-1A3956D46DE8}") = "Base", "Base", "{D482B9BC-A3FA-4E49-8FF3-7388A419209B}"
EndProject
Project("{2150E333-8FDC-42A3-9474-1A3956D46DE8}") = "2023-04-07", "2023-04-07", "{17EAE6DC-1B62-4E78-B030-E729A7D97D19}"
EndProject
Project("{8BC9CEB8-8B4A-11D0-8D11-00A0C91BC942}") = "HomeWork0407", "HomeWork0407\HomeWork0407.vcxproj", "{D09F9ECF-61DF-49ED-A491-5F1772E49C73}"
EndProject
Project("{8BC9CEB8-8B4A-11D0-8D11-00A0C91BC942}") = "071_ClassNew", "071_ClassNew\071_ClassNew.vcxproj", "{F04D7FFF-278D-422E-BCCF-BDC2208E5CE5}"
EndProject
Project("{2150E333-8FDC-42A3-9474-1A3956D46DE8}") = "2023-04-10", "2023-04-10", "{208D63A3-26BD-463D-ADF1-1A1979459162}"
EndProject
Project("{8BC9CEB8-8B4A-11D0-8D11-00A0C91BC942}") = "072_Enum", "072_Enum\072_Enum.vcxproj", "{662A770A-BDF0-4B97-B43F-666B4C8195D7}"
EndProject
Project("{2150E333-8FDC-42A3-9474-1A3956D46DE8}") = "2023-04-11", "2023-04-11", "{B96CF7A1-AECE-4CBF-8758-4AC0441B93D2}"
EndProject
Project("{8BC9CEB8-8B4A-11D0-8D11-00A0C91BC942}") = "GameEngineNode", "GameEngineNode\GameEngineNode.vcxproj", "{71F03F4E-9200-4161-8952-59A7989C546B}"
EndProject
Project("{8BC9CEB8-8B4A-11D0-8D11-00A0C91BC942}") = "etc.Node", "etc.Node\etc.Node.vcxproj", "{F4CCB71B-E1F0-4F2C-AD86-C9D2BC5DA1AA}"
EndProject
Project("{2150E333-8FDC-42A3-9474-1A3956D46DE8}") = "2023-04-12", "2023-04-12", "{AD25AC21-DD16-470A-88AE-547F7631F2AC}"
EndProject
Project("{8BC9CEB8-8B4A-11D0-8D11-00A0C91BC942}") = "GameEngineVector", "GameEngineVector\GameEngineVector.vcxproj", "{98DA7BF9-43E9-4F49-8487-27B9EF28E639}"
EndProject
Project("{8BC9CEB8-8B4A-11D0-8D11-00A0C91BC942}") = "etc.Vector", "etc.Vector\etc.Vector.vcxproj", "{46687400-8D39-4EF5-A3C7-BD30FC44C67F}"
EndProject
Project("{2150E333-8FDC-42A3-9474-1A3956D46DE8}") = "2023-04-13", "2023-04-13", "{27BDB807-3314-48D9-BDEB-EA98D7C1E37A}"
	ProjectSection(SolutionItems) = preProject
		STL.txt = STL.txt
	EndProjectSection
EndProject
Project("{8BC9CEB8-8B4A-11D0-8D11-00A0C91BC942}") = "GameEngineList", "GameEngineList\GameEngineList.vcxproj", "{32D2C931-A04E-4D55-9D6B-EDE78C8238BE}"
EndProject
Project("{8BC9CEB8-8B4A-11D0-8D11-00A0C91BC942}") = "073_innerClass", "073_innerClass\073_innerClass.vcxproj", "{BE17D64A-E429-4A9F-B31E-35F24721959B}"
EndProject
Project("{8BC9CEB8-8B4A-11D0-8D11-00A0C91BC942}") = "074_Friend", "074_Friend\074_Friend.vcxproj", "{33F073A2-B675-4178-B62C-4344692EA45B}"
EndProject
Project("{2150E333-8FDC-42A3-9474-1A3956D46DE8}") = "2023-04-14", "2023-04-14", "{AE7C85D6-B364-4782-B4BD-843FB637E273}"
EndProject
Project("{8BC9CEB8-8B4A-11D0-8D11-00A0C91BC942}") = "075_RecursiveFunction", "075_RecursiveFunction\075_RecursiveFunction.vcxproj", "{8BAE2604-6EAB-4E51-BAD5-F1D525A7DCEB}"
EndProject
Project("{8BC9CEB8-8B4A-11D0-8D11-00A0C91BC942}") = "076_MyCout", "076_MyCout\076_MyCout.vcxproj", "{BBEE4BC7-41D7-40F0-B48C-4E6DFF44BC93}"
EndProject
Project("{8BC9CEB8-8B4A-11D0-8D11-00A0C91BC942}") = "HomeWork0414(SnackGame)", "HomeWork0414(SnackGame)\HomeWork0414(SnackGame).vcxproj", "{5C001938-EF2B-4277-8A4A-B53D130F7516}"
EndProject
Project("{2150E333-8FDC-42A3-9474-1A3956D46DE8}") = "2023-04-17", "2023-04-17", "{6290B27B-606E-473D-BD6C-DC6C3AE89186}"
EndProject
Project("{8BC9CEB8-8B4A-11D0-8D11-00A0C91BC942}") = "077_Cast", "077_Cast\077_Cast.vcxproj", "{B36BDB20-DC8F-45D7-AE93-0851A637D93E}"
EndProject
Project("{8BC9CEB8-8B4A-11D0-8D11-00A0C91BC942}") = "078_BitTest", "078_BitTest\078_BitTest.vcxproj", "{EACC3B90-E1AA-4869-BE19-425B8B745D3E}"
EndProject
Project("{2150E333-8FDC-42A3-9474-1A3956D46DE8}") = "2023-04-18", "2023-04-18", "{8633ADC6-3F02-48EA-B087-EE57C3AF127A}"
EndProject
Project("{8BC9CEB8-8B4A-11D0-8D11-00A0C91BC942}") = "etc.StdString", "etc.StdString\etc.StdString.vcxproj", "{82739319-AFD2-4A78-9E4C-1E29CF5E2345}"
EndProject
Project("{8BC9CEB8-8B4A-11D0-8D11-00A0C91BC942}") = "RValueRef", "RValueRef\RValueRef.vcxproj", "{12730D1B-CBE1-44FC-A334-ADD83D173B95}"
EndProject
Project("{8BC9CEB8-8B4A-11D0-8D11-00A0C91BC942}") = "MyString", "MyString\MyString.vcxproj", "{030D7766-5A40-4ABD-AE77-00CE2C41F7E0}"
EndProject
Project("{2150E333-8FDC-42A3-9474-1A3956D46DE8}") = "2023-04-19, 20, 21", "2023-04-19, 20, 21", "{7DAC065C-DB7B-42C3-AC18-7E615E9F3198}"
EndProject
Project("{8BC9CEB8-8B4A-11D0-8D11-00A0C91BC942}") = "GameEngineMap", "GameEngineMap\GameEngineMap.vcxproj", "{FEDAD7FE-94DA-4EFF-96BB-6A267C1F42A9}"
EndProject
Project("{8BC9CEB8-8B4A-11D0-8D11-00A0C91BC942}") = "GameEngineMap(Temp)", "GameEngineMap(Temp)\GameEngineMap(Temp).vcxproj", "{BF24E0D7-0839-41C7-A83E-5843EFD09E00}"
EndProject
Project("{2150E333-8FDC-42A3-9474-1A3956D46DE8}") = "2023-04-24", "2023-04-24", "{BA454F97-680D-4CCD-B306-2F1C9E628261}"
EndProject
Project("{8BC9CEB8-8B4A-11D0-8D11-00A0C91BC942}") = "079_MainParameter", "079_MainParameter\079_MainParameter.vcxproj", "{7A0FC825-DC58-4381-ADFB-05F735BF1137}"
EndProject
Project("{8BC9CEB8-8B4A-11D0-8D11-00A0C91BC942}") = "080_TypeDefEx", "080_TypeDefEx\080_TypeDefEx.vcxproj", "{65D9B035-0CB3-47ED-A644-16913F689A5B}"
EndProject
Project("{2150E333-8FDC-42A3-9474-1A3956D46DE8}") = "2023-04-26", "2023-04-26", "{AC44007D-E83E-4F24-88E3-D7E46493429F}"
EndProject
Project("{8BC9CEB8-8B4A-11D0-8D11-00A0C91BC942}") = "081_FunctionCallType", "081_FunctionCallType\081_FunctionCallType.vcxproj", "{3D0334BA-F3E3-4797-B78C-19C5F873CD1F}"
EndProject
Project("{8BC9CEB8-8B4A-11D0-8D11-00A0C91BC942}") = "082_LocalStaticValue", "082_LocalStaticValue\082_LocalStaticValue.vcxproj", "{B5E06AE7-B810-4833-8B29-C863EA011069}"
EndProject
Project("{2150E333-8FDC-42A3-9474-1A3956D46DE8}") = "2023-04-27", "2023-04-27", "{24627FB2-0048-41FA-9D2A-ABB1B0D07C2D}"
EndProject
Project("{8BC9CEB8-8B4A-11D0-8D11-00A0C91BC942}") = "083_TemplateEx", "083_TemplateEx\083_TemplateEx.vcxproj", "{D8C32B98-C74F-44B8-B03E-4376CF1D580B}"
EndProject
Project("{2150E333-8FDC-42A3-9474-1A3956D46DE8}") = "2023-04-28", "2023-04-28", "{BFC15C94-9BA4-4326-A2D0-B1804825FEEB}"
EndProject
Project("{8BC9CEB8-8B4A-11D0-8D11-00A0C91BC942}") = "084_DefaultParameter", "084_DefaultParameter\084_DefaultParameter.vcxproj", "{1F6E3546-FAC7-45B3-BB6E-ABD2BC68DFB0}"
EndProject
Project("{2150E333-8FDC-42A3-9474-1A3956D46DE8}") = "2023-05-02", "2023-05-02", "{16064E6A-EE91-419D-8AC3-ED23ADB3815E}"
EndProject
Project("{8BC9CEB8-8B4A-11D0-8D11-00A0C91BC942}") = "085_Float", "085_Float\085_Float.vcxproj", "{129EAD37-F673-41D3-AE46-1873CF553551}"
EndProject
Project("{8BC9CEB8-8B4A-11D0-8D11-00A0C91BC942}") = "086_UnionAndDataPadding", "086_UnionAndDataPadding\086_UnionAndDataPadding.vcxproj", "{03F6D503-0362-4F40-B437-3536AC634A31}"
EndProject
Global
	GlobalSection(SolutionConfigurationPlatforms) = preSolution
		Debug|x64 = Debug|x64
		Debug|x86 = Debug|x86
		Release|x64 = Release|x64
		Release|x86 = Release|x86
	EndGlobalSection
	GlobalSection(ProjectConfigurationPlatforms) = postSolution
		{675AD0AA-FF4D-4E74-86A8-B15390A2744A}.Debug|x64.ActiveCfg = Debug|x64
		{675AD0AA-FF4D-4E74-86A8-B15390A2744A}.Debug|x64.Build.0 = Debug|x64
		{675AD0AA-FF4D-4E74-86A8-B15390A2744A}.Debug|x86.ActiveCfg = Debug|Win32
		{675AD0AA-FF4D-4E74-86A8-B15390A2744A}.Debug|x86.Build.0 = Debug|Win32
		{675AD0AA-FF4D-4E74-86A8-B15390A2744A}.Release|x64.ActiveCfg = Release|x64
		{675AD0AA-FF4D-4E74-86A8-B15390A2744A}.Release|x64.Build.0 = Release|x64
		{675AD0AA-FF4D-4E74-86A8-B15390A2744A}.Release|x86.ActiveCfg = Release|Win32
		{675AD0AA-FF4D-4E74-86A8-B15390A2744A}.Release|x86.Build.0 = Release|Win32
		{904F90DD-31B0-41AC-A716-4B5A91FEAE89}.Debug|x64.ActiveCfg = Debug|x64
		{904F90DD-31B0-41AC-A716-4B5A91FEAE89}.Debug|x64.Build.0 = Debug|x64
		{904F90DD-31B0-41AC-A716-4B5A91FEAE89}.Debug|x86.ActiveCfg = Debug|Win32
		{904F90DD-31B0-41AC-A716-4B5A91FEAE89}.Debug|x86.Build.0 = Debug|Win32
		{904F90DD-31B0-41AC-A716-4B5A91FEAE89}.Release|x64.ActiveCfg = Release|x64
		{904F90DD-31B0-41AC-A716-4B5A91FEAE89}.Release|x64.Build.0 = Release|x64
		{904F90DD-31B0-41AC-A716-4B5A91FEAE89}.Release|x86.ActiveCfg = Release|Win32
		{904F90DD-31B0-41AC-A716-4B5A91FEAE89}.Release|x86.Build.0 = Release|Win32
		{4C652477-0210-4A53-924A-7E10DC7EDAFB}.Debug|x64.ActiveCfg = Debug|x64
		{4C652477-0210-4A53-924A-7E10DC7EDAFB}.Debug|x64.Build.0 = Debug|x64
		{4C652477-0210-4A53-924A-7E10DC7EDAFB}.Debug|x86.ActiveCfg = Debug|Win32
		{4C652477-0210-4A53-924A-7E10DC7EDAFB}.Debug|x86.Build.0 = Debug|Win32
		{4C652477-0210-4A53-924A-7E10DC7EDAFB}.Release|x64.ActiveCfg = Release|x64
		{4C652477-0210-4A53-924A-7E10DC7EDAFB}.Release|x64.Build.0 = Release|x64
		{4C652477-0210-4A53-924A-7E10DC7EDAFB}.Release|x86.ActiveCfg = Release|Win32
		{4C652477-0210-4A53-924A-7E10DC7EDAFB}.Release|x86.Build.0 = Release|Win32
		{CE8C55AD-F157-49C8-86FD-FC9842FF99E1}.Debug|x64.ActiveCfg = Debug|x64
		{CE8C55AD-F157-49C8-86FD-FC9842FF99E1}.Debug|x64.Build.0 = Debug|x64
		{CE8C55AD-F157-49C8-86FD-FC9842FF99E1}.Debug|x86.ActiveCfg = Debug|Win32
		{CE8C55AD-F157-49C8-86FD-FC9842FF99E1}.Debug|x86.Build.0 = Debug|Win32
		{CE8C55AD-F157-49C8-86FD-FC9842FF99E1}.Release|x64.ActiveCfg = Release|x64
		{CE8C55AD-F157-49C8-86FD-FC9842FF99E1}.Release|x64.Build.0 = Release|x64
		{CE8C55AD-F157-49C8-86FD-FC9842FF99E1}.Release|x86.ActiveCfg = Release|Win32
		{CE8C55AD-F157-49C8-86FD-FC9842FF99E1}.Release|x86.Build.0 = Release|Win32
		{751CC4F2-58E4-4045-94E4-5E307A2E6304}.Debug|x64.ActiveCfg = Debug|x64
		{751CC4F2-58E4-4045-94E4-5E307A2E6304}.Debug|x64.Build.0 = Debug|x64
		{751CC4F2-58E4-4045-94E4-5E307A2E6304}.Debug|x86.ActiveCfg = Debug|Win32
		{751CC4F2-58E4-4045-94E4-5E307A2E6304}.Debug|x86.Build.0 = Debug|Win32
		{751CC4F2-58E4-4045-94E4-5E307A2E6304}.Release|x64.ActiveCfg = Release|x64
		{751CC4F2-58E4-4045-94E4-5E307A2E6304}.Release|x64.Build.0 = Release|x64
		{751CC4F2-58E4-4045-94E4-5E307A2E6304}.Release|x86.ActiveCfg = Release|Win32
		{751CC4F2-58E4-4045-94E4-5E307A2E6304}.Release|x86.Build.0 = Release|Win32
		{F4268F62-998E-4010-8372-206216DDC366}.Debug|x64.ActiveCfg = Debug|x64
		{F4268F62-998E-4010-8372-206216DDC366}.Debug|x64.Build.0 = Debug|x64
		{F4268F62-998E-4010-8372-206216DDC366}.Debug|x86.ActiveCfg = Debug|Win32
		{F4268F62-998E-4010-8372-206216DDC366}.Debug|x86.Build.0 = Debug|Win32
		{F4268F62-998E-4010-8372-206216DDC366}.Release|x64.ActiveCfg = Release|x64
		{F4268F62-998E-4010-8372-206216DDC366}.Release|x64.Build.0 = Release|x64
		{F4268F62-998E-4010-8372-206216DDC366}.Release|x86.ActiveCfg = Release|Win32
		{F4268F62-998E-4010-8372-206216DDC366}.Release|x86.Build.0 = Release|Win32
		{0603884D-4CA5-43B1-8193-32E86BAC6F75}.Debug|x64.ActiveCfg = Debug|x64
		{0603884D-4CA5-43B1-8193-32E86BAC6F75}.Debug|x64.Build.0 = Debug|x64
		{0603884D-4CA5-43B1-8193-32E86BAC6F75}.Debug|x86.ActiveCfg = Debug|Win32
		{0603884D-4CA5-43B1-8193-32E86BAC6F75}.Debug|x86.Build.0 = Debug|Win32
		{0603884D-4CA5-43B1-8193-32E86BAC6F75}.Release|x64.ActiveCfg = Release|x64
		{0603884D-4CA5-43B1-8193-32E86BAC6F75}.Release|x64.Build.0 = Release|x64
		{0603884D-4CA5-43B1-8193-32E86BAC6F75}.Release|x86.ActiveCfg = Release|Win32
		{0603884D-4CA5-43B1-8193-32E86BAC6F75}.Release|x86.Build.0 = Release|Win32
		{5E1FE410-6195-43AC-8B0E-B0B2398FFA03}.Debug|x64.ActiveCfg = Debug|x64
		{5E1FE410-6195-43AC-8B0E-B0B2398FFA03}.Debug|x64.Build.0 = Debug|x64
		{5E1FE410-6195-43AC-8B0E-B0B2398FFA03}.Debug|x86.ActiveCfg = Debug|Win32
		{5E1FE410-6195-43AC-8B0E-B0B2398FFA03}.Debug|x86.Build.0 = Debug|Win32
		{5E1FE410-6195-43AC-8B0E-B0B2398FFA03}.Release|x64.ActiveCfg = Release|x64
		{5E1FE410-6195-43AC-8B0E-B0B2398FFA03}.Release|x64.Build.0 = Release|x64
		{5E1FE410-6195-43AC-8B0E-B0B2398FFA03}.Release|x86.ActiveCfg = Release|Win32
		{5E1FE410-6195-43AC-8B0E-B0B2398FFA03}.Release|x86.Build.0 = Release|Win32
		{10DD0D0D-A2F8-4BB6-82A4-D2163E63AA00}.Debug|x64.ActiveCfg = Debug|x64
		{10DD0D0D-A2F8-4BB6-82A4-D2163E63AA00}.Debug|x64.Build.0 = Debug|x64
		{10DD0D0D-A2F8-4BB6-82A4-D2163E63AA00}.Debug|x86.ActiveCfg = Debug|Win32
		{10DD0D0D-A2F8-4BB6-82A4-D2163E63AA00}.Debug|x86.Build.0 = Debug|Win32
		{10DD0D0D-A2F8-4BB6-82A4-D2163E63AA00}.Release|x64.ActiveCfg = Release|x64
		{10DD0D0D-A2F8-4BB6-82A4-D2163E63AA00}.Release|x64.Build.0 = Release|x64
		{10DD0D0D-A2F8-4BB6-82A4-D2163E63AA00}.Release|x86.ActiveCfg = Release|Win32
		{10DD0D0D-A2F8-4BB6-82A4-D2163E63AA00}.Release|x86.Build.0 = Release|Win32
		{6C449456-69AF-41E3-8F51-88C4930F07E8}.Debug|x64.ActiveCfg = Debug|x64
		{6C449456-69AF-41E3-8F51-88C4930F07E8}.Debug|x64.Build.0 = Debug|x64
		{6C449456-69AF-41E3-8F51-88C4930F07E8}.Debug|x86.ActiveCfg = Debug|Win32
		{6C449456-69AF-41E3-8F51-88C4930F07E8}.Debug|x86.Build.0 = Debug|Win32
		{6C449456-69AF-41E3-8F51-88C4930F07E8}.Release|x64.ActiveCfg = Release|x64
		{6C449456-69AF-41E3-8F51-88C4930F07E8}.Release|x64.Build.0 = Release|x64
		{6C449456-69AF-41E3-8F51-88C4930F07E8}.Release|x86.ActiveCfg = Release|Win32
		{6C449456-69AF-41E3-8F51-88C4930F07E8}.Release|x86.Build.0 = Release|Win32
		{56D572D0-57F4-46A1-AC56-F37780A70259}.Debug|x64.ActiveCfg = Debug|x64
		{56D572D0-57F4-46A1-AC56-F37780A70259}.Debug|x64.Build.0 = Debug|x64
		{56D572D0-57F4-46A1-AC56-F37780A70259}.Debug|x86.ActiveCfg = Debug|Win32
		{56D572D0-57F4-46A1-AC56-F37780A70259}.Debug|x86.Build.0 = Debug|Win32
		{56D572D0-57F4-46A1-AC56-F37780A70259}.Release|x64.ActiveCfg = Release|x64
		{56D572D0-57F4-46A1-AC56-F37780A70259}.Release|x64.Build.0 = Release|x64
		{56D572D0-57F4-46A1-AC56-F37780A70259}.Release|x86.ActiveCfg = Release|Win32
		{56D572D0-57F4-46A1-AC56-F37780A70259}.Release|x86.Build.0 = Release|Win32
		{41BF450B-6A42-4EF6-8914-979C933831F1}.Debug|x64.ActiveCfg = Debug|x64
		{41BF450B-6A42-4EF6-8914-979C933831F1}.Debug|x64.Build.0 = Debug|x64
		{41BF450B-6A42-4EF6-8914-979C933831F1}.Debug|x86.ActiveCfg = Debug|Win32
		{41BF450B-6A42-4EF6-8914-979C933831F1}.Debug|x86.Build.0 = Debug|Win32
		{41BF450B-6A42-4EF6-8914-979C933831F1}.Release|x64.ActiveCfg = Release|x64
		{41BF450B-6A42-4EF6-8914-979C933831F1}.Release|x64.Build.0 = Release|x64
		{41BF450B-6A42-4EF6-8914-979C933831F1}.Release|x86.ActiveCfg = Release|Win32
		{41BF450B-6A42-4EF6-8914-979C933831F1}.Release|x86.Build.0 = Release|Win32
		{7F8A90C8-CE65-454E-ABD8-B6DB946A2BA8}.Debug|x64.ActiveCfg = Debug|x64
		{7F8A90C8-CE65-454E-ABD8-B6DB946A2BA8}.Debug|x64.Build.0 = Debug|x64
		{7F8A90C8-CE65-454E-ABD8-B6DB946A2BA8}.Debug|x86.ActiveCfg = Debug|Win32
		{7F8A90C8-CE65-454E-ABD8-B6DB946A2BA8}.Debug|x86.Build.0 = Debug|Win32
		{7F8A90C8-CE65-454E-ABD8-B6DB946A2BA8}.Release|x64.ActiveCfg = Release|x64
		{7F8A90C8-CE65-454E-ABD8-B6DB946A2BA8}.Release|x64.Build.0 = Release|x64
		{7F8A90C8-CE65-454E-ABD8-B6DB946A2BA8}.Release|x86.ActiveCfg = Release|Win32
		{7F8A90C8-CE65-454E-ABD8-B6DB946A2BA8}.Release|x86.Build.0 = Release|Win32
		{13F4F168-44BD-465D-9228-8E45415C3A9E}.Debug|x64.ActiveCfg = Debug|x64
		{13F4F168-44BD-465D-9228-8E45415C3A9E}.Debug|x64.Build.0 = Debug|x64
		{13F4F168-44BD-465D-9228-8E45415C3A9E}.Debug|x86.ActiveCfg = Debug|Win32
		{13F4F168-44BD-465D-9228-8E45415C3A9E}.Debug|x86.Build.0 = Debug|Win32
		{13F4F168-44BD-465D-9228-8E45415C3A9E}.Release|x64.ActiveCfg = Release|x64
		{13F4F168-44BD-465D-9228-8E45415C3A9E}.Release|x64.Build.0 = Release|x64
		{13F4F168-44BD-465D-9228-8E45415C3A9E}.Release|x86.ActiveCfg = Release|Win32
		{13F4F168-44BD-465D-9228-8E45415C3A9E}.Release|x86.Build.0 = Release|Win32
		{DCB3BF20-E9CF-44B4-902A-FD0F114DCC12}.Debug|x64.ActiveCfg = Debug|x64
		{DCB3BF20-E9CF-44B4-902A-FD0F114DCC12}.Debug|x64.Build.0 = Debug|x64
		{DCB3BF20-E9CF-44B4-902A-FD0F114DCC12}.Debug|x86.ActiveCfg = Debug|Win32
		{DCB3BF20-E9CF-44B4-902A-FD0F114DCC12}.Debug|x86.Build.0 = Debug|Win32
		{DCB3BF20-E9CF-44B4-902A-FD0F114DCC12}.Release|x64.ActiveCfg = Release|x64
		{DCB3BF20-E9CF-44B4-902A-FD0F114DCC12}.Release|x64.Build.0 = Release|x64
		{DCB3BF20-E9CF-44B4-902A-FD0F114DCC12}.Release|x86.ActiveCfg = Release|Win32
		{DCB3BF20-E9CF-44B4-902A-FD0F114DCC12}.Release|x86.Build.0 = Release|Win32
		{9C272B17-442F-4AD6-96C7-35A418DD7F2F}.Debug|x64.ActiveCfg = Debug|x64
		{9C272B17-442F-4AD6-96C7-35A418DD7F2F}.Debug|x64.Build.0 = Debug|x64
		{9C272B17-442F-4AD6-96C7-35A418DD7F2F}.Debug|x86.ActiveCfg = Debug|Win32
		{9C272B17-442F-4AD6-96C7-35A418DD7F2F}.Debug|x86.Build.0 = Debug|Win32
		{9C272B17-442F-4AD6-96C7-35A418DD7F2F}.Release|x64.ActiveCfg = Release|x64
		{9C272B17-442F-4AD6-96C7-35A418DD7F2F}.Release|x64.Build.0 = Release|x64
		{9C272B17-442F-4AD6-96C7-35A418DD7F2F}.Release|x86.ActiveCfg = Release|Win32
		{9C272B17-442F-4AD6-96C7-35A418DD7F2F}.Release|x86.Build.0 = Release|Win32
		{2A395D7B-902E-421C-889D-A7F0FA307B39}.Debug|x64.ActiveCfg = Debug|x64
		{2A395D7B-902E-421C-889D-A7F0FA307B39}.Debug|x64.Build.0 = Debug|x64
		{2A395D7B-902E-421C-889D-A7F0FA307B39}.Debug|x86.ActiveCfg = Debug|Win32
		{2A395D7B-902E-421C-889D-A7F0FA307B39}.Debug|x86.Build.0 = Debug|Win32
		{2A395D7B-902E-421C-889D-A7F0FA307B39}.Release|x64.ActiveCfg = Release|x64
		{2A395D7B-902E-421C-889D-A7F0FA307B39}.Release|x64.Build.0 = Release|x64
		{2A395D7B-902E-421C-889D-A7F0FA307B39}.Release|x86.ActiveCfg = Release|Win32
		{2A395D7B-902E-421C-889D-A7F0FA307B39}.Release|x86.Build.0 = Release|Win32
		{2E0F6350-2F33-4E4B-93E7-E6475BB263B6}.Debug|x64.ActiveCfg = Debug|x64
		{2E0F6350-2F33-4E4B-93E7-E6475BB263B6}.Debug|x64.Build.0 = Debug|x64
		{2E0F6350-2F33-4E4B-93E7-E6475BB263B6}.Debug|x86.ActiveCfg = Debug|Win32
		{2E0F6350-2F33-4E4B-93E7-E6475BB263B6}.Debug|x86.Build.0 = Debug|Win32
		{2E0F6350-2F33-4E4B-93E7-E6475BB263B6}.Release|x64.ActiveCfg = Release|x64
		{2E0F6350-2F33-4E4B-93E7-E6475BB263B6}.Release|x64.Build.0 = Release|x64
		{2E0F6350-2F33-4E4B-93E7-E6475BB263B6}.Release|x86.ActiveCfg = Release|Win32
		{2E0F6350-2F33-4E4B-93E7-E6475BB263B6}.Release|x86.Build.0 = Release|Win32
		{606DBC1E-9B38-4739-BD53-406C4ED0B26C}.Debug|x64.ActiveCfg = Debug|x64
		{606DBC1E-9B38-4739-BD53-406C4ED0B26C}.Debug|x64.Build.0 = Debug|x64
		{606DBC1E-9B38-4739-BD53-406C4ED0B26C}.Debug|x86.ActiveCfg = Debug|Win32
		{606DBC1E-9B38-4739-BD53-406C4ED0B26C}.Debug|x86.Build.0 = Debug|Win32
		{606DBC1E-9B38-4739-BD53-406C4ED0B26C}.Release|x64.ActiveCfg = Release|x64
		{606DBC1E-9B38-4739-BD53-406C4ED0B26C}.Release|x64.Build.0 = Release|x64
		{606DBC1E-9B38-4739-BD53-406C4ED0B26C}.Release|x86.ActiveCfg = Release|Win32
		{606DBC1E-9B38-4739-BD53-406C4ED0B26C}.Release|x86.Build.0 = Release|Win32
		{DB3AFB85-6E9A-4776-AF88-5B13058C12C7}.Debug|x64.ActiveCfg = Debug|x64
		{DB3AFB85-6E9A-4776-AF88-5B13058C12C7}.Debug|x64.Build.0 = Debug|x64
		{DB3AFB85-6E9A-4776-AF88-5B13058C12C7}.Debug|x86.ActiveCfg = Debug|Win32
		{DB3AFB85-6E9A-4776-AF88-5B13058C12C7}.Debug|x86.Build.0 = Debug|Win32
		{DB3AFB85-6E9A-4776-AF88-5B13058C12C7}.Release|x64.ActiveCfg = Release|x64
		{DB3AFB85-6E9A-4776-AF88-5B13058C12C7}.Release|x64.Build.0 = Release|x64
		{DB3AFB85-6E9A-4776-AF88-5B13058C12C7}.Release|x86.ActiveCfg = Release|Win32
		{DB3AFB85-6E9A-4776-AF88-5B13058C12C7}.Release|x86.Build.0 = Release|Win32
		{B906A226-B9CC-4DE6-AAB2-61333D395AB8}.Debug|x64.ActiveCfg = Debug|x64
		{B906A226-B9CC-4DE6-AAB2-61333D395AB8}.Debug|x64.Build.0 = Debug|x64
		{B906A226-B9CC-4DE6-AAB2-61333D395AB8}.Debug|x86.ActiveCfg = Debug|Win32
		{B906A226-B9CC-4DE6-AAB2-61333D395AB8}.Debug|x86.Build.0 = Debug|Win32
		{B906A226-B9CC-4DE6-AAB2-61333D395AB8}.Release|x64.ActiveCfg = Release|x64
		{B906A226-B9CC-4DE6-AAB2-61333D395AB8}.Release|x64.Build.0 = Release|x64
		{B906A226-B9CC-4DE6-AAB2-61333D395AB8}.Release|x86.ActiveCfg = Release|Win32
		{B906A226-B9CC-4DE6-AAB2-61333D395AB8}.Release|x86.Build.0 = Release|Win32
		{7E5BB013-F0E0-4556-AF32-B26C31E1268B}.Debug|x64.ActiveCfg = Debug|x64
		{7E5BB013-F0E0-4556-AF32-B26C31E1268B}.Debug|x64.Build.0 = Debug|x64
		{7E5BB013-F0E0-4556-AF32-B26C31E1268B}.Debug|x86.ActiveCfg = Debug|Win32
		{7E5BB013-F0E0-4556-AF32-B26C31E1268B}.Debug|x86.Build.0 = Debug|Win32
		{7E5BB013-F0E0-4556-AF32-B26C31E1268B}.Release|x64.ActiveCfg = Release|x64
		{7E5BB013-F0E0-4556-AF32-B26C31E1268B}.Release|x64.Build.0 = Release|x64
		{7E5BB013-F0E0-4556-AF32-B26C31E1268B}.Release|x86.ActiveCfg = Release|Win32
		{7E5BB013-F0E0-4556-AF32-B26C31E1268B}.Release|x86.Build.0 = Release|Win32
		{E7542660-4521-4B38-8DDD-2CA87F60162B}.Debug|x64.ActiveCfg = Debug|x64
		{E7542660-4521-4B38-8DDD-2CA87F60162B}.Debug|x64.Build.0 = Debug|x64
		{E7542660-4521-4B38-8DDD-2CA87F60162B}.Debug|x86.ActiveCfg = Debug|Win32
		{E7542660-4521-4B38-8DDD-2CA87F60162B}.Debug|x86.Build.0 = Debug|Win32
		{E7542660-4521-4B38-8DDD-2CA87F60162B}.Release|x64.ActiveCfg = Release|x64
		{E7542660-4521-4B38-8DDD-2CA87F60162B}.Release|x64.Build.0 = Release|x64
		{E7542660-4521-4B38-8DDD-2CA87F60162B}.Release|x86.ActiveCfg = Release|Win32
		{E7542660-4521-4B38-8DDD-2CA87F60162B}.Release|x86.Build.0 = Release|Win32
		{6C3E8ACC-B6CD-4FEC-8F9B-CA0C1DD020C9}.Debug|x64.ActiveCfg = Debug|x64
		{6C3E8ACC-B6CD-4FEC-8F9B-CA0C1DD020C9}.Debug|x64.Build.0 = Debug|x64
		{6C3E8ACC-B6CD-4FEC-8F9B-CA0C1DD020C9}.Debug|x86.ActiveCfg = Debug|Win32
		{6C3E8ACC-B6CD-4FEC-8F9B-CA0C1DD020C9}.Debug|x86.Build.0 = Debug|Win32
		{6C3E8ACC-B6CD-4FEC-8F9B-CA0C1DD020C9}.Release|x64.ActiveCfg = Release|x64
		{6C3E8ACC-B6CD-4FEC-8F9B-CA0C1DD020C9}.Release|x64.Build.0 = Release|x64
		{6C3E8ACC-B6CD-4FEC-8F9B-CA0C1DD020C9}.Release|x86.ActiveCfg = Release|Win32
		{6C3E8ACC-B6CD-4FEC-8F9B-CA0C1DD020C9}.Release|x86.Build.0 = Release|Win32
		{63698CF0-FD4E-48C8-9200-605644674672}.Debug|x64.ActiveCfg = Debug|x64
		{63698CF0-FD4E-48C8-9200-605644674672}.Debug|x64.Build.0 = Debug|x64
		{63698CF0-FD4E-48C8-9200-605644674672}.Debug|x86.ActiveCfg = Debug|Win32
		{63698CF0-FD4E-48C8-9200-605644674672}.Debug|x86.Build.0 = Debug|Win32
		{63698CF0-FD4E-48C8-9200-605644674672}.Release|x64.ActiveCfg = Release|x64
		{63698CF0-FD4E-48C8-9200-605644674672}.Release|x64.Build.0 = Release|x64
		{63698CF0-FD4E-48C8-9200-605644674672}.Release|x86.ActiveCfg = Release|Win32
		{63698CF0-FD4E-48C8-9200-605644674672}.Release|x86.Build.0 = Release|Win32
		{00944719-33B8-4C04-8A42-C7538485734C}.Debug|x64.ActiveCfg = Debug|x64
		{00944719-33B8-4C04-8A42-C7538485734C}.Debug|x64.Build.0 = Debug|x64
		{00944719-33B8-4C04-8A42-C7538485734C}.Debug|x86.ActiveCfg = Debug|Win32
		{00944719-33B8-4C04-8A42-C7538485734C}.Debug|x86.Build.0 = Debug|Win32
		{00944719-33B8-4C04-8A42-C7538485734C}.Release|x64.ActiveCfg = Release|x64
		{00944719-33B8-4C04-8A42-C7538485734C}.Release|x64.Build.0 = Release|x64
		{00944719-33B8-4C04-8A42-C7538485734C}.Release|x86.ActiveCfg = Release|Win32
		{00944719-33B8-4C04-8A42-C7538485734C}.Release|x86.Build.0 = Release|Win32
		{4F363976-1CDC-4E64-A573-AE8C89BAFFF3}.Debug|x64.ActiveCfg = Debug|x64
		{4F363976-1CDC-4E64-A573-AE8C89BAFFF3}.Debug|x64.Build.0 = Debug|x64
		{4F363976-1CDC-4E64-A573-AE8C89BAFFF3}.Debug|x86.ActiveCfg = Debug|Win32
		{4F363976-1CDC-4E64-A573-AE8C89BAFFF3}.Debug|x86.Build.0 = Debug|Win32
		{4F363976-1CDC-4E64-A573-AE8C89BAFFF3}.Release|x64.ActiveCfg = Release|x64
		{4F363976-1CDC-4E64-A573-AE8C89BAFFF3}.Release|x64.Build.0 = Release|x64
		{4F363976-1CDC-4E64-A573-AE8C89BAFFF3}.Release|x86.ActiveCfg = Release|Win32
		{4F363976-1CDC-4E64-A573-AE8C89BAFFF3}.Release|x86.Build.0 = Release|Win32
		{7534C019-A214-449A-ACE1-0A2C6693152F}.Debug|x64.ActiveCfg = Debug|x64
		{7534C019-A214-449A-ACE1-0A2C6693152F}.Debug|x64.Build.0 = Debug|x64
		{7534C019-A214-449A-ACE1-0A2C6693152F}.Debug|x86.ActiveCfg = Debug|Win32
		{7534C019-A214-449A-ACE1-0A2C6693152F}.Debug|x86.Build.0 = Debug|Win32
		{7534C019-A214-449A-ACE1-0A2C6693152F}.Release|x64.ActiveCfg = Release|x64
		{7534C019-A214-449A-ACE1-0A2C6693152F}.Release|x64.Build.0 = Release|x64
		{7534C019-A214-449A-ACE1-0A2C6693152F}.Release|x86.ActiveCfg = Release|Win32
		{7534C019-A214-449A-ACE1-0A2C6693152F}.Release|x86.Build.0 = Release|Win32
		{0180220F-CAB0-49B0-86E1-F514B03822AC}.Debug|x64.ActiveCfg = Debug|x64
		{0180220F-CAB0-49B0-86E1-F514B03822AC}.Debug|x64.Build.0 = Debug|x64
		{0180220F-CAB0-49B0-86E1-F514B03822AC}.Debug|x86.ActiveCfg = Debug|Win32
		{0180220F-CAB0-49B0-86E1-F514B03822AC}.Debug|x86.Build.0 = Debug|Win32
		{0180220F-CAB0-49B0-86E1-F514B03822AC}.Release|x64.ActiveCfg = Release|x64
		{0180220F-CAB0-49B0-86E1-F514B03822AC}.Release|x64.Build.0 = Release|x64
		{0180220F-CAB0-49B0-86E1-F514B03822AC}.Release|x86.ActiveCfg = Release|Win32
		{0180220F-CAB0-49B0-86E1-F514B03822AC}.Release|x86.Build.0 = Release|Win32
		{74B0B42E-192F-471F-AC17-2E7C798B0CB7}.Debug|x64.ActiveCfg = Debug|x64
		{74B0B42E-192F-471F-AC17-2E7C798B0CB7}.Debug|x64.Build.0 = Debug|x64
		{74B0B42E-192F-471F-AC17-2E7C798B0CB7}.Debug|x86.ActiveCfg = Debug|Win32
		{74B0B42E-192F-471F-AC17-2E7C798B0CB7}.Debug|x86.Build.0 = Debug|Win32
		{74B0B42E-192F-471F-AC17-2E7C798B0CB7}.Release|x64.ActiveCfg = Release|x64
		{74B0B42E-192F-471F-AC17-2E7C798B0CB7}.Release|x64.Build.0 = Release|x64
		{74B0B42E-192F-471F-AC17-2E7C798B0CB7}.Release|x86.ActiveCfg = Release|Win32
		{74B0B42E-192F-471F-AC17-2E7C798B0CB7}.Release|x86.Build.0 = Release|Win32
		{AD667772-2D89-4326-90DF-7597DD2E40E1}.Debug|x64.ActiveCfg = Debug|x64
		{AD667772-2D89-4326-90DF-7597DD2E40E1}.Debug|x64.Build.0 = Debug|x64
		{AD667772-2D89-4326-90DF-7597DD2E40E1}.Debug|x86.ActiveCfg = Debug|Win32
		{AD667772-2D89-4326-90DF-7597DD2E40E1}.Debug|x86.Build.0 = Debug|Win32
		{AD667772-2D89-4326-90DF-7597DD2E40E1}.Release|x64.ActiveCfg = Release|x64
		{AD667772-2D89-4326-90DF-7597DD2E40E1}.Release|x64.Build.0 = Release|x64
		{AD667772-2D89-4326-90DF-7597DD2E40E1}.Release|x86.ActiveCfg = Release|Win32
		{AD667772-2D89-4326-90DF-7597DD2E40E1}.Release|x86.Build.0 = Release|Win32
		{0031809F-4B90-4565-9C10-75D5B0E3CA1E}.Debug|x64.ActiveCfg = Debug|x64
		{0031809F-4B90-4565-9C10-75D5B0E3CA1E}.Debug|x64.Build.0 = Debug|x64
		{0031809F-4B90-4565-9C10-75D5B0E3CA1E}.Debug|x86.ActiveCfg = Debug|Win32
		{0031809F-4B90-4565-9C10-75D5B0E3CA1E}.Debug|x86.Build.0 = Debug|Win32
		{0031809F-4B90-4565-9C10-75D5B0E3CA1E}.Release|x64.ActiveCfg = Release|x64
		{0031809F-4B90-4565-9C10-75D5B0E3CA1E}.Release|x64.Build.0 = Release|x64
		{0031809F-4B90-4565-9C10-75D5B0E3CA1E}.Release|x86.ActiveCfg = Release|Win32
		{0031809F-4B90-4565-9C10-75D5B0E3CA1E}.Release|x86.Build.0 = Release|Win32
		{1EAFC25B-68BF-4B29-8A44-3BECBE12947F}.Debug|x64.ActiveCfg = Debug|x64
		{1EAFC25B-68BF-4B29-8A44-3BECBE12947F}.Debug|x64.Build.0 = Debug|x64
		{1EAFC25B-68BF-4B29-8A44-3BECBE12947F}.Debug|x86.ActiveCfg = Debug|Win32
		{1EAFC25B-68BF-4B29-8A44-3BECBE12947F}.Debug|x86.Build.0 = Debug|Win32
		{1EAFC25B-68BF-4B29-8A44-3BECBE12947F}.Release|x64.ActiveCfg = Release|x64
		{1EAFC25B-68BF-4B29-8A44-3BECBE12947F}.Release|x64.Build.0 = Release|x64
		{1EAFC25B-68BF-4B29-8A44-3BECBE12947F}.Release|x86.ActiveCfg = Release|Win32
		{1EAFC25B-68BF-4B29-8A44-3BECBE12947F}.Release|x86.Build.0 = Release|Win32
		{64426B65-C8DC-4AE9-9963-EA0E2664964D}.Debug|x64.ActiveCfg = Debug|x64
		{64426B65-C8DC-4AE9-9963-EA0E2664964D}.Debug|x64.Build.0 = Debug|x64
		{64426B65-C8DC-4AE9-9963-EA0E2664964D}.Debug|x86.ActiveCfg = Debug|Win32
		{64426B65-C8DC-4AE9-9963-EA0E2664964D}.Debug|x86.Build.0 = Debug|Win32
		{64426B65-C8DC-4AE9-9963-EA0E2664964D}.Release|x64.ActiveCfg = Release|x64
		{64426B65-C8DC-4AE9-9963-EA0E2664964D}.Release|x64.Build.0 = Release|x64
		{64426B65-C8DC-4AE9-9963-EA0E2664964D}.Release|x86.ActiveCfg = Release|Win32
		{64426B65-C8DC-4AE9-9963-EA0E2664964D}.Release|x86.Build.0 = Release|Win32
		{BB6ED1D0-473E-400E-930C-1212E75772C8}.Debug|x64.ActiveCfg = Debug|x64
		{BB6ED1D0-473E-400E-930C-1212E75772C8}.Debug|x64.Build.0 = Debug|x64
		{BB6ED1D0-473E-400E-930C-1212E75772C8}.Debug|x86.ActiveCfg = Debug|Win32
		{BB6ED1D0-473E-400E-930C-1212E75772C8}.Debug|x86.Build.0 = Debug|Win32
		{BB6ED1D0-473E-400E-930C-1212E75772C8}.Release|x64.ActiveCfg = Release|x64
		{BB6ED1D0-473E-400E-930C-1212E75772C8}.Release|x64.Build.0 = Release|x64
		{BB6ED1D0-473E-400E-930C-1212E75772C8}.Release|x86.ActiveCfg = Release|Win32
		{BB6ED1D0-473E-400E-930C-1212E75772C8}.Release|x86.Build.0 = Release|Win32
		{8A7E00FA-CF95-4A3E-806F-118C701B5E69}.Debug|x64.ActiveCfg = Debug|x64
		{8A7E00FA-CF95-4A3E-806F-118C701B5E69}.Debug|x64.Build.0 = Debug|x64
		{8A7E00FA-CF95-4A3E-806F-118C701B5E69}.Debug|x86.ActiveCfg = Debug|Win32
		{8A7E00FA-CF95-4A3E-806F-118C701B5E69}.Debug|x86.Build.0 = Debug|Win32
		{8A7E00FA-CF95-4A3E-806F-118C701B5E69}.Release|x64.ActiveCfg = Release|x64
		{8A7E00FA-CF95-4A3E-806F-118C701B5E69}.Release|x64.Build.0 = Release|x64
		{8A7E00FA-CF95-4A3E-806F-118C701B5E69}.Release|x86.ActiveCfg = Release|Win32
		{8A7E00FA-CF95-4A3E-806F-118C701B5E69}.Release|x86.Build.0 = Release|Win32
		{1CAC91EF-9CA3-44E1-887A-F9D2EFBB7886}.Debug|x64.ActiveCfg = Debug|x64
		{1CAC91EF-9CA3-44E1-887A-F9D2EFBB7886}.Debug|x64.Build.0 = Debug|x64
		{1CAC91EF-9CA3-44E1-887A-F9D2EFBB7886}.Debug|x86.ActiveCfg = Debug|Win32
		{1CAC91EF-9CA3-44E1-887A-F9D2EFBB7886}.Debug|x86.Build.0 = Debug|Win32
		{1CAC91EF-9CA3-44E1-887A-F9D2EFBB7886}.Release|x64.ActiveCfg = Release|x64
		{1CAC91EF-9CA3-44E1-887A-F9D2EFBB7886}.Release|x64.Build.0 = Release|x64
		{1CAC91EF-9CA3-44E1-887A-F9D2EFBB7886}.Release|x86.ActiveCfg = Release|Win32
		{1CAC91EF-9CA3-44E1-887A-F9D2EFBB7886}.Release|x86.Build.0 = Release|Win32
		{86116EA5-8177-486F-8842-48CACBD88D58}.Debug|x64.ActiveCfg = Debug|x64
		{86116EA5-8177-486F-8842-48CACBD88D58}.Debug|x64.Build.0 = Debug|x64
		{86116EA5-8177-486F-8842-48CACBD88D58}.Debug|x86.ActiveCfg = Debug|Win32
		{86116EA5-8177-486F-8842-48CACBD88D58}.Debug|x86.Build.0 = Debug|Win32
		{86116EA5-8177-486F-8842-48CACBD88D58}.Release|x64.ActiveCfg = Release|x64
		{86116EA5-8177-486F-8842-48CACBD88D58}.Release|x64.Build.0 = Release|x64
		{86116EA5-8177-486F-8842-48CACBD88D58}.Release|x86.ActiveCfg = Release|Win32
		{86116EA5-8177-486F-8842-48CACBD88D58}.Release|x86.Build.0 = Release|Win32
		{C00A4CE1-AC00-44C1-A55C-8050F53FD618}.Debug|x64.ActiveCfg = Debug|x64
		{C00A4CE1-AC00-44C1-A55C-8050F53FD618}.Debug|x64.Build.0 = Debug|x64
		{C00A4CE1-AC00-44C1-A55C-8050F53FD618}.Debug|x86.ActiveCfg = Debug|Win32
		{C00A4CE1-AC00-44C1-A55C-8050F53FD618}.Debug|x86.Build.0 = Debug|Win32
		{C00A4CE1-AC00-44C1-A55C-8050F53FD618}.Release|x64.ActiveCfg = Release|x64
		{C00A4CE1-AC00-44C1-A55C-8050F53FD618}.Release|x64.Build.0 = Release|x64
		{C00A4CE1-AC00-44C1-A55C-8050F53FD618}.Release|x86.ActiveCfg = Release|Win32
		{C00A4CE1-AC00-44C1-A55C-8050F53FD618}.Release|x86.Build.0 = Release|Win32
		{D6526129-5E8A-4D3B-8D81-E503E96DD001}.Debug|x64.ActiveCfg = Debug|x64
		{D6526129-5E8A-4D3B-8D81-E503E96DD001}.Debug|x64.Build.0 = Debug|x64
		{D6526129-5E8A-4D3B-8D81-E503E96DD001}.Debug|x86.ActiveCfg = Debug|Win32
		{D6526129-5E8A-4D3B-8D81-E503E96DD001}.Debug|x86.Build.0 = Debug|Win32
		{D6526129-5E8A-4D3B-8D81-E503E96DD001}.Release|x64.ActiveCfg = Release|x64
		{D6526129-5E8A-4D3B-8D81-E503E96DD001}.Release|x64.Build.0 = Release|x64
		{D6526129-5E8A-4D3B-8D81-E503E96DD001}.Release|x86.ActiveCfg = Release|Win32
		{D6526129-5E8A-4D3B-8D81-E503E96DD001}.Release|x86.Build.0 = Release|Win32
		{DD6BF945-CCCA-435C-BEE9-EF3C02F70BDC}.Debug|x64.ActiveCfg = Debug|x64
		{DD6BF945-CCCA-435C-BEE9-EF3C02F70BDC}.Debug|x64.Build.0 = Debug|x64
		{DD6BF945-CCCA-435C-BEE9-EF3C02F70BDC}.Debug|x86.ActiveCfg = Debug|Win32
		{DD6BF945-CCCA-435C-BEE9-EF3C02F70BDC}.Debug|x86.Build.0 = Debug|Win32
		{DD6BF945-CCCA-435C-BEE9-EF3C02F70BDC}.Release|x64.ActiveCfg = Release|x64
		{DD6BF945-CCCA-435C-BEE9-EF3C02F70BDC}.Release|x64.Build.0 = Release|x64
		{DD6BF945-CCCA-435C-BEE9-EF3C02F70BDC}.Release|x86.ActiveCfg = Release|Win32
		{DD6BF945-CCCA-435C-BEE9-EF3C02F70BDC}.Release|x86.Build.0 = Release|Win32
		{953859A6-C9EA-4BA0-9661-3EEB6B0F2B06}.Debug|x64.ActiveCfg = Debug|x64
		{953859A6-C9EA-4BA0-9661-3EEB6B0F2B06}.Debug|x64.Build.0 = Debug|x64
		{953859A6-C9EA-4BA0-9661-3EEB6B0F2B06}.Debug|x86.ActiveCfg = Debug|Win32
		{953859A6-C9EA-4BA0-9661-3EEB6B0F2B06}.Debug|x86.Build.0 = Debug|Win32
		{953859A6-C9EA-4BA0-9661-3EEB6B0F2B06}.Release|x64.ActiveCfg = Release|x64
		{953859A6-C9EA-4BA0-9661-3EEB6B0F2B06}.Release|x64.Build.0 = Release|x64
		{953859A6-C9EA-4BA0-9661-3EEB6B0F2B06}.Release|x86.ActiveCfg = Release|Win32
		{953859A6-C9EA-4BA0-9661-3EEB6B0F2B06}.Release|x86.Build.0 = Release|Win32
		{C4576782-4E96-4EF3-BB87-2290435B04B6}.Debug|x64.ActiveCfg = Debug|x64
		{C4576782-4E96-4EF3-BB87-2290435B04B6}.Debug|x64.Build.0 = Debug|x64
		{C4576782-4E96-4EF3-BB87-2290435B04B6}.Debug|x86.ActiveCfg = Debug|Win32
		{C4576782-4E96-4EF3-BB87-2290435B04B6}.Debug|x86.Build.0 = Debug|Win32
		{C4576782-4E96-4EF3-BB87-2290435B04B6}.Release|x64.ActiveCfg = Release|x64
		{C4576782-4E96-4EF3-BB87-2290435B04B6}.Release|x64.Build.0 = Release|x64
		{C4576782-4E96-4EF3-BB87-2290435B04B6}.Release|x86.ActiveCfg = Release|Win32
		{C4576782-4E96-4EF3-BB87-2290435B04B6}.Release|x86.Build.0 = Release|Win32
		{4A6E1F37-1F77-436A-8E3A-EA697380D03D}.Debug|x64.ActiveCfg = Debug|x64
		{4A6E1F37-1F77-436A-8E3A-EA697380D03D}.Debug|x64.Build.0 = Debug|x64
		{4A6E1F37-1F77-436A-8E3A-EA697380D03D}.Debug|x86.ActiveCfg = Debug|Win32
		{4A6E1F37-1F77-436A-8E3A-EA697380D03D}.Debug|x86.Build.0 = Debug|Win32
		{4A6E1F37-1F77-436A-8E3A-EA697380D03D}.Release|x64.ActiveCfg = Release|x64
		{4A6E1F37-1F77-436A-8E3A-EA697380D03D}.Release|x64.Build.0 = Release|x64
		{4A6E1F37-1F77-436A-8E3A-EA697380D03D}.Release|x86.ActiveCfg = Release|Win32
		{4A6E1F37-1F77-436A-8E3A-EA697380D03D}.Release|x86.Build.0 = Release|Win32
		{61473DE2-A2AA-4C1D-93E5-22E0D3A4AED8}.Debug|x64.ActiveCfg = Debug|x64
		{61473DE2-A2AA-4C1D-93E5-22E0D3A4AED8}.Debug|x64.Build.0 = Debug|x64
		{61473DE2-A2AA-4C1D-93E5-22E0D3A4AED8}.Debug|x86.ActiveCfg = Debug|Win32
		{61473DE2-A2AA-4C1D-93E5-22E0D3A4AED8}.Debug|x86.Build.0 = Debug|Win32
		{61473DE2-A2AA-4C1D-93E5-22E0D3A4AED8}.Release|x64.ActiveCfg = Release|x64
		{61473DE2-A2AA-4C1D-93E5-22E0D3A4AED8}.Release|x64.Build.0 = Release|x64
		{61473DE2-A2AA-4C1D-93E5-22E0D3A4AED8}.Release|x86.ActiveCfg = Release|Win32
		{61473DE2-A2AA-4C1D-93E5-22E0D3A4AED8}.Release|x86.Build.0 = Release|Win32
		{D0E78C03-FBAA-45C1-A31C-A2FA97B5D3F0}.Debug|x64.ActiveCfg = Debug|x64
		{D0E78C03-FBAA-45C1-A31C-A2FA97B5D3F0}.Debug|x64.Build.0 = Debug|x64
		{D0E78C03-FBAA-45C1-A31C-A2FA97B5D3F0}.Debug|x86.ActiveCfg = Debug|Win32
		{D0E78C03-FBAA-45C1-A31C-A2FA97B5D3F0}.Debug|x86.Build.0 = Debug|Win32
		{D0E78C03-FBAA-45C1-A31C-A2FA97B5D3F0}.Release|x64.ActiveCfg = Release|x64
		{D0E78C03-FBAA-45C1-A31C-A2FA97B5D3F0}.Release|x64.Build.0 = Release|x64
		{D0E78C03-FBAA-45C1-A31C-A2FA97B5D3F0}.Release|x86.ActiveCfg = Release|Win32
		{D0E78C03-FBAA-45C1-A31C-A2FA97B5D3F0}.Release|x86.Build.0 = Release|Win32
		{770FEE13-E8DB-4CE8-B2EF-FC2C47B208AD}.Debug|x64.ActiveCfg = Debug|x64
		{770FEE13-E8DB-4CE8-B2EF-FC2C47B208AD}.Debug|x64.Build.0 = Debug|x64
		{770FEE13-E8DB-4CE8-B2EF-FC2C47B208AD}.Debug|x86.ActiveCfg = Debug|Win32
		{770FEE13-E8DB-4CE8-B2EF-FC2C47B208AD}.Debug|x86.Build.0 = Debug|Win32
		{770FEE13-E8DB-4CE8-B2EF-FC2C47B208AD}.Release|x64.ActiveCfg = Release|x64
		{770FEE13-E8DB-4CE8-B2EF-FC2C47B208AD}.Release|x64.Build.0 = Release|x64
		{770FEE13-E8DB-4CE8-B2EF-FC2C47B208AD}.Release|x86.ActiveCfg = Release|Win32
		{770FEE13-E8DB-4CE8-B2EF-FC2C47B208AD}.Release|x86.Build.0 = Release|Win32
		{A3723789-6C05-4E97-8E09-195E433B53B9}.Debug|x64.ActiveCfg = Debug|x64
		{A3723789-6C05-4E97-8E09-195E433B53B9}.Debug|x64.Build.0 = Debug|x64
		{A3723789-6C05-4E97-8E09-195E433B53B9}.Debug|x86.ActiveCfg = Debug|Win32
		{A3723789-6C05-4E97-8E09-195E433B53B9}.Debug|x86.Build.0 = Debug|Win32
		{A3723789-6C05-4E97-8E09-195E433B53B9}.Release|x64.ActiveCfg = Release|x64
		{A3723789-6C05-4E97-8E09-195E433B53B9}.Release|x64.Build.0 = Release|x64
		{A3723789-6C05-4E97-8E09-195E433B53B9}.Release|x86.ActiveCfg = Release|Win32
		{A3723789-6C05-4E97-8E09-195E433B53B9}.Release|x86.Build.0 = Release|Win32
		{D89279B0-5922-45E0-A7A2-0B5F8B9C2BD7}.Debug|x64.ActiveCfg = Debug|x64
		{D89279B0-5922-45E0-A7A2-0B5F8B9C2BD7}.Debug|x64.Build.0 = Debug|x64
		{D89279B0-5922-45E0-A7A2-0B5F8B9C2BD7}.Debug|x86.ActiveCfg = Debug|Win32
		{D89279B0-5922-45E0-A7A2-0B5F8B9C2BD7}.Debug|x86.Build.0 = Debug|Win32
		{D89279B0-5922-45E0-A7A2-0B5F8B9C2BD7}.Release|x64.ActiveCfg = Release|x64
		{D89279B0-5922-45E0-A7A2-0B5F8B9C2BD7}.Release|x64.Build.0 = Release|x64
		{D89279B0-5922-45E0-A7A2-0B5F8B9C2BD7}.Release|x86.ActiveCfg = Release|Win32
		{D89279B0-5922-45E0-A7A2-0B5F8B9C2BD7}.Release|x86.Build.0 = Release|Win32
		{62202938-85CA-482F-A896-7A390C42730C}.Debug|x64.ActiveCfg = Debug|x64
		{62202938-85CA-482F-A896-7A390C42730C}.Debug|x64.Build.0 = Debug|x64
		{62202938-85CA-482F-A896-7A390C42730C}.Debug|x86.ActiveCfg = Debug|Win32
		{62202938-85CA-482F-A896-7A390C42730C}.Debug|x86.Build.0 = Debug|Win32
		{62202938-85CA-482F-A896-7A390C42730C}.Release|x64.ActiveCfg = Release|x64
		{62202938-85CA-482F-A896-7A390C42730C}.Release|x64.Build.0 = Release|x64
		{62202938-85CA-482F-A896-7A390C42730C}.Release|x86.ActiveCfg = Release|Win32
		{62202938-85CA-482F-A896-7A390C42730C}.Release|x86.Build.0 = Release|Win32
		{737DA17C-0CF6-46ED-BC25-8DEBFBF14C67}.Debug|x64.ActiveCfg = Debug|x64
		{737DA17C-0CF6-46ED-BC25-8DEBFBF14C67}.Debug|x64.Build.0 = Debug|x64
		{737DA17C-0CF6-46ED-BC25-8DEBFBF14C67}.Debug|x86.ActiveCfg = Debug|Win32
		{737DA17C-0CF6-46ED-BC25-8DEBFBF14C67}.Debug|x86.Build.0 = Debug|Win32
		{737DA17C-0CF6-46ED-BC25-8DEBFBF14C67}.Release|x64.ActiveCfg = Release|x64
		{737DA17C-0CF6-46ED-BC25-8DEBFBF14C67}.Release|x64.Build.0 = Release|x64
		{737DA17C-0CF6-46ED-BC25-8DEBFBF14C67}.Release|x86.ActiveCfg = Release|Win32
		{737DA17C-0CF6-46ED-BC25-8DEBFBF14C67}.Release|x86.Build.0 = Release|Win32
		{B6DB9A46-BA13-487C-B79F-CECF17DC0B17}.Debug|x64.ActiveCfg = Debug|x64
		{B6DB9A46-BA13-487C-B79F-CECF17DC0B17}.Debug|x64.Build.0 = Debug|x64
		{B6DB9A46-BA13-487C-B79F-CECF17DC0B17}.Debug|x86.ActiveCfg = Debug|Win32
		{B6DB9A46-BA13-487C-B79F-CECF17DC0B17}.Debug|x86.Build.0 = Debug|Win32
		{B6DB9A46-BA13-487C-B79F-CECF17DC0B17}.Release|x64.ActiveCfg = Release|x64
		{B6DB9A46-BA13-487C-B79F-CECF17DC0B17}.Release|x64.Build.0 = Release|x64
		{B6DB9A46-BA13-487C-B79F-CECF17DC0B17}.Release|x86.ActiveCfg = Release|Win32
		{B6DB9A46-BA13-487C-B79F-CECF17DC0B17}.Release|x86.Build.0 = Release|Win32
		{34EAD017-3E5A-4923-9E23-A5E8BA62A420}.Debug|x64.ActiveCfg = Debug|x64
		{34EAD017-3E5A-4923-9E23-A5E8BA62A420}.Debug|x64.Build.0 = Debug|x64
		{34EAD017-3E5A-4923-9E23-A5E8BA62A420}.Debug|x86.ActiveCfg = Debug|Win32
		{34EAD017-3E5A-4923-9E23-A5E8BA62A420}.Debug|x86.Build.0 = Debug|Win32
		{34EAD017-3E5A-4923-9E23-A5E8BA62A420}.Release|x64.ActiveCfg = Release|x64
		{34EAD017-3E5A-4923-9E23-A5E8BA62A420}.Release|x64.Build.0 = Release|x64
		{34EAD017-3E5A-4923-9E23-A5E8BA62A420}.Release|x86.ActiveCfg = Release|Win32
		{34EAD017-3E5A-4923-9E23-A5E8BA62A420}.Release|x86.Build.0 = Release|Win32
		{7FB9979A-EF45-41DE-9AAF-00EA1AC5CB8E}.Debug|x64.ActiveCfg = Debug|x64
		{7FB9979A-EF45-41DE-9AAF-00EA1AC5CB8E}.Debug|x64.Build.0 = Debug|x64
		{7FB9979A-EF45-41DE-9AAF-00EA1AC5CB8E}.Debug|x86.ActiveCfg = Debug|Win32
		{7FB9979A-EF45-41DE-9AAF-00EA1AC5CB8E}.Debug|x86.Build.0 = Debug|Win32
		{7FB9979A-EF45-41DE-9AAF-00EA1AC5CB8E}.Release|x64.ActiveCfg = Release|x64
		{7FB9979A-EF45-41DE-9AAF-00EA1AC5CB8E}.Release|x64.Build.0 = Release|x64
		{7FB9979A-EF45-41DE-9AAF-00EA1AC5CB8E}.Release|x86.ActiveCfg = Release|Win32
		{7FB9979A-EF45-41DE-9AAF-00EA1AC5CB8E}.Release|x86.Build.0 = Release|Win32
		{0A2083A2-B085-4C91-97C2-D589F859EBF3}.Debug|x64.ActiveCfg = Debug|x64
		{0A2083A2-B085-4C91-97C2-D589F859EBF3}.Debug|x64.Build.0 = Debug|x64
		{0A2083A2-B085-4C91-97C2-D589F859EBF3}.Debug|x86.ActiveCfg = Debug|Win32
		{0A2083A2-B085-4C91-97C2-D589F859EBF3}.Debug|x86.Build.0 = Debug|Win32
		{0A2083A2-B085-4C91-97C2-D589F859EBF3}.Release|x64.ActiveCfg = Release|x64
		{0A2083A2-B085-4C91-97C2-D589F859EBF3}.Release|x64.Build.0 = Release|x64
		{0A2083A2-B085-4C91-97C2-D589F859EBF3}.Release|x86.ActiveCfg = Release|Win32
		{0A2083A2-B085-4C91-97C2-D589F859EBF3}.Release|x86.Build.0 = Release|Win32
		{2BD03237-0C6F-4980-AB24-E4130664AB30}.Debug|x64.ActiveCfg = Debug|x64
		{2BD03237-0C6F-4980-AB24-E4130664AB30}.Debug|x64.Build.0 = Debug|x64
		{2BD03237-0C6F-4980-AB24-E4130664AB30}.Debug|x86.ActiveCfg = Debug|Win32
		{2BD03237-0C6F-4980-AB24-E4130664AB30}.Debug|x86.Build.0 = Debug|Win32
		{2BD03237-0C6F-4980-AB24-E4130664AB30}.Release|x64.ActiveCfg = Release|x64
		{2BD03237-0C6F-4980-AB24-E4130664AB30}.Release|x64.Build.0 = Release|x64
		{2BD03237-0C6F-4980-AB24-E4130664AB30}.Release|x86.ActiveCfg = Release|Win32
		{2BD03237-0C6F-4980-AB24-E4130664AB30}.Release|x86.Build.0 = Release|Win32
		{F6CD2FE6-E733-47FB-B067-106C00648DFD}.Debug|x64.ActiveCfg = Debug|x64
		{F6CD2FE6-E733-47FB-B067-106C00648DFD}.Debug|x64.Build.0 = Debug|x64
		{F6CD2FE6-E733-47FB-B067-106C00648DFD}.Debug|x86.ActiveCfg = Debug|Win32
		{F6CD2FE6-E733-47FB-B067-106C00648DFD}.Debug|x86.Build.0 = Debug|Win32
		{F6CD2FE6-E733-47FB-B067-106C00648DFD}.Release|x64.ActiveCfg = Release|x64
		{F6CD2FE6-E733-47FB-B067-106C00648DFD}.Release|x64.Build.0 = Release|x64
		{F6CD2FE6-E733-47FB-B067-106C00648DFD}.Release|x86.ActiveCfg = Release|Win32
		{F6CD2FE6-E733-47FB-B067-106C00648DFD}.Release|x86.Build.0 = Release|Win32
		{7BD4ADFD-C961-401F-9630-B715282D0DF9}.Debug|x64.ActiveCfg = Debug|x64
		{7BD4ADFD-C961-401F-9630-B715282D0DF9}.Debug|x64.Build.0 = Debug|x64
		{7BD4ADFD-C961-401F-9630-B715282D0DF9}.Debug|x86.ActiveCfg = Debug|Win32
		{7BD4ADFD-C961-401F-9630-B715282D0DF9}.Debug|x86.Build.0 = Debug|Win32
		{7BD4ADFD-C961-401F-9630-B715282D0DF9}.Release|x64.ActiveCfg = Release|x64
		{7BD4ADFD-C961-401F-9630-B715282D0DF9}.Release|x64.Build.0 = Release|x64
		{7BD4ADFD-C961-401F-9630-B715282D0DF9}.Release|x86.ActiveCfg = Release|Win32
		{7BD4ADFD-C961-401F-9630-B715282D0DF9}.Release|x86.Build.0 = Release|Win32
		{DD6A7C47-EA2F-43DF-9800-AE17E46A0B2E}.Debug|x64.ActiveCfg = Debug|x64
		{DD6A7C47-EA2F-43DF-9800-AE17E46A0B2E}.Debug|x64.Build.0 = Debug|x64
		{DD6A7C47-EA2F-43DF-9800-AE17E46A0B2E}.Debug|x86.ActiveCfg = Debug|Win32
		{DD6A7C47-EA2F-43DF-9800-AE17E46A0B2E}.Debug|x86.Build.0 = Debug|Win32
		{DD6A7C47-EA2F-43DF-9800-AE17E46A0B2E}.Release|x64.ActiveCfg = Release|x64
		{DD6A7C47-EA2F-43DF-9800-AE17E46A0B2E}.Release|x64.Build.0 = Release|x64
		{DD6A7C47-EA2F-43DF-9800-AE17E46A0B2E}.Release|x86.ActiveCfg = Release|Win32
		{DD6A7C47-EA2F-43DF-9800-AE17E46A0B2E}.Release|x86.Build.0 = Release|Win32
		{C0EE830C-7C5F-4484-AC29-8D455C3061D7}.Debug|x64.ActiveCfg = Debug|x64
		{C0EE830C-7C5F-4484-AC29-8D455C3061D7}.Debug|x64.Build.0 = Debug|x64
		{C0EE830C-7C5F-4484-AC29-8D455C3061D7}.Debug|x86.ActiveCfg = Debug|Win32
		{C0EE830C-7C5F-4484-AC29-8D455C3061D7}.Debug|x86.Build.0 = Debug|Win32
		{C0EE830C-7C5F-4484-AC29-8D455C3061D7}.Release|x64.ActiveCfg = Release|x64
		{C0EE830C-7C5F-4484-AC29-8D455C3061D7}.Release|x64.Build.0 = Release|x64
		{C0EE830C-7C5F-4484-AC29-8D455C3061D7}.Release|x86.ActiveCfg = Release|Win32
		{C0EE830C-7C5F-4484-AC29-8D455C3061D7}.Release|x86.Build.0 = Release|Win32
		{79C32B91-77B2-4E4E-992B-99EF6D01A807}.Debug|x64.ActiveCfg = Debug|x64
		{79C32B91-77B2-4E4E-992B-99EF6D01A807}.Debug|x64.Build.0 = Debug|x64
		{79C32B91-77B2-4E4E-992B-99EF6D01A807}.Debug|x86.ActiveCfg = Debug|Win32
		{79C32B91-77B2-4E4E-992B-99EF6D01A807}.Debug|x86.Build.0 = Debug|Win32
		{79C32B91-77B2-4E4E-992B-99EF6D01A807}.Release|x64.ActiveCfg = Release|x64
		{79C32B91-77B2-4E4E-992B-99EF6D01A807}.Release|x64.Build.0 = Release|x64
		{79C32B91-77B2-4E4E-992B-99EF6D01A807}.Release|x86.ActiveCfg = Release|Win32
		{79C32B91-77B2-4E4E-992B-99EF6D01A807}.Release|x86.Build.0 = Release|Win32
		{B5465B44-9167-481B-A35E-8AEA37B8ED66}.Debug|x64.ActiveCfg = Debug|x64
		{B5465B44-9167-481B-A35E-8AEA37B8ED66}.Debug|x64.Build.0 = Debug|x64
		{B5465B44-9167-481B-A35E-8AEA37B8ED66}.Debug|x86.ActiveCfg = Debug|Win32
		{B5465B44-9167-481B-A35E-8AEA37B8ED66}.Debug|x86.Build.0 = Debug|Win32
		{B5465B44-9167-481B-A35E-8AEA37B8ED66}.Release|x64.ActiveCfg = Release|x64
		{B5465B44-9167-481B-A35E-8AEA37B8ED66}.Release|x64.Build.0 = Release|x64
		{B5465B44-9167-481B-A35E-8AEA37B8ED66}.Release|x86.ActiveCfg = Release|Win32
		{B5465B44-9167-481B-A35E-8AEA37B8ED66}.Release|x86.Build.0 = Release|Win32
		{DC1632E2-EF78-463C-92DA-A28C9BD57F15}.Debug|x64.ActiveCfg = Debug|x64
		{DC1632E2-EF78-463C-92DA-A28C9BD57F15}.Debug|x64.Build.0 = Debug|x64
		{DC1632E2-EF78-463C-92DA-A28C9BD57F15}.Debug|x86.ActiveCfg = Debug|Win32
		{DC1632E2-EF78-463C-92DA-A28C9BD57F15}.Debug|x86.Build.0 = Debug|Win32
		{DC1632E2-EF78-463C-92DA-A28C9BD57F15}.Release|x64.ActiveCfg = Release|x64
		{DC1632E2-EF78-463C-92DA-A28C9BD57F15}.Release|x64.Build.0 = Release|x64
		{DC1632E2-EF78-463C-92DA-A28C9BD57F15}.Release|x86.ActiveCfg = Release|Win32
		{DC1632E2-EF78-463C-92DA-A28C9BD57F15}.Release|x86.Build.0 = Release|Win32
		{CA014D8C-C1A3-4C43-9E57-510800BA18D0}.Debug|x64.ActiveCfg = Debug|x64
		{CA014D8C-C1A3-4C43-9E57-510800BA18D0}.Debug|x64.Build.0 = Debug|x64
		{CA014D8C-C1A3-4C43-9E57-510800BA18D0}.Debug|x86.ActiveCfg = Debug|Win32
		{CA014D8C-C1A3-4C43-9E57-510800BA18D0}.Debug|x86.Build.0 = Debug|Win32
		{CA014D8C-C1A3-4C43-9E57-510800BA18D0}.Release|x64.ActiveCfg = Release|x64
		{CA014D8C-C1A3-4C43-9E57-510800BA18D0}.Release|x64.Build.0 = Release|x64
		{CA014D8C-C1A3-4C43-9E57-510800BA18D0}.Release|x86.ActiveCfg = Release|Win32
		{CA014D8C-C1A3-4C43-9E57-510800BA18D0}.Release|x86.Build.0 = Release|Win32
		{11553F26-57EE-4DB0-BBD5-23A5738D973D}.Debug|x64.ActiveCfg = Debug|x64
		{11553F26-57EE-4DB0-BBD5-23A5738D973D}.Debug|x64.Build.0 = Debug|x64
		{11553F26-57EE-4DB0-BBD5-23A5738D973D}.Debug|x86.ActiveCfg = Debug|Win32
		{11553F26-57EE-4DB0-BBD5-23A5738D973D}.Debug|x86.Build.0 = Debug|Win32
		{11553F26-57EE-4DB0-BBD5-23A5738D973D}.Release|x64.ActiveCfg = Release|x64
		{11553F26-57EE-4DB0-BBD5-23A5738D973D}.Release|x64.Build.0 = Release|x64
		{11553F26-57EE-4DB0-BBD5-23A5738D973D}.Release|x86.ActiveCfg = Release|Win32
		{11553F26-57EE-4DB0-BBD5-23A5738D973D}.Release|x86.Build.0 = Release|Win32
		{A8BA5102-6786-49CA-A81F-EDF98B426AC7}.Debug|x64.ActiveCfg = Debug|x64
		{A8BA5102-6786-49CA-A81F-EDF98B426AC7}.Debug|x64.Build.0 = Debug|x64
		{A8BA5102-6786-49CA-A81F-EDF98B426AC7}.Debug|x86.ActiveCfg = Debug|Win32
		{A8BA5102-6786-49CA-A81F-EDF98B426AC7}.Debug|x86.Build.0 = Debug|Win32
		{A8BA5102-6786-49CA-A81F-EDF98B426AC7}.Release|x64.ActiveCfg = Release|x64
		{A8BA5102-6786-49CA-A81F-EDF98B426AC7}.Release|x64.Build.0 = Release|x64
		{A8BA5102-6786-49CA-A81F-EDF98B426AC7}.Release|x86.ActiveCfg = Release|Win32
		{A8BA5102-6786-49CA-A81F-EDF98B426AC7}.Release|x86.Build.0 = Release|Win32
		{4D7D7DA0-5093-44D1-AE8D-C7F9EE838EBC}.Debug|x64.ActiveCfg = Debug|x64
		{4D7D7DA0-5093-44D1-AE8D-C7F9EE838EBC}.Debug|x64.Build.0 = Debug|x64
		{4D7D7DA0-5093-44D1-AE8D-C7F9EE838EBC}.Debug|x86.ActiveCfg = Debug|Win32
		{4D7D7DA0-5093-44D1-AE8D-C7F9EE838EBC}.Debug|x86.Build.0 = Debug|Win32
		{4D7D7DA0-5093-44D1-AE8D-C7F9EE838EBC}.Release|x64.ActiveCfg = Release|x64
		{4D7D7DA0-5093-44D1-AE8D-C7F9EE838EBC}.Release|x64.Build.0 = Release|x64
		{4D7D7DA0-5093-44D1-AE8D-C7F9EE838EBC}.Release|x86.ActiveCfg = Release|Win32
		{4D7D7DA0-5093-44D1-AE8D-C7F9EE838EBC}.Release|x86.Build.0 = Release|Win32
		{145E0D9C-4384-4DB2-8F88-15A7F08EC7C6}.Debug|x64.ActiveCfg = Debug|x64
		{145E0D9C-4384-4DB2-8F88-15A7F08EC7C6}.Debug|x64.Build.0 = Debug|x64
		{145E0D9C-4384-4DB2-8F88-15A7F08EC7C6}.Debug|x86.ActiveCfg = Debug|Win32
		{145E0D9C-4384-4DB2-8F88-15A7F08EC7C6}.Debug|x86.Build.0 = Debug|Win32
		{145E0D9C-4384-4DB2-8F88-15A7F08EC7C6}.Release|x64.ActiveCfg = Release|x64
		{145E0D9C-4384-4DB2-8F88-15A7F08EC7C6}.Release|x64.Build.0 = Release|x64
		{145E0D9C-4384-4DB2-8F88-15A7F08EC7C6}.Release|x86.ActiveCfg = Release|Win32
		{145E0D9C-4384-4DB2-8F88-15A7F08EC7C6}.Release|x86.Build.0 = Release|Win32
		{4567295C-0CF8-4625-98C3-782D606A2C4C}.Debug|x64.ActiveCfg = Debug|x64
		{4567295C-0CF8-4625-98C3-782D606A2C4C}.Debug|x64.Build.0 = Debug|x64
		{4567295C-0CF8-4625-98C3-782D606A2C4C}.Debug|x86.ActiveCfg = Debug|Win32
		{4567295C-0CF8-4625-98C3-782D606A2C4C}.Debug|x86.Build.0 = Debug|Win32
		{4567295C-0CF8-4625-98C3-782D606A2C4C}.Release|x64.ActiveCfg = Release|x64
		{4567295C-0CF8-4625-98C3-782D606A2C4C}.Release|x64.Build.0 = Release|x64
		{4567295C-0CF8-4625-98C3-782D606A2C4C}.Release|x86.ActiveCfg = Release|Win32
		{4567295C-0CF8-4625-98C3-782D606A2C4C}.Release|x86.Build.0 = Release|Win32
		{F3B3FD49-379F-44F5-90B4-08A5F96C2CD0}.Debug|x64.ActiveCfg = Debug|x64
		{F3B3FD49-379F-44F5-90B4-08A5F96C2CD0}.Debug|x64.Build.0 = Debug|x64
		{F3B3FD49-379F-44F5-90B4-08A5F96C2CD0}.Debug|x86.ActiveCfg = Debug|Win32
		{F3B3FD49-379F-44F5-90B4-08A5F96C2CD0}.Debug|x86.Build.0 = Debug|Win32
		{F3B3FD49-379F-44F5-90B4-08A5F96C2CD0}.Release|x64.ActiveCfg = Release|x64
		{F3B3FD49-379F-44F5-90B4-08A5F96C2CD0}.Release|x64.Build.0 = Release|x64
		{F3B3FD49-379F-44F5-90B4-08A5F96C2CD0}.Release|x86.ActiveCfg = Release|Win32
		{F3B3FD49-379F-44F5-90B4-08A5F96C2CD0}.Release|x86.Build.0 = Release|Win32
		{FC437A2C-9FE0-4DD6-B8B0-91AA072A6865}.Debug|x64.ActiveCfg = Debug|x64
		{FC437A2C-9FE0-4DD6-B8B0-91AA072A6865}.Debug|x64.Build.0 = Debug|x64
		{FC437A2C-9FE0-4DD6-B8B0-91AA072A6865}.Debug|x86.ActiveCfg = Debug|Win32
		{FC437A2C-9FE0-4DD6-B8B0-91AA072A6865}.Debug|x86.Build.0 = Debug|Win32
		{FC437A2C-9FE0-4DD6-B8B0-91AA072A6865}.Release|x64.ActiveCfg = Release|x64
		{FC437A2C-9FE0-4DD6-B8B0-91AA072A6865}.Release|x64.Build.0 = Release|x64
		{FC437A2C-9FE0-4DD6-B8B0-91AA072A6865}.Release|x86.ActiveCfg = Release|Win32
		{FC437A2C-9FE0-4DD6-B8B0-91AA072A6865}.Release|x86.Build.0 = Release|Win32
		{E784E0D4-B71D-4852-99E7-94D5D93C248E}.Debug|x64.ActiveCfg = Debug|x64
		{E784E0D4-B71D-4852-99E7-94D5D93C248E}.Debug|x64.Build.0 = Debug|x64
		{E784E0D4-B71D-4852-99E7-94D5D93C248E}.Debug|x86.ActiveCfg = Debug|Win32
		{E784E0D4-B71D-4852-99E7-94D5D93C248E}.Debug|x86.Build.0 = Debug|Win32
		{E784E0D4-B71D-4852-99E7-94D5D93C248E}.Release|x64.ActiveCfg = Release|x64
		{E784E0D4-B71D-4852-99E7-94D5D93C248E}.Release|x64.Build.0 = Release|x64
		{E784E0D4-B71D-4852-99E7-94D5D93C248E}.Release|x86.ActiveCfg = Release|Win32
		{E784E0D4-B71D-4852-99E7-94D5D93C248E}.Release|x86.Build.0 = Release|Win32
		{53100C40-A073-402A-9730-75435D58F5A7}.Debug|x64.ActiveCfg = Debug|x64
		{53100C40-A073-402A-9730-75435D58F5A7}.Debug|x64.Build.0 = Debug|x64
		{53100C40-A073-402A-9730-75435D58F5A7}.Debug|x86.ActiveCfg = Debug|Win32
		{53100C40-A073-402A-9730-75435D58F5A7}.Debug|x86.Build.0 = Debug|Win32
		{53100C40-A073-402A-9730-75435D58F5A7}.Release|x64.ActiveCfg = Release|x64
		{53100C40-A073-402A-9730-75435D58F5A7}.Release|x64.Build.0 = Release|x64
		{53100C40-A073-402A-9730-75435D58F5A7}.Release|x86.ActiveCfg = Release|Win32
		{53100C40-A073-402A-9730-75435D58F5A7}.Release|x86.Build.0 = Release|Win32
		{E9BCA579-85A8-4808-8140-D8695980D68A}.Debug|x64.ActiveCfg = Debug|x64
		{E9BCA579-85A8-4808-8140-D8695980D68A}.Debug|x64.Build.0 = Debug|x64
		{E9BCA579-85A8-4808-8140-D8695980D68A}.Debug|x86.ActiveCfg = Debug|Win32
		{E9BCA579-85A8-4808-8140-D8695980D68A}.Debug|x86.Build.0 = Debug|Win32
		{E9BCA579-85A8-4808-8140-D8695980D68A}.Release|x64.ActiveCfg = Release|x64
		{E9BCA579-85A8-4808-8140-D8695980D68A}.Release|x64.Build.0 = Release|x64
		{E9BCA579-85A8-4808-8140-D8695980D68A}.Release|x86.ActiveCfg = Release|Win32
		{E9BCA579-85A8-4808-8140-D8695980D68A}.Release|x86.Build.0 = Release|Win32
		{5F0657A9-4695-462A-A766-DE011FEB8C0D}.Debug|x64.ActiveCfg = Debug|x64
		{5F0657A9-4695-462A-A766-DE011FEB8C0D}.Debug|x64.Build.0 = Debug|x64
		{5F0657A9-4695-462A-A766-DE011FEB8C0D}.Debug|x86.ActiveCfg = Debug|Win32
		{5F0657A9-4695-462A-A766-DE011FEB8C0D}.Debug|x86.Build.0 = Debug|Win32
		{5F0657A9-4695-462A-A766-DE011FEB8C0D}.Release|x64.ActiveCfg = Release|x64
		{5F0657A9-4695-462A-A766-DE011FEB8C0D}.Release|x64.Build.0 = Release|x64
		{5F0657A9-4695-462A-A766-DE011FEB8C0D}.Release|x86.ActiveCfg = Release|Win32
		{5F0657A9-4695-462A-A766-DE011FEB8C0D}.Release|x86.Build.0 = Release|Win32
		{67F24E81-2853-4D41-B798-FB8366CA3AE1}.Debug|x64.ActiveCfg = Debug|x64
		{67F24E81-2853-4D41-B798-FB8366CA3AE1}.Debug|x64.Build.0 = Debug|x64
		{67F24E81-2853-4D41-B798-FB8366CA3AE1}.Debug|x86.ActiveCfg = Debug|Win32
		{67F24E81-2853-4D41-B798-FB8366CA3AE1}.Debug|x86.Build.0 = Debug|Win32
		{67F24E81-2853-4D41-B798-FB8366CA3AE1}.Release|x64.ActiveCfg = Release|x64
		{67F24E81-2853-4D41-B798-FB8366CA3AE1}.Release|x64.Build.0 = Release|x64
		{67F24E81-2853-4D41-B798-FB8366CA3AE1}.Release|x86.ActiveCfg = Release|Win32
		{67F24E81-2853-4D41-B798-FB8366CA3AE1}.Release|x86.Build.0 = Release|Win32
		{2F4303B7-C7B5-479E-8361-6ED5D9F063BB}.Debug|x64.ActiveCfg = Debug|x64
		{2F4303B7-C7B5-479E-8361-6ED5D9F063BB}.Debug|x64.Build.0 = Debug|x64
		{2F4303B7-C7B5-479E-8361-6ED5D9F063BB}.Debug|x86.ActiveCfg = Debug|Win32
		{2F4303B7-C7B5-479E-8361-6ED5D9F063BB}.Debug|x86.Build.0 = Debug|Win32
		{2F4303B7-C7B5-479E-8361-6ED5D9F063BB}.Release|x64.ActiveCfg = Release|x64
		{2F4303B7-C7B5-479E-8361-6ED5D9F063BB}.Release|x64.Build.0 = Release|x64
		{2F4303B7-C7B5-479E-8361-6ED5D9F063BB}.Release|x86.ActiveCfg = Release|Win32
		{2F4303B7-C7B5-479E-8361-6ED5D9F063BB}.Release|x86.Build.0 = Release|Win32
		{028A9FBC-8019-4927-B447-327FAE76AB61}.Debug|x64.ActiveCfg = Debug|x64
		{028A9FBC-8019-4927-B447-327FAE76AB61}.Debug|x64.Build.0 = Debug|x64
		{028A9FBC-8019-4927-B447-327FAE76AB61}.Debug|x86.ActiveCfg = Debug|Win32
		{028A9FBC-8019-4927-B447-327FAE76AB61}.Debug|x86.Build.0 = Debug|Win32
		{028A9FBC-8019-4927-B447-327FAE76AB61}.Release|x64.ActiveCfg = Release|x64
		{028A9FBC-8019-4927-B447-327FAE76AB61}.Release|x64.Build.0 = Release|x64
		{028A9FBC-8019-4927-B447-327FAE76AB61}.Release|x86.ActiveCfg = Release|Win32
		{028A9FBC-8019-4927-B447-327FAE76AB61}.Release|x86.Build.0 = Release|Win32
		{D5C32527-4B83-46A2-A309-BD2ABBF12D6C}.Debug|x64.ActiveCfg = Debug|x64
		{D5C32527-4B83-46A2-A309-BD2ABBF12D6C}.Debug|x64.Build.0 = Debug|x64
		{D5C32527-4B83-46A2-A309-BD2ABBF12D6C}.Debug|x86.ActiveCfg = Debug|Win32
		{D5C32527-4B83-46A2-A309-BD2ABBF12D6C}.Debug|x86.Build.0 = Debug|Win32
		{D5C32527-4B83-46A2-A309-BD2ABBF12D6C}.Release|x64.ActiveCfg = Release|x64
		{D5C32527-4B83-46A2-A309-BD2ABBF12D6C}.Release|x64.Build.0 = Release|x64
		{D5C32527-4B83-46A2-A309-BD2ABBF12D6C}.Release|x86.ActiveCfg = Release|Win32
		{D5C32527-4B83-46A2-A309-BD2ABBF12D6C}.Release|x86.Build.0 = Release|Win32
		{889FE2BC-316B-4B96-BF97-E11B4CCC9DC2}.Debug|x64.ActiveCfg = Debug|x64
		{889FE2BC-316B-4B96-BF97-E11B4CCC9DC2}.Debug|x64.Build.0 = Debug|x64
		{889FE2BC-316B-4B96-BF97-E11B4CCC9DC2}.Debug|x86.ActiveCfg = Debug|Win32
		{889FE2BC-316B-4B96-BF97-E11B4CCC9DC2}.Debug|x86.Build.0 = Debug|Win32
		{889FE2BC-316B-4B96-BF97-E11B4CCC9DC2}.Release|x64.ActiveCfg = Release|x64
		{889FE2BC-316B-4B96-BF97-E11B4CCC9DC2}.Release|x64.Build.0 = Release|x64
		{889FE2BC-316B-4B96-BF97-E11B4CCC9DC2}.Release|x86.ActiveCfg = Release|Win32
		{889FE2BC-316B-4B96-BF97-E11B4CCC9DC2}.Release|x86.Build.0 = Release|Win32
		{C30536EA-A23A-480C-95EE-1E5951AA72D4}.Debug|x64.ActiveCfg = Debug|x64
		{C30536EA-A23A-480C-95EE-1E5951AA72D4}.Debug|x64.Build.0 = Debug|x64
		{C30536EA-A23A-480C-95EE-1E5951AA72D4}.Debug|x86.ActiveCfg = Debug|Win32
		{C30536EA-A23A-480C-95EE-1E5951AA72D4}.Debug|x86.Build.0 = Debug|Win32
		{C30536EA-A23A-480C-95EE-1E5951AA72D4}.Release|x64.ActiveCfg = Release|x64
		{C30536EA-A23A-480C-95EE-1E5951AA72D4}.Release|x64.Build.0 = Release|x64
		{C30536EA-A23A-480C-95EE-1E5951AA72D4}.Release|x86.ActiveCfg = Release|Win32
		{C30536EA-A23A-480C-95EE-1E5951AA72D4}.Release|x86.Build.0 = Release|Win32
		{D09F9ECF-61DF-49ED-A491-5F1772E49C73}.Debug|x64.ActiveCfg = Debug|x64
		{D09F9ECF-61DF-49ED-A491-5F1772E49C73}.Debug|x64.Build.0 = Debug|x64
		{D09F9ECF-61DF-49ED-A491-5F1772E49C73}.Debug|x86.ActiveCfg = Debug|Win32
		{D09F9ECF-61DF-49ED-A491-5F1772E49C73}.Debug|x86.Build.0 = Debug|Win32
		{D09F9ECF-61DF-49ED-A491-5F1772E49C73}.Release|x64.ActiveCfg = Release|x64
		{D09F9ECF-61DF-49ED-A491-5F1772E49C73}.Release|x64.Build.0 = Release|x64
		{D09F9ECF-61DF-49ED-A491-5F1772E49C73}.Release|x86.ActiveCfg = Release|Win32
		{D09F9ECF-61DF-49ED-A491-5F1772E49C73}.Release|x86.Build.0 = Release|Win32
		{F04D7FFF-278D-422E-BCCF-BDC2208E5CE5}.Debug|x64.ActiveCfg = Debug|x64
		{F04D7FFF-278D-422E-BCCF-BDC2208E5CE5}.Debug|x64.Build.0 = Debug|x64
		{F04D7FFF-278D-422E-BCCF-BDC2208E5CE5}.Debug|x86.ActiveCfg = Debug|Win32
		{F04D7FFF-278D-422E-BCCF-BDC2208E5CE5}.Debug|x86.Build.0 = Debug|Win32
		{F04D7FFF-278D-422E-BCCF-BDC2208E5CE5}.Release|x64.ActiveCfg = Release|x64
		{F04D7FFF-278D-422E-BCCF-BDC2208E5CE5}.Release|x64.Build.0 = Release|x64
		{F04D7FFF-278D-422E-BCCF-BDC2208E5CE5}.Release|x86.ActiveCfg = Release|Win32
		{F04D7FFF-278D-422E-BCCF-BDC2208E5CE5}.Release|x86.Build.0 = Release|Win32
		{662A770A-BDF0-4B97-B43F-666B4C8195D7}.Debug|x64.ActiveCfg = Debug|x64
		{662A770A-BDF0-4B97-B43F-666B4C8195D7}.Debug|x64.Build.0 = Debug|x64
		{662A770A-BDF0-4B97-B43F-666B4C8195D7}.Debug|x86.ActiveCfg = Debug|Win32
		{662A770A-BDF0-4B97-B43F-666B4C8195D7}.Debug|x86.Build.0 = Debug|Win32
		{662A770A-BDF0-4B97-B43F-666B4C8195D7}.Release|x64.ActiveCfg = Release|x64
		{662A770A-BDF0-4B97-B43F-666B4C8195D7}.Release|x64.Build.0 = Release|x64
		{662A770A-BDF0-4B97-B43F-666B4C8195D7}.Release|x86.ActiveCfg = Release|Win32
		{662A770A-BDF0-4B97-B43F-666B4C8195D7}.Release|x86.Build.0 = Release|Win32
		{71F03F4E-9200-4161-8952-59A7989C546B}.Debug|x64.ActiveCfg = Debug|x64
		{71F03F4E-9200-4161-8952-59A7989C546B}.Debug|x64.Build.0 = Debug|x64
		{71F03F4E-9200-4161-8952-59A7989C546B}.Debug|x86.ActiveCfg = Debug|Win32
		{71F03F4E-9200-4161-8952-59A7989C546B}.Debug|x86.Build.0 = Debug|Win32
		{71F03F4E-9200-4161-8952-59A7989C546B}.Release|x64.ActiveCfg = Release|x64
		{71F03F4E-9200-4161-8952-59A7989C546B}.Release|x64.Build.0 = Release|x64
		{71F03F4E-9200-4161-8952-59A7989C546B}.Release|x86.ActiveCfg = Release|Win32
		{71F03F4E-9200-4161-8952-59A7989C546B}.Release|x86.Build.0 = Release|Win32
		{F4CCB71B-E1F0-4F2C-AD86-C9D2BC5DA1AA}.Debug|x64.ActiveCfg = Debug|x64
		{F4CCB71B-E1F0-4F2C-AD86-C9D2BC5DA1AA}.Debug|x64.Build.0 = Debug|x64
		{F4CCB71B-E1F0-4F2C-AD86-C9D2BC5DA1AA}.Debug|x86.ActiveCfg = Debug|Win32
		{F4CCB71B-E1F0-4F2C-AD86-C9D2BC5DA1AA}.Debug|x86.Build.0 = Debug|Win32
		{F4CCB71B-E1F0-4F2C-AD86-C9D2BC5DA1AA}.Release|x64.ActiveCfg = Release|x64
		{F4CCB71B-E1F0-4F2C-AD86-C9D2BC5DA1AA}.Release|x64.Build.0 = Release|x64
		{F4CCB71B-E1F0-4F2C-AD86-C9D2BC5DA1AA}.Release|x86.ActiveCfg = Release|Win32
		{F4CCB71B-E1F0-4F2C-AD86-C9D2BC5DA1AA}.Release|x86.Build.0 = Release|Win32
		{98DA7BF9-43E9-4F49-8487-27B9EF28E639}.Debug|x64.ActiveCfg = Debug|x64
		{98DA7BF9-43E9-4F49-8487-27B9EF28E639}.Debug|x64.Build.0 = Debug|x64
		{98DA7BF9-43E9-4F49-8487-27B9EF28E639}.Debug|x86.ActiveCfg = Debug|Win32
		{98DA7BF9-43E9-4F49-8487-27B9EF28E639}.Debug|x86.Build.0 = Debug|Win32
		{98DA7BF9-43E9-4F49-8487-27B9EF28E639}.Release|x64.ActiveCfg = Release|x64
		{98DA7BF9-43E9-4F49-8487-27B9EF28E639}.Release|x64.Build.0 = Release|x64
		{98DA7BF9-43E9-4F49-8487-27B9EF28E639}.Release|x86.ActiveCfg = Release|Win32
		{98DA7BF9-43E9-4F49-8487-27B9EF28E639}.Release|x86.Build.0 = Release|Win32
		{46687400-8D39-4EF5-A3C7-BD30FC44C67F}.Debug|x64.ActiveCfg = Debug|x64
		{46687400-8D39-4EF5-A3C7-BD30FC44C67F}.Debug|x64.Build.0 = Debug|x64
		{46687400-8D39-4EF5-A3C7-BD30FC44C67F}.Debug|x86.ActiveCfg = Debug|Win32
		{46687400-8D39-4EF5-A3C7-BD30FC44C67F}.Debug|x86.Build.0 = Debug|Win32
		{46687400-8D39-4EF5-A3C7-BD30FC44C67F}.Release|x64.ActiveCfg = Release|x64
		{46687400-8D39-4EF5-A3C7-BD30FC44C67F}.Release|x64.Build.0 = Release|x64
		{46687400-8D39-4EF5-A3C7-BD30FC44C67F}.Release|x86.ActiveCfg = Release|Win32
		{46687400-8D39-4EF5-A3C7-BD30FC44C67F}.Release|x86.Build.0 = Release|Win32
		{32D2C931-A04E-4D55-9D6B-EDE78C8238BE}.Debug|x64.ActiveCfg = Debug|x64
		{32D2C931-A04E-4D55-9D6B-EDE78C8238BE}.Debug|x64.Build.0 = Debug|x64
		{32D2C931-A04E-4D55-9D6B-EDE78C8238BE}.Debug|x86.ActiveCfg = Debug|Win32
		{32D2C931-A04E-4D55-9D6B-EDE78C8238BE}.Debug|x86.Build.0 = Debug|Win32
		{32D2C931-A04E-4D55-9D6B-EDE78C8238BE}.Release|x64.ActiveCfg = Release|x64
		{32D2C931-A04E-4D55-9D6B-EDE78C8238BE}.Release|x64.Build.0 = Release|x64
		{32D2C931-A04E-4D55-9D6B-EDE78C8238BE}.Release|x86.ActiveCfg = Release|Win32
		{32D2C931-A04E-4D55-9D6B-EDE78C8238BE}.Release|x86.Build.0 = Release|Win32
		{BE17D64A-E429-4A9F-B31E-35F24721959B}.Debug|x64.ActiveCfg = Debug|x64
		{BE17D64A-E429-4A9F-B31E-35F24721959B}.Debug|x64.Build.0 = Debug|x64
		{BE17D64A-E429-4A9F-B31E-35F24721959B}.Debug|x86.ActiveCfg = Debug|Win32
		{BE17D64A-E429-4A9F-B31E-35F24721959B}.Debug|x86.Build.0 = Debug|Win32
		{BE17D64A-E429-4A9F-B31E-35F24721959B}.Release|x64.ActiveCfg = Release|x64
		{BE17D64A-E429-4A9F-B31E-35F24721959B}.Release|x64.Build.0 = Release|x64
		{BE17D64A-E429-4A9F-B31E-35F24721959B}.Release|x86.ActiveCfg = Release|Win32
		{BE17D64A-E429-4A9F-B31E-35F24721959B}.Release|x86.Build.0 = Release|Win32
		{33F073A2-B675-4178-B62C-4344692EA45B}.Debug|x64.ActiveCfg = Debug|x64
		{33F073A2-B675-4178-B62C-4344692EA45B}.Debug|x64.Build.0 = Debug|x64
		{33F073A2-B675-4178-B62C-4344692EA45B}.Debug|x86.ActiveCfg = Debug|Win32
		{33F073A2-B675-4178-B62C-4344692EA45B}.Debug|x86.Build.0 = Debug|Win32
		{33F073A2-B675-4178-B62C-4344692EA45B}.Release|x64.ActiveCfg = Release|x64
		{33F073A2-B675-4178-B62C-4344692EA45B}.Release|x64.Build.0 = Release|x64
		{33F073A2-B675-4178-B62C-4344692EA45B}.Release|x86.ActiveCfg = Release|Win32
		{33F073A2-B675-4178-B62C-4344692EA45B}.Release|x86.Build.0 = Release|Win32
		{8BAE2604-6EAB-4E51-BAD5-F1D525A7DCEB}.Debug|x64.ActiveCfg = Debug|x64
		{8BAE2604-6EAB-4E51-BAD5-F1D525A7DCEB}.Debug|x64.Build.0 = Debug|x64
		{8BAE2604-6EAB-4E51-BAD5-F1D525A7DCEB}.Debug|x86.ActiveCfg = Debug|Win32
		{8BAE2604-6EAB-4E51-BAD5-F1D525A7DCEB}.Debug|x86.Build.0 = Debug|Win32
		{8BAE2604-6EAB-4E51-BAD5-F1D525A7DCEB}.Release|x64.ActiveCfg = Release|x64
		{8BAE2604-6EAB-4E51-BAD5-F1D525A7DCEB}.Release|x64.Build.0 = Release|x64
		{8BAE2604-6EAB-4E51-BAD5-F1D525A7DCEB}.Release|x86.ActiveCfg = Release|Win32
		{8BAE2604-6EAB-4E51-BAD5-F1D525A7DCEB}.Release|x86.Build.0 = Release|Win32
		{BBEE4BC7-41D7-40F0-B48C-4E6DFF44BC93}.Debug|x64.ActiveCfg = Debug|x64
		{BBEE4BC7-41D7-40F0-B48C-4E6DFF44BC93}.Debug|x64.Build.0 = Debug|x64
		{BBEE4BC7-41D7-40F0-B48C-4E6DFF44BC93}.Debug|x86.ActiveCfg = Debug|Win32
		{BBEE4BC7-41D7-40F0-B48C-4E6DFF44BC93}.Debug|x86.Build.0 = Debug|Win32
		{BBEE4BC7-41D7-40F0-B48C-4E6DFF44BC93}.Release|x64.ActiveCfg = Release|x64
		{BBEE4BC7-41D7-40F0-B48C-4E6DFF44BC93}.Release|x64.Build.0 = Release|x64
		{BBEE4BC7-41D7-40F0-B48C-4E6DFF44BC93}.Release|x86.ActiveCfg = Release|Win32
		{BBEE4BC7-41D7-40F0-B48C-4E6DFF44BC93}.Release|x86.Build.0 = Release|Win32
		{5C001938-EF2B-4277-8A4A-B53D130F7516}.Debug|x64.ActiveCfg = Debug|x64
		{5C001938-EF2B-4277-8A4A-B53D130F7516}.Debug|x64.Build.0 = Debug|x64
		{5C001938-EF2B-4277-8A4A-B53D130F7516}.Debug|x86.ActiveCfg = Debug|Win32
		{5C001938-EF2B-4277-8A4A-B53D130F7516}.Debug|x86.Build.0 = Debug|Win32
		{5C001938-EF2B-4277-8A4A-B53D130F7516}.Release|x64.ActiveCfg = Release|x64
		{5C001938-EF2B-4277-8A4A-B53D130F7516}.Release|x64.Build.0 = Release|x64
		{5C001938-EF2B-4277-8A4A-B53D130F7516}.Release|x86.ActiveCfg = Release|Win32
		{5C001938-EF2B-4277-8A4A-B53D130F7516}.Release|x86.Build.0 = Release|Win32
		{B36BDB20-DC8F-45D7-AE93-0851A637D93E}.Debug|x64.ActiveCfg = Debug|x64
		{B36BDB20-DC8F-45D7-AE93-0851A637D93E}.Debug|x64.Build.0 = Debug|x64
		{B36BDB20-DC8F-45D7-AE93-0851A637D93E}.Debug|x86.ActiveCfg = Debug|Win32
		{B36BDB20-DC8F-45D7-AE93-0851A637D93E}.Debug|x86.Build.0 = Debug|Win32
		{B36BDB20-DC8F-45D7-AE93-0851A637D93E}.Release|x64.ActiveCfg = Release|x64
		{B36BDB20-DC8F-45D7-AE93-0851A637D93E}.Release|x64.Build.0 = Release|x64
		{B36BDB20-DC8F-45D7-AE93-0851A637D93E}.Release|x86.ActiveCfg = Release|Win32
		{B36BDB20-DC8F-45D7-AE93-0851A637D93E}.Release|x86.Build.0 = Release|Win32
		{EACC3B90-E1AA-4869-BE19-425B8B745D3E}.Debug|x64.ActiveCfg = Debug|x64
		{EACC3B90-E1AA-4869-BE19-425B8B745D3E}.Debug|x64.Build.0 = Debug|x64
		{EACC3B90-E1AA-4869-BE19-425B8B745D3E}.Debug|x86.ActiveCfg = Debug|Win32
		{EACC3B90-E1AA-4869-BE19-425B8B745D3E}.Debug|x86.Build.0 = Debug|Win32
		{EACC3B90-E1AA-4869-BE19-425B8B745D3E}.Release|x64.ActiveCfg = Release|x64
		{EACC3B90-E1AA-4869-BE19-425B8B745D3E}.Release|x64.Build.0 = Release|x64
		{EACC3B90-E1AA-4869-BE19-425B8B745D3E}.Release|x86.ActiveCfg = Release|Win32
		{EACC3B90-E1AA-4869-BE19-425B8B745D3E}.Release|x86.Build.0 = Release|Win32
		{82739319-AFD2-4A78-9E4C-1E29CF5E2345}.Debug|x64.ActiveCfg = Debug|x64
		{82739319-AFD2-4A78-9E4C-1E29CF5E2345}.Debug|x64.Build.0 = Debug|x64
		{82739319-AFD2-4A78-9E4C-1E29CF5E2345}.Debug|x86.ActiveCfg = Debug|Win32
		{82739319-AFD2-4A78-9E4C-1E29CF5E2345}.Debug|x86.Build.0 = Debug|Win32
		{82739319-AFD2-4A78-9E4C-1E29CF5E2345}.Release|x64.ActiveCfg = Release|x64
		{82739319-AFD2-4A78-9E4C-1E29CF5E2345}.Release|x64.Build.0 = Release|x64
		{82739319-AFD2-4A78-9E4C-1E29CF5E2345}.Release|x86.ActiveCfg = Release|Win32
		{82739319-AFD2-4A78-9E4C-1E29CF5E2345}.Release|x86.Build.0 = Release|Win32
		{12730D1B-CBE1-44FC-A334-ADD83D173B95}.Debug|x64.ActiveCfg = Debug|x64
		{12730D1B-CBE1-44FC-A334-ADD83D173B95}.Debug|x64.Build.0 = Debug|x64
		{12730D1B-CBE1-44FC-A334-ADD83D173B95}.Debug|x86.ActiveCfg = Debug|Win32
		{12730D1B-CBE1-44FC-A334-ADD83D173B95}.Debug|x86.Build.0 = Debug|Win32
		{12730D1B-CBE1-44FC-A334-ADD83D173B95}.Release|x64.ActiveCfg = Release|x64
		{12730D1B-CBE1-44FC-A334-ADD83D173B95}.Release|x64.Build.0 = Release|x64
		{12730D1B-CBE1-44FC-A334-ADD83D173B95}.Release|x86.ActiveCfg = Release|Win32
		{12730D1B-CBE1-44FC-A334-ADD83D173B95}.Release|x86.Build.0 = Release|Win32
		{030D7766-5A40-4ABD-AE77-00CE2C41F7E0}.Debug|x64.ActiveCfg = Debug|x64
		{030D7766-5A40-4ABD-AE77-00CE2C41F7E0}.Debug|x64.Build.0 = Debug|x64
		{030D7766-5A40-4ABD-AE77-00CE2C41F7E0}.Debug|x86.ActiveCfg = Debug|Win32
		{030D7766-5A40-4ABD-AE77-00CE2C41F7E0}.Debug|x86.Build.0 = Debug|Win32
		{030D7766-5A40-4ABD-AE77-00CE2C41F7E0}.Release|x64.ActiveCfg = Release|x64
		{030D7766-5A40-4ABD-AE77-00CE2C41F7E0}.Release|x64.Build.0 = Release|x64
		{030D7766-5A40-4ABD-AE77-00CE2C41F7E0}.Release|x86.ActiveCfg = Release|Win32
		{030D7766-5A40-4ABD-AE77-00CE2C41F7E0}.Release|x86.Build.0 = Release|Win32
		{FEDAD7FE-94DA-4EFF-96BB-6A267C1F42A9}.Debug|x64.ActiveCfg = Debug|x64
		{FEDAD7FE-94DA-4EFF-96BB-6A267C1F42A9}.Debug|x64.Build.0 = Debug|x64
		{FEDAD7FE-94DA-4EFF-96BB-6A267C1F42A9}.Debug|x86.ActiveCfg = Debug|Win32
		{FEDAD7FE-94DA-4EFF-96BB-6A267C1F42A9}.Debug|x86.Build.0 = Debug|Win32
		{FEDAD7FE-94DA-4EFF-96BB-6A267C1F42A9}.Release|x64.ActiveCfg = Release|x64
		{FEDAD7FE-94DA-4EFF-96BB-6A267C1F42A9}.Release|x64.Build.0 = Release|x64
		{FEDAD7FE-94DA-4EFF-96BB-6A267C1F42A9}.Release|x86.ActiveCfg = Release|Win32
		{FEDAD7FE-94DA-4EFF-96BB-6A267C1F42A9}.Release|x86.Build.0 = Release|Win32
		{BF24E0D7-0839-41C7-A83E-5843EFD09E00}.Debug|x64.ActiveCfg = Debug|x64
		{BF24E0D7-0839-41C7-A83E-5843EFD09E00}.Debug|x64.Build.0 = Debug|x64
		{BF24E0D7-0839-41C7-A83E-5843EFD09E00}.Debug|x86.ActiveCfg = Debug|Win32
		{BF24E0D7-0839-41C7-A83E-5843EFD09E00}.Debug|x86.Build.0 = Debug|Win32
		{BF24E0D7-0839-41C7-A83E-5843EFD09E00}.Release|x64.ActiveCfg = Release|x64
		{BF24E0D7-0839-41C7-A83E-5843EFD09E00}.Release|x64.Build.0 = Release|x64
		{BF24E0D7-0839-41C7-A83E-5843EFD09E00}.Release|x86.ActiveCfg = Release|Win32
		{BF24E0D7-0839-41C7-A83E-5843EFD09E00}.Release|x86.Build.0 = Release|Win32
		{7A0FC825-DC58-4381-ADFB-05F735BF1137}.Debug|x64.ActiveCfg = Debug|x64
		{7A0FC825-DC58-4381-ADFB-05F735BF1137}.Debug|x64.Build.0 = Debug|x64
		{7A0FC825-DC58-4381-ADFB-05F735BF1137}.Debug|x86.ActiveCfg = Debug|Win32
		{7A0FC825-DC58-4381-ADFB-05F735BF1137}.Debug|x86.Build.0 = Debug|Win32
		{7A0FC825-DC58-4381-ADFB-05F735BF1137}.Release|x64.ActiveCfg = Release|x64
		{7A0FC825-DC58-4381-ADFB-05F735BF1137}.Release|x64.Build.0 = Release|x64
		{7A0FC825-DC58-4381-ADFB-05F735BF1137}.Release|x86.ActiveCfg = Release|Win32
		{7A0FC825-DC58-4381-ADFB-05F735BF1137}.Release|x86.Build.0 = Release|Win32
		{65D9B035-0CB3-47ED-A644-16913F689A5B}.Debug|x64.ActiveCfg = Debug|x64
		{65D9B035-0CB3-47ED-A644-16913F689A5B}.Debug|x64.Build.0 = Debug|x64
		{65D9B035-0CB3-47ED-A644-16913F689A5B}.Debug|x86.ActiveCfg = Debug|Win32
		{65D9B035-0CB3-47ED-A644-16913F689A5B}.Debug|x86.Build.0 = Debug|Win32
		{65D9B035-0CB3-47ED-A644-16913F689A5B}.Release|x64.ActiveCfg = Release|x64
		{65D9B035-0CB3-47ED-A644-16913F689A5B}.Release|x64.Build.0 = Release|x64
		{65D9B035-0CB3-47ED-A644-16913F689A5B}.Release|x86.ActiveCfg = Release|Win32
		{65D9B035-0CB3-47ED-A644-16913F689A5B}.Release|x86.Build.0 = Release|Win32
		{3D0334BA-F3E3-4797-B78C-19C5F873CD1F}.Debug|x64.ActiveCfg = Debug|x64
		{3D0334BA-F3E3-4797-B78C-19C5F873CD1F}.Debug|x64.Build.0 = Debug|x64
		{3D0334BA-F3E3-4797-B78C-19C5F873CD1F}.Debug|x86.ActiveCfg = Debug|Win32
		{3D0334BA-F3E3-4797-B78C-19C5F873CD1F}.Debug|x86.Build.0 = Debug|Win32
		{3D0334BA-F3E3-4797-B78C-19C5F873CD1F}.Release|x64.ActiveCfg = Release|x64
		{3D0334BA-F3E3-4797-B78C-19C5F873CD1F}.Release|x64.Build.0 = Release|x64
		{3D0334BA-F3E3-4797-B78C-19C5F873CD1F}.Release|x86.ActiveCfg = Release|Win32
		{3D0334BA-F3E3-4797-B78C-19C5F873CD1F}.Release|x86.Build.0 = Release|Win32
		{B5E06AE7-B810-4833-8B29-C863EA011069}.Debug|x64.ActiveCfg = Debug|x64
		{B5E06AE7-B810-4833-8B29-C863EA011069}.Debug|x64.Build.0 = Debug|x64
		{B5E06AE7-B810-4833-8B29-C863EA011069}.Debug|x86.ActiveCfg = Debug|Win32
		{B5E06AE7-B810-4833-8B29-C863EA011069}.Debug|x86.Build.0 = Debug|Win32
		{B5E06AE7-B810-4833-8B29-C863EA011069}.Release|x64.ActiveCfg = Release|x64
		{B5E06AE7-B810-4833-8B29-C863EA011069}.Release|x64.Build.0 = Release|x64
		{B5E06AE7-B810-4833-8B29-C863EA011069}.Release|x86.ActiveCfg = Release|Win32
		{B5E06AE7-B810-4833-8B29-C863EA011069}.Release|x86.Build.0 = Release|Win32
		{D8C32B98-C74F-44B8-B03E-4376CF1D580B}.Debug|x64.ActiveCfg = Debug|x64
		{D8C32B98-C74F-44B8-B03E-4376CF1D580B}.Debug|x64.Build.0 = Debug|x64
		{D8C32B98-C74F-44B8-B03E-4376CF1D580B}.Debug|x86.ActiveCfg = Debug|Win32
		{D8C32B98-C74F-44B8-B03E-4376CF1D580B}.Debug|x86.Build.0 = Debug|Win32
		{D8C32B98-C74F-44B8-B03E-4376CF1D580B}.Release|x64.ActiveCfg = Release|x64
		{D8C32B98-C74F-44B8-B03E-4376CF1D580B}.Release|x64.Build.0 = Release|x64
		{D8C32B98-C74F-44B8-B03E-4376CF1D580B}.Release|x86.ActiveCfg = Release|Win32
		{D8C32B98-C74F-44B8-B03E-4376CF1D580B}.Release|x86.Build.0 = Release|Win32
		{1F6E3546-FAC7-45B3-BB6E-ABD2BC68DFB0}.Debug|x64.ActiveCfg = Debug|x64
		{1F6E3546-FAC7-45B3-BB6E-ABD2BC68DFB0}.Debug|x64.Build.0 = Debug|x64
		{1F6E3546-FAC7-45B3-BB6E-ABD2BC68DFB0}.Debug|x86.ActiveCfg = Debug|Win32
		{1F6E3546-FAC7-45B3-BB6E-ABD2BC68DFB0}.Debug|x86.Build.0 = Debug|Win32
		{1F6E3546-FAC7-45B3-BB6E-ABD2BC68DFB0}.Release|x64.ActiveCfg = Release|x64
		{1F6E3546-FAC7-45B3-BB6E-ABD2BC68DFB0}.Release|x64.Build.0 = Release|x64
		{1F6E3546-FAC7-45B3-BB6E-ABD2BC68DFB0}.Release|x86.ActiveCfg = Release|Win32
		{1F6E3546-FAC7-45B3-BB6E-ABD2BC68DFB0}.Release|x86.Build.0 = Release|Win32
		{129EAD37-F673-41D3-AE46-1873CF553551}.Debug|x64.ActiveCfg = Debug|x64
		{129EAD37-F673-41D3-AE46-1873CF553551}.Debug|x64.Build.0 = Debug|x64
		{129EAD37-F673-41D3-AE46-1873CF553551}.Debug|x86.ActiveCfg = Debug|Win32
		{129EAD37-F673-41D3-AE46-1873CF553551}.Debug|x86.Build.0 = Debug|Win32
		{129EAD37-F673-41D3-AE46-1873CF553551}.Release|x64.ActiveCfg = Release|x64
		{129EAD37-F673-41D3-AE46-1873CF553551}.Release|x64.Build.0 = Release|x64
		{129EAD37-F673-41D3-AE46-1873CF553551}.Release|x86.ActiveCfg = Release|Win32
		{129EAD37-F673-41D3-AE46-1873CF553551}.Release|x86.Build.0 = Release|Win32
		{03F6D503-0362-4F40-B437-3536AC634A31}.Debug|x64.ActiveCfg = Debug|x64
		{03F6D503-0362-4F40-B437-3536AC634A31}.Debug|x64.Build.0 = Debug|x64
		{03F6D503-0362-4F40-B437-3536AC634A31}.Debug|x86.ActiveCfg = Debug|Win32
		{03F6D503-0362-4F40-B437-3536AC634A31}.Debug|x86.Build.0 = Debug|Win32
		{03F6D503-0362-4F40-B437-3536AC634A31}.Release|x64.ActiveCfg = Release|x64
		{03F6D503-0362-4F40-B437-3536AC634A31}.Release|x64.Build.0 = Release|x64
		{03F6D503-0362-4F40-B437-3536AC634A31}.Release|x86.ActiveCfg = Release|Win32
		{03F6D503-0362-4F40-B437-3536AC634A31}.Release|x86.Build.0 = Release|Win32
	EndGlobalSection
	GlobalSection(SolutionProperties) = preSolution
		HideSolutionNode = FALSE
	EndGlobalSection
	GlobalSection(NestedProjects) = preSolution
		{904F90DD-31B0-41AC-A716-4B5A91FEAE89} = {BA175C11-4755-4892-8763-83ADC36B8417}
		{4C652477-0210-4A53-924A-7E10DC7EDAFB} = {D8C804B3-5778-4566-AFAF-2878D08FCEF7}
		{CE8C55AD-F157-49C8-86FD-FC9842FF99E1} = {BA175C11-4755-4892-8763-83ADC36B8417}
		{751CC4F2-58E4-4045-94E4-5E307A2E6304} = {D8C804B3-5778-4566-AFAF-2878D08FCEF7}
		{F4268F62-998E-4010-8372-206216DDC366} = {EF6764E9-F9BA-4C14-96B1-B0596E607585}
		{0603884D-4CA5-43B1-8193-32E86BAC6F75} = {EF6764E9-F9BA-4C14-96B1-B0596E607585}
		{5E1FE410-6195-43AC-8B0E-B0B2398FFA03} = {EF6764E9-F9BA-4C14-96B1-B0596E607585}
		{10DD0D0D-A2F8-4BB6-82A4-D2163E63AA00} = {B0AC7A7B-7EF3-4F08-AFBC-E6E24E9DCFA4}
		{6C449456-69AF-41E3-8F51-88C4930F07E8} = {B0AC7A7B-7EF3-4F08-AFBC-E6E24E9DCFA4}
		{56D572D0-57F4-46A1-AC56-F37780A70259} = {B0AC7A7B-7EF3-4F08-AFBC-E6E24E9DCFA4}
		{41BF450B-6A42-4EF6-8914-979C933831F1} = {3645C429-95CD-40BA-9A46-C9E0BA436D30}
		{7F8A90C8-CE65-454E-ABD8-B6DB946A2BA8} = {3645C429-95CD-40BA-9A46-C9E0BA436D30}
		{13F4F168-44BD-465D-9228-8E45415C3A9E} = {3645C429-95CD-40BA-9A46-C9E0BA436D30}
		{DCB3BF20-E9CF-44B4-902A-FD0F114DCC12} = {3645C429-95CD-40BA-9A46-C9E0BA436D30}
		{9C272B17-442F-4AD6-96C7-35A418DD7F2F} = {3645C429-95CD-40BA-9A46-C9E0BA436D30}
		{2A395D7B-902E-421C-889D-A7F0FA307B39} = {3645C429-95CD-40BA-9A46-C9E0BA436D30}
		{2E0F6350-2F33-4E4B-93E7-E6475BB263B6} = {AD8596DB-CFE5-4425-8583-98FE8263E819}
		{606DBC1E-9B38-4739-BD53-406C4ED0B26C} = {AD8596DB-CFE5-4425-8583-98FE8263E819}
		{DB3AFB85-6E9A-4776-AF88-5B13058C12C7} = {AD8596DB-CFE5-4425-8583-98FE8263E819}
		{B906A226-B9CC-4DE6-AAB2-61333D395AB8} = {AD8596DB-CFE5-4425-8583-98FE8263E819}
		{7E5BB013-F0E0-4556-AF32-B26C31E1268B} = {AD8596DB-CFE5-4425-8583-98FE8263E819}
		{E7542660-4521-4B38-8DDD-2CA87F60162B} = {AD8596DB-CFE5-4425-8583-98FE8263E819}
		{6C3E8ACC-B6CD-4FEC-8F9B-CA0C1DD020C9} = {745C9093-BECB-4D2A-987C-28F2E2250A62}
		{63698CF0-FD4E-48C8-9200-605644674672} = {745C9093-BECB-4D2A-987C-28F2E2250A62}
		{00944719-33B8-4C04-8A42-C7538485734C} = {745C9093-BECB-4D2A-987C-28F2E2250A62}
		{4F363976-1CDC-4E64-A573-AE8C89BAFFF3} = {745C9093-BECB-4D2A-987C-28F2E2250A62}
		{7534C019-A214-449A-ACE1-0A2C6693152F} = {15DE24D9-8950-4A0E-9469-20C2E692FE91}
		{0180220F-CAB0-49B0-86E1-F514B03822AC} = {15DE24D9-8950-4A0E-9469-20C2E692FE91}
		{74B0B42E-192F-471F-AC17-2E7C798B0CB7} = {15DE24D9-8950-4A0E-9469-20C2E692FE91}
		{AD667772-2D89-4326-90DF-7597DD2E40E1} = {15DE24D9-8950-4A0E-9469-20C2E692FE91}
		{0031809F-4B90-4565-9C10-75D5B0E3CA1E} = {15DE24D9-8950-4A0E-9469-20C2E692FE91}
		{1EAFC25B-68BF-4B29-8A44-3BECBE12947F} = {15DE24D9-8950-4A0E-9469-20C2E692FE91}
		{64426B65-C8DC-4AE9-9963-EA0E2664964D} = {2F6A35C2-CA25-4D0F-B5BC-CA6267092606}
		{BB6ED1D0-473E-400E-930C-1212E75772C8} = {2F6A35C2-CA25-4D0F-B5BC-CA6267092606}
		{8A7E00FA-CF95-4A3E-806F-118C701B5E69} = {2F6A35C2-CA25-4D0F-B5BC-CA6267092606}
		{1CAC91EF-9CA3-44E1-887A-F9D2EFBB7886} = {2F6A35C2-CA25-4D0F-B5BC-CA6267092606}
		{86116EA5-8177-486F-8842-48CACBD88D58} = {2F6A35C2-CA25-4D0F-B5BC-CA6267092606}
		{C00A4CE1-AC00-44C1-A55C-8050F53FD618} = {F42737CF-D657-4549-BBA7-A39F2B954029}
		{D6526129-5E8A-4D3B-8D81-E503E96DD001} = {F42737CF-D657-4549-BBA7-A39F2B954029}
		{DD6BF945-CCCA-435C-BEE9-EF3C02F70BDC} = {F5FF0B65-E721-489E-B3A7-23FF4B273B98}
		{953859A6-C9EA-4BA0-9661-3EEB6B0F2B06} = {F5FF0B65-E721-489E-B3A7-23FF4B273B98}
		{C4576782-4E96-4EF3-BB87-2290435B04B6} = {F5FF0B65-E721-489E-B3A7-23FF4B273B98}
		{4A6E1F37-1F77-436A-8E3A-EA697380D03D} = {F5FF0B65-E721-489E-B3A7-23FF4B273B98}
		{61473DE2-A2AA-4C1D-93E5-22E0D3A4AED8} = {F5FF0B65-E721-489E-B3A7-23FF4B273B98}
		{D0E78C03-FBAA-45C1-A31C-A2FA97B5D3F0} = {F5FF0B65-E721-489E-B3A7-23FF4B273B98}
		{770FEE13-E8DB-4CE8-B2EF-FC2C47B208AD} = {F5FF0B65-E721-489E-B3A7-23FF4B273B98}
		{A3723789-6C05-4E97-8E09-195E433B53B9} = {9E37BCF5-F553-4E59-80D2-E1C77A5EECF0}
		{D89279B0-5922-45E0-A7A2-0B5F8B9C2BD7} = {9E37BCF5-F553-4E59-80D2-E1C77A5EECF0}
		{62202938-85CA-482F-A896-7A390C42730C} = {9E37BCF5-F553-4E59-80D2-E1C77A5EECF0}
		{737DA17C-0CF6-46ED-BC25-8DEBFBF14C67} = {9E37BCF5-F553-4E59-80D2-E1C77A5EECF0}
		{B6DB9A46-BA13-487C-B79F-CECF17DC0B17} = {D3950BF9-EF89-4A49-BA8B-36D1837B390D}
		{34EAD017-3E5A-4923-9E23-A5E8BA62A420} = {D3950BF9-EF89-4A49-BA8B-36D1837B390D}
		{7FB9979A-EF45-41DE-9AAF-00EA1AC5CB8E} = {D3950BF9-EF89-4A49-BA8B-36D1837B390D}
		{0A2083A2-B085-4C91-97C2-D589F859EBF3} = {D3950BF9-EF89-4A49-BA8B-36D1837B390D}
		{2BD03237-0C6F-4980-AB24-E4130664AB30} = {9634C971-4A01-4DC9-9A8B-4A7DCCCFFBCC}
		{F6CD2FE6-E733-47FB-B067-106C00648DFD} = {9634C971-4A01-4DC9-9A8B-4A7DCCCFFBCC}
		{7BD4ADFD-C961-401F-9630-B715282D0DF9} = {43CC2AB8-BBC9-4879-A87A-B233638B96A6}
		{DD6A7C47-EA2F-43DF-9800-AE17E46A0B2E} = {43CC2AB8-BBC9-4879-A87A-B233638B96A6}
		{C0EE830C-7C5F-4484-AC29-8D455C3061D7} = {43CC2AB8-BBC9-4879-A87A-B233638B96A6}
		{79C32B91-77B2-4E4E-992B-99EF6D01A807} = {6BE428B9-642C-48FA-9661-42F9EBE107AA}
		{B5465B44-9167-481B-A35E-8AEA37B8ED66} = {6BE428B9-642C-48FA-9661-42F9EBE107AA}
		{DC1632E2-EF78-463C-92DA-A28C9BD57F15} = {6BE428B9-642C-48FA-9661-42F9EBE107AA}
		{CA014D8C-C1A3-4C43-9E57-510800BA18D0} = {3F8CCF7E-4959-4034-87DE-6A7FC1CBB3E3}
		{11553F26-57EE-4DB0-BBD5-23A5738D973D} = {09748F19-B432-48B8-AA25-BEAEA75AE371}
		{A8BA5102-6786-49CA-A81F-EDF98B426AC7} = {FFB4BDE2-52DE-418D-82C4-180F398B5AB3}
		{4D7D7DA0-5093-44D1-AE8D-C7F9EE838EBC} = {FFB4BDE2-52DE-418D-82C4-180F398B5AB3}
		{145E0D9C-4384-4DB2-8F88-15A7F08EC7C6} = {FFB4BDE2-52DE-418D-82C4-180F398B5AB3}
		{4567295C-0CF8-4625-98C3-782D606A2C4C} = {FFB4BDE2-52DE-418D-82C4-180F398B5AB3}
		{F3B3FD49-379F-44F5-90B4-08A5F96C2CD0} = {DB50A94A-51A3-4F38-8D89-22F77EA69D16}
		{FC437A2C-9FE0-4DD6-B8B0-91AA072A6865} = {DB50A94A-51A3-4F38-8D89-22F77EA69D16}
		{E784E0D4-B71D-4852-99E7-94D5D93C248E} = {DB50A94A-51A3-4F38-8D89-22F77EA69D16}
		{53100C40-A073-402A-9730-75435D58F5A7} = {43DB1306-DC84-4183-929E-43453D62EB4E}
		{E9BCA579-85A8-4808-8140-D8695980D68A} = {43DB1306-DC84-4183-929E-43453D62EB4E}
		{5F0657A9-4695-462A-A766-DE011FEB8C0D} = {43DB1306-DC84-4183-929E-43453D62EB4E}
		{67F24E81-2853-4D41-B798-FB8366CA3AE1} = {43DB1306-DC84-4183-929E-43453D62EB4E}
		{2F4303B7-C7B5-479E-8361-6ED5D9F063BB} = {49DA23F8-9A96-4C6F-8D00-981B95141896}
		{028A9FBC-8019-4927-B447-327FAE76AB61} = {49DA23F8-9A96-4C6F-8D00-981B95141896}
		{D5C32527-4B83-46A2-A309-BD2ABBF12D6C} = {49DA23F8-9A96-4C6F-8D00-981B95141896}
		{889FE2BC-316B-4B96-BF97-E11B4CCC9DC2} = {D482B9BC-A3FA-4E49-8FF3-7388A419209B}
		{C30536EA-A23A-480C-95EE-1E5951AA72D4} = {D482B9BC-A3FA-4E49-8FF3-7388A419209B}
		{D09F9ECF-61DF-49ED-A491-5F1772E49C73} = {17EAE6DC-1B62-4E78-B030-E729A7D97D19}
		{F04D7FFF-278D-422E-BCCF-BDC2208E5CE5} = {17EAE6DC-1B62-4E78-B030-E729A7D97D19}
		{662A770A-BDF0-4B97-B43F-666B4C8195D7} = {208D63A3-26BD-463D-ADF1-1A1979459162}
		{71F03F4E-9200-4161-8952-59A7989C546B} = {929D45A6-18DA-4928-AFF9-CA2261F4EF4F}
		{F4CCB71B-E1F0-4F2C-AD86-C9D2BC5DA1AA} = {B96CF7A1-AECE-4CBF-8758-4AC0441B93D2}
		{98DA7BF9-43E9-4F49-8487-27B9EF28E639} = {929D45A6-18DA-4928-AFF9-CA2261F4EF4F}
		{46687400-8D39-4EF5-A3C7-BD30FC44C67F} = {AD25AC21-DD16-470A-88AE-547F7631F2AC}
		{32D2C931-A04E-4D55-9D6B-EDE78C8238BE} = {929D45A6-18DA-4928-AFF9-CA2261F4EF4F}
		{BE17D64A-E429-4A9F-B31E-35F24721959B} = {27BDB807-3314-48D9-BDEB-EA98D7C1E37A}
		{33F073A2-B675-4178-B62C-4344692EA45B} = {27BDB807-3314-48D9-BDEB-EA98D7C1E37A}
		{8BAE2604-6EAB-4E51-BAD5-F1D525A7DCEB} = {AE7C85D6-B364-4782-B4BD-843FB637E273}
		{BBEE4BC7-41D7-40F0-B48C-4E6DFF44BC93} = {AE7C85D6-B364-4782-B4BD-843FB637E273}
		{5C001938-EF2B-4277-8A4A-B53D130F7516} = {AE7C85D6-B364-4782-B4BD-843FB637E273}
		{B36BDB20-DC8F-45D7-AE93-0851A637D93E} = {6290B27B-606E-473D-BD6C-DC6C3AE89186}
		{EACC3B90-E1AA-4869-BE19-425B8B745D3E} = {6290B27B-606E-473D-BD6C-DC6C3AE89186}
		{82739319-AFD2-4A78-9E4C-1E29CF5E2345} = {8633ADC6-3F02-48EA-B087-EE57C3AF127A}
		{12730D1B-CBE1-44FC-A334-ADD83D173B95} = {929D45A6-18DA-4928-AFF9-CA2261F4EF4F}
		{030D7766-5A40-4ABD-AE77-00CE2C41F7E0} = {8633ADC6-3F02-48EA-B087-EE57C3AF127A}
		{FEDAD7FE-94DA-4EFF-96BB-6A267C1F42A9} = {929D45A6-18DA-4928-AFF9-CA2261F4EF4F}
		{BF24E0D7-0839-41C7-A83E-5843EFD09E00} = {7DAC065C-DB7B-42C3-AC18-7E615E9F3198}
		{7A0FC825-DC58-4381-ADFB-05F735BF1137} = {BA454F97-680D-4CCD-B306-2F1C9E628261}
		{65D9B035-0CB3-47ED-A644-16913F689A5B} = {BA454F97-680D-4CCD-B306-2F1C9E628261}
		{3D0334BA-F3E3-4797-B78C-19C5F873CD1F} = {AC44007D-E83E-4F24-88E3-D7E46493429F}
		{B5E06AE7-B810-4833-8B29-C863EA011069} = {AC44007D-E83E-4F24-88E3-D7E46493429F}
		{D8C32B98-C74F-44B8-B03E-4376CF1D580B} = {24627FB2-0048-41FA-9D2A-ABB1B0D07C2D}
		{1F6E3546-FAC7-45B3-BB6E-ABD2BC68DFB0} = {BFC15C94-9BA4-4326-A2D0-B1804825FEEB}
		{129EAD37-F673-41D3-AE46-1873CF553551} = {16064E6A-EE91-419D-8AC3-ED23ADB3815E}
		{03F6D503-0362-4F40-B437-3536AC634A31} = {16064E6A-EE91-419D-8AC3-ED23ADB3815E}
	EndGlobalSection
	GlobalSection(ExtensibilityGlobals) = postSolution
		SolutionGuid = {D09BCE42-B141-464B-AB3E-931E2B1B3E73}
	EndGlobalSection
EndGlobal
