
Microsoft Visual Studio Solution File, Format Version 12.00
# Visual Studio Version 17
VisualStudioVersion = 17.5.33424.131
MinimumVisualStudioVersion = 10.0.40219.1
Project("{8BC9CEB8-8B4A-11D0-8D11-00A0C91BC942}") = "2023-03-09", "2023-03-09\2023-03-09.vcxproj", "{F06FDA57-55F6-4B68-8135-31460D3575C7}"
EndProject
Project("{8BC9CEB8-8B4A-11D0-8D11-00A0C91BC942}") = "2023-03-10", "2023-03-10\2023-03-10.vcxproj", "{8D4BCC1C-A67D-4A4C-A299-B9C724E663B1}"
EndProject
Project("{2150E333-8FDC-42A3-9474-1A3956D46DE8}") = "솔루션폴더는 구분용(실제로 생기진 않음)", "솔루션폴더는 구분용(실제로 생기진 않음)", "{74CEF65A-B61A-41F4-86A3-B3FF28A96644}"
	ProjectSection(SolutionItems) = preProject
		TextFile1.txt = TextFile1.txt
		단축키.txt = 단축키.txt
		메모리영.txt = 메모리영.txt
		용어설명.txt = 용어설명.txt
	EndProjectSection
EndProject
Project("{8BC9CEB8-8B4A-11D0-8D11-00A0C91BC942}") = "2023-03-13", "2023-03-13\2023-03-13.vcxproj", "{58332188-EE90-40D2-9127-2DCE42E21E2E}"
EndProject
Project("{8BC9CEB8-8B4A-11D0-8D11-00A0C91BC942}") = "2023-03-13(2)", "2023-03-13(2)\2023-03-13(2).vcxproj", "{5F409651-E533-4167-963D-65B846215E59}"
EndProject
Project("{8BC9CEB8-8B4A-11D0-8D11-00A0C91BC942}") = "2023-03-13(3)", "2023-03-13(3)\2023-03-13(3).vcxproj", "{E9BB717D-0333-416B-BCC1-6DB56112CDB4}"
EndProject
Project("{2150E333-8FDC-42A3-9474-1A3956D46DE8}") = "2023-03-10강의", "2023-03-10강의", "{B0AC7A7B-7EF3-4F08-AFBC-E6E24E9DCFA4}"
EndProject
Project("{2150E333-8FDC-42A3-9474-1A3956D46DE8}") = "2023-03-09강의", "2023-03-09강의", "{EF6764E9-F9BA-4C14-96B1-B0596E607585}"
EndProject
Project("{2150E333-8FDC-42A3-9474-1A3956D46DE8}") = "2023-03-13강의", "2023-03-13강의", "{3645C429-95CD-40BA-9A46-C9E0BA436D30}"
EndProject
Project("{2150E333-8FDC-42A3-9474-1A3956D46DE8}") = "2023-03-14강의", "2023-03-14강의", "{AD8596DB-CFE5-4425-8583-98FE8263E819}"
EndProject
Project("{8BC9CEB8-8B4A-11D0-8D11-00A0C91BC942}") = "2023-03-14", "2023-03-14\2023-03-14.vcxproj", "{C29E0EED-9A98-40BE-874B-BC0BD7E7FDF1}"
EndProject
Project("{8BC9CEB8-8B4A-11D0-8D11-00A0C91BC942}") = "2023-03-14(2)", "2023-03-14(2)\2023-03-14(2).vcxproj", "{DD4BE48A-CAE6-47E5-B7B3-2960F4391195}"
EndProject
Project("{2150E333-8FDC-42A3-9474-1A3956D46DE8}") = "2023-03-15강의", "2023-03-15강의", "{745C9093-BECB-4D2A-987C-28F2E2250A62}"
EndProject
Project("{8BC9CEB8-8B4A-11D0-8D11-00A0C91BC942}") = "2023-03-15", "2023-03-15\2023-03-15.vcxproj", "{C0F19ED1-439C-4C60-A775-73FCEFEB588A}"
EndProject
Project("{8BC9CEB8-8B4A-11D0-8D11-00A0C91BC942}") = "2023-03-15(2)", "2023-03-15(2)\2023-03-15(2).vcxproj", "{AA9A7BDF-0DEC-4957-82B7-7CE4F02A7571}"
EndProject
Project("{8BC9CEB8-8B4A-11D0-8D11-00A0C91BC942}") = "2023-03-15(3)", "2023-03-15(3)\2023-03-15(3).vcxproj", "{24BE5E13-AFF6-4C9E-A106-CD0F8A0BEB7E}"
EndProject
Project("{8BC9CEB8-8B4A-11D0-8D11-00A0C91BC942}") = "2023-03-16", "2023-03-16\2023-03-16.vcxproj", "{DA020F2C-94B1-404F-9ED0-8A149CD77B8E}"
EndProject
Project("{2150E333-8FDC-42A3-9474-1A3956D46DE8}") = "2023-03-16강의", "2023-03-16강의", "{15DE24D9-8950-4A0E-9469-20C2E692FE91}"
EndProject
Project("{8BC9CEB8-8B4A-11D0-8D11-00A0C91BC942}") = "2023-03-16(2)", "2023-03-16(2)\2023-03-16(2).vcxproj", "{A1958373-0CDF-4E65-A5D7-749B8DB6DEE1}"
EndProject
Project("{8BC9CEB8-8B4A-11D0-8D11-00A0C91BC942}") = "2023-03-16(3)", "2023-03-16(3)\2023-03-16(3).vcxproj", "{58B99623-4B53-4181-A33F-8040B18A2E21}"
EndProject
Project("{8BC9CEB8-8B4A-11D0-8D11-00A0C91BC942}") = "2023-03-16(4)", "2023-03-16(4)\2023-03-16(4).vcxproj", "{9F2466D2-E52A-4698-B36B-04857828C58F}"
EndProject
Project("{8BC9CEB8-8B4A-11D0-8D11-00A0C91BC942}") = "2023-03-16(5)", "2023-03-16(5)\2023-03-16(5).vcxproj", "{E07E2561-45F4-4F23-A5F3-9711F4156D89}"
EndProject
Project("{8BC9CEB8-8B4A-11D0-8D11-00A0C91BC942}") = "CodePractice", "CodePractice\CodePractice.vcxproj", "{675AD0AA-FF4D-4E74-86A8-B15390A2744A}"
EndProject
Project("{8BC9CEB8-8B4A-11D0-8D11-00A0C91BC942}") = "2023-03-17", "2023-03-17\2023-03-17.vcxproj", "{204487C6-7876-46B0-AC0B-919C9AF77E0E}"
EndProject
Project("{2150E333-8FDC-42A3-9474-1A3956D46DE8}") = "2023-03-17강의", "2023-03-17강의", "{2F6A35C2-CA25-4D0F-B5BC-CA6267092606}"
EndProject
Project("{8BC9CEB8-8B4A-11D0-8D11-00A0C91BC942}") = "2023-03-17(2)", "2023-03-17(2)\2023-03-17(2).vcxproj", "{7FDB36E5-3700-432C-B7EF-30D81B8DF714}"
EndProject
Project("{8BC9CEB8-8B4A-11D0-8D11-00A0C91BC942}") = "2023-03-17(3)", "2023-03-17(3)\2023-03-17(3).vcxproj", "{E0FFBEE8-6FF0-4197-95B4-30369F066694}"
EndProject
Project("{8BC9CEB8-8B4A-11D0-8D11-00A0C91BC942}") = "2023-03-17(4)", "2023-03-17(4)\2023-03-17(4).vcxproj", "{6AB3A804-FFBC-4E26-BE9D-0140ACCD0AFC}"
EndProject
Project("{8BC9CEB8-8B4A-11D0-8D11-00A0C91BC942}") = "2023-03-20", "2023-03-20\2023-03-20.vcxproj", "{17EB99C6-C18C-43C7-A1BB-6B6E4D2D863F}"
EndProject
Project("{2150E333-8FDC-42A3-9474-1A3956D46DE8}") = "2023-03-20강의", "2023-03-20강의", "{F42737CF-D657-4549-BBA7-A39F2B954029}"
EndProject
Project("{8BC9CEB8-8B4A-11D0-8D11-00A0C91BC942}") = "2023-03-20(2)", "2023-03-20(2)\2023-03-20(2).vcxproj", "{B9F80BE2-42A7-4CF3-92B1-E8D4973A945F}"
EndProject
Project("{8BC9CEB8-8B4A-11D0-8D11-00A0C91BC942}") = "2023-03-21", "2023-03-21\2023-03-21.vcxproj", "{BC0E5C67-1AEF-4A24-98B5-ABD74AF2C4B7}"
EndProject
Project("{2150E333-8FDC-42A3-9474-1A3956D46DE8}") = "2023-03-21강의", "2023-03-21강의", "{F5FF0B65-E721-489E-B3A7-23FF4B273B98}"
EndProject
Project("{8BC9CEB8-8B4A-11D0-8D11-00A0C91BC942}") = "2023-03-21(2)", "2023-03-21(2)\2023-03-21(2).vcxproj", "{CC2680F8-CB08-422C-BA8B-B3F44D1EFA77}"
EndProject
Project("{8BC9CEB8-8B4A-11D0-8D11-00A0C91BC942}") = "2023-03-21(3)", "2023-03-21(3)\2023-03-21(3).vcxproj", "{E0C47531-7B39-4204-B22C-B34D6CD184FB}"
EndProject
Project("{8BC9CEB8-8B4A-11D0-8D11-00A0C91BC942}") = "2023-03-21(4)", "2023-03-21(4)\2023-03-21(4).vcxproj", "{6501D194-5D7F-4155-8D89-4D45080DDC77}"
EndProject
Project("{8BC9CEB8-8B4A-11D0-8D11-00A0C91BC942}") = "2023-03-21(5)", "2023-03-21(5)\2023-03-21(5).vcxproj", "{1D6915D0-D41A-4DBC-A18E-070852AFB843}"
EndProject
Project("{8BC9CEB8-8B4A-11D0-8D11-00A0C91BC942}") = "2023-03-21(6)", "2023-03-21(6)\2023-03-21(6).vcxproj", "{9EE6B22F-D065-4392-871B-04AB9130A9A8}"
EndProject
Project("{8BC9CEB8-8B4A-11D0-8D11-00A0C91BC942}") = "2023-03-21(7)", "2023-03-21(7)\2023-03-21(7).vcxproj", "{08B54914-0CBE-42C9-BA3D-1CC024064821}"
EndProject
Project("{8BC9CEB8-8B4A-11D0-8D11-00A0C91BC942}") = "HomeWork0321", "HomeWork0321\HomeWork0321.vcxproj", "{904F90DD-31B0-41AC-A716-4B5A91FEAE89}"
EndProject
Global
	GlobalSection(SolutionConfigurationPlatforms) = preSolution
		Debug|x64 = Debug|x64
		Debug|x86 = Debug|x86
		Release|x64 = Release|x64
		Release|x86 = Release|x86
	EndGlobalSection
	GlobalSection(ProjectConfigurationPlatforms) = postSolution
		{F06FDA57-55F6-4B68-8135-31460D3575C7}.Debug|x64.ActiveCfg = Debug|x64
		{F06FDA57-55F6-4B68-8135-31460D3575C7}.Debug|x64.Build.0 = Debug|x64
		{F06FDA57-55F6-4B68-8135-31460D3575C7}.Debug|x86.ActiveCfg = Debug|Win32
		{F06FDA57-55F6-4B68-8135-31460D3575C7}.Debug|x86.Build.0 = Debug|Win32
		{F06FDA57-55F6-4B68-8135-31460D3575C7}.Release|x64.ActiveCfg = Release|x64
		{F06FDA57-55F6-4B68-8135-31460D3575C7}.Release|x64.Build.0 = Release|x64
		{F06FDA57-55F6-4B68-8135-31460D3575C7}.Release|x86.ActiveCfg = Release|Win32
		{F06FDA57-55F6-4B68-8135-31460D3575C7}.Release|x86.Build.0 = Release|Win32
		{8D4BCC1C-A67D-4A4C-A299-B9C724E663B1}.Debug|x64.ActiveCfg = Debug|x64
		{8D4BCC1C-A67D-4A4C-A299-B9C724E663B1}.Debug|x64.Build.0 = Debug|x64
		{8D4BCC1C-A67D-4A4C-A299-B9C724E663B1}.Debug|x86.ActiveCfg = Debug|Win32
		{8D4BCC1C-A67D-4A4C-A299-B9C724E663B1}.Debug|x86.Build.0 = Debug|Win32
		{8D4BCC1C-A67D-4A4C-A299-B9C724E663B1}.Release|x64.ActiveCfg = Release|x64
		{8D4BCC1C-A67D-4A4C-A299-B9C724E663B1}.Release|x64.Build.0 = Release|x64
		{8D4BCC1C-A67D-4A4C-A299-B9C724E663B1}.Release|x86.ActiveCfg = Release|Win32
		{8D4BCC1C-A67D-4A4C-A299-B9C724E663B1}.Release|x86.Build.0 = Release|Win32
		{58332188-EE90-40D2-9127-2DCE42E21E2E}.Debug|x64.ActiveCfg = Debug|x64
		{58332188-EE90-40D2-9127-2DCE42E21E2E}.Debug|x64.Build.0 = Debug|x64
		{58332188-EE90-40D2-9127-2DCE42E21E2E}.Debug|x86.ActiveCfg = Debug|Win32
		{58332188-EE90-40D2-9127-2DCE42E21E2E}.Debug|x86.Build.0 = Debug|Win32
		{58332188-EE90-40D2-9127-2DCE42E21E2E}.Release|x64.ActiveCfg = Release|x64
		{58332188-EE90-40D2-9127-2DCE42E21E2E}.Release|x64.Build.0 = Release|x64
		{58332188-EE90-40D2-9127-2DCE42E21E2E}.Release|x86.ActiveCfg = Release|Win32
		{58332188-EE90-40D2-9127-2DCE42E21E2E}.Release|x86.Build.0 = Release|Win32
		{5F409651-E533-4167-963D-65B846215E59}.Debug|x64.ActiveCfg = Debug|x64
		{5F409651-E533-4167-963D-65B846215E59}.Debug|x64.Build.0 = Debug|x64
		{5F409651-E533-4167-963D-65B846215E59}.Debug|x86.ActiveCfg = Debug|Win32
		{5F409651-E533-4167-963D-65B846215E59}.Debug|x86.Build.0 = Debug|Win32
		{5F409651-E533-4167-963D-65B846215E59}.Release|x64.ActiveCfg = Release|x64
		{5F409651-E533-4167-963D-65B846215E59}.Release|x64.Build.0 = Release|x64
		{5F409651-E533-4167-963D-65B846215E59}.Release|x86.ActiveCfg = Release|Win32
		{5F409651-E533-4167-963D-65B846215E59}.Release|x86.Build.0 = Release|Win32
		{E9BB717D-0333-416B-BCC1-6DB56112CDB4}.Debug|x64.ActiveCfg = Debug|x64
		{E9BB717D-0333-416B-BCC1-6DB56112CDB4}.Debug|x64.Build.0 = Debug|x64
		{E9BB717D-0333-416B-BCC1-6DB56112CDB4}.Debug|x86.ActiveCfg = Debug|Win32
		{E9BB717D-0333-416B-BCC1-6DB56112CDB4}.Debug|x86.Build.0 = Debug|Win32
		{E9BB717D-0333-416B-BCC1-6DB56112CDB4}.Release|x64.ActiveCfg = Release|x64
		{E9BB717D-0333-416B-BCC1-6DB56112CDB4}.Release|x64.Build.0 = Release|x64
		{E9BB717D-0333-416B-BCC1-6DB56112CDB4}.Release|x86.ActiveCfg = Release|Win32
		{E9BB717D-0333-416B-BCC1-6DB56112CDB4}.Release|x86.Build.0 = Release|Win32
		{C29E0EED-9A98-40BE-874B-BC0BD7E7FDF1}.Debug|x64.ActiveCfg = Debug|x64
		{C29E0EED-9A98-40BE-874B-BC0BD7E7FDF1}.Debug|x64.Build.0 = Debug|x64
		{C29E0EED-9A98-40BE-874B-BC0BD7E7FDF1}.Debug|x86.ActiveCfg = Debug|Win32
		{C29E0EED-9A98-40BE-874B-BC0BD7E7FDF1}.Debug|x86.Build.0 = Debug|Win32
		{C29E0EED-9A98-40BE-874B-BC0BD7E7FDF1}.Release|x64.ActiveCfg = Release|x64
		{C29E0EED-9A98-40BE-874B-BC0BD7E7FDF1}.Release|x64.Build.0 = Release|x64
		{C29E0EED-9A98-40BE-874B-BC0BD7E7FDF1}.Release|x86.ActiveCfg = Release|Win32
		{C29E0EED-9A98-40BE-874B-BC0BD7E7FDF1}.Release|x86.Build.0 = Release|Win32
		{DD4BE48A-CAE6-47E5-B7B3-2960F4391195}.Debug|x64.ActiveCfg = Debug|x64
		{DD4BE48A-CAE6-47E5-B7B3-2960F4391195}.Debug|x64.Build.0 = Debug|x64
		{DD4BE48A-CAE6-47E5-B7B3-2960F4391195}.Debug|x86.ActiveCfg = Debug|Win32
		{DD4BE48A-CAE6-47E5-B7B3-2960F4391195}.Debug|x86.Build.0 = Debug|Win32
		{DD4BE48A-CAE6-47E5-B7B3-2960F4391195}.Release|x64.ActiveCfg = Release|x64
		{DD4BE48A-CAE6-47E5-B7B3-2960F4391195}.Release|x64.Build.0 = Release|x64
		{DD4BE48A-CAE6-47E5-B7B3-2960F4391195}.Release|x86.ActiveCfg = Release|Win32
		{DD4BE48A-CAE6-47E5-B7B3-2960F4391195}.Release|x86.Build.0 = Release|Win32
		{C0F19ED1-439C-4C60-A775-73FCEFEB588A}.Debug|x64.ActiveCfg = Debug|x64
		{C0F19ED1-439C-4C60-A775-73FCEFEB588A}.Debug|x64.Build.0 = Debug|x64
		{C0F19ED1-439C-4C60-A775-73FCEFEB588A}.Debug|x86.ActiveCfg = Debug|Win32
		{C0F19ED1-439C-4C60-A775-73FCEFEB588A}.Debug|x86.Build.0 = Debug|Win32
		{C0F19ED1-439C-4C60-A775-73FCEFEB588A}.Release|x64.ActiveCfg = Release|x64
		{C0F19ED1-439C-4C60-A775-73FCEFEB588A}.Release|x64.Build.0 = Release|x64
		{C0F19ED1-439C-4C60-A775-73FCEFEB588A}.Release|x86.ActiveCfg = Release|Win32
		{C0F19ED1-439C-4C60-A775-73FCEFEB588A}.Release|x86.Build.0 = Release|Win32
		{AA9A7BDF-0DEC-4957-82B7-7CE4F02A7571}.Debug|x64.ActiveCfg = Debug|x64
		{AA9A7BDF-0DEC-4957-82B7-7CE4F02A7571}.Debug|x64.Build.0 = Debug|x64
		{AA9A7BDF-0DEC-4957-82B7-7CE4F02A7571}.Debug|x86.ActiveCfg = Debug|Win32
		{AA9A7BDF-0DEC-4957-82B7-7CE4F02A7571}.Debug|x86.Build.0 = Debug|Win32
		{AA9A7BDF-0DEC-4957-82B7-7CE4F02A7571}.Release|x64.ActiveCfg = Release|x64
		{AA9A7BDF-0DEC-4957-82B7-7CE4F02A7571}.Release|x64.Build.0 = Release|x64
		{AA9A7BDF-0DEC-4957-82B7-7CE4F02A7571}.Release|x86.ActiveCfg = Release|Win32
		{AA9A7BDF-0DEC-4957-82B7-7CE4F02A7571}.Release|x86.Build.0 = Release|Win32
		{24BE5E13-AFF6-4C9E-A106-CD0F8A0BEB7E}.Debug|x64.ActiveCfg = Debug|x64
		{24BE5E13-AFF6-4C9E-A106-CD0F8A0BEB7E}.Debug|x64.Build.0 = Debug|x64
		{24BE5E13-AFF6-4C9E-A106-CD0F8A0BEB7E}.Debug|x86.ActiveCfg = Debug|Win32
		{24BE5E13-AFF6-4C9E-A106-CD0F8A0BEB7E}.Debug|x86.Build.0 = Debug|Win32
		{24BE5E13-AFF6-4C9E-A106-CD0F8A0BEB7E}.Release|x64.ActiveCfg = Release|x64
		{24BE5E13-AFF6-4C9E-A106-CD0F8A0BEB7E}.Release|x64.Build.0 = Release|x64
		{24BE5E13-AFF6-4C9E-A106-CD0F8A0BEB7E}.Release|x86.ActiveCfg = Release|Win32
		{24BE5E13-AFF6-4C9E-A106-CD0F8A0BEB7E}.Release|x86.Build.0 = Release|Win32
		{DA020F2C-94B1-404F-9ED0-8A149CD77B8E}.Debug|x64.ActiveCfg = Debug|x64
		{DA020F2C-94B1-404F-9ED0-8A149CD77B8E}.Debug|x64.Build.0 = Debug|x64
		{DA020F2C-94B1-404F-9ED0-8A149CD77B8E}.Debug|x86.ActiveCfg = Debug|Win32
		{DA020F2C-94B1-404F-9ED0-8A149CD77B8E}.Debug|x86.Build.0 = Debug|Win32
		{DA020F2C-94B1-404F-9ED0-8A149CD77B8E}.Release|x64.ActiveCfg = Release|x64
		{DA020F2C-94B1-404F-9ED0-8A149CD77B8E}.Release|x64.Build.0 = Release|x64
		{DA020F2C-94B1-404F-9ED0-8A149CD77B8E}.Release|x86.ActiveCfg = Release|Win32
		{DA020F2C-94B1-404F-9ED0-8A149CD77B8E}.Release|x86.Build.0 = Release|Win32
		{A1958373-0CDF-4E65-A5D7-749B8DB6DEE1}.Debug|x64.ActiveCfg = Debug|x64
		{A1958373-0CDF-4E65-A5D7-749B8DB6DEE1}.Debug|x64.Build.0 = Debug|x64
		{A1958373-0CDF-4E65-A5D7-749B8DB6DEE1}.Debug|x86.ActiveCfg = Debug|Win32
		{A1958373-0CDF-4E65-A5D7-749B8DB6DEE1}.Debug|x86.Build.0 = Debug|Win32
		{A1958373-0CDF-4E65-A5D7-749B8DB6DEE1}.Release|x64.ActiveCfg = Release|x64
		{A1958373-0CDF-4E65-A5D7-749B8DB6DEE1}.Release|x64.Build.0 = Release|x64
		{A1958373-0CDF-4E65-A5D7-749B8DB6DEE1}.Release|x86.ActiveCfg = Release|Win32
		{A1958373-0CDF-4E65-A5D7-749B8DB6DEE1}.Release|x86.Build.0 = Release|Win32
		{58B99623-4B53-4181-A33F-8040B18A2E21}.Debug|x64.ActiveCfg = Debug|x64
		{58B99623-4B53-4181-A33F-8040B18A2E21}.Debug|x64.Build.0 = Debug|x64
		{58B99623-4B53-4181-A33F-8040B18A2E21}.Debug|x86.ActiveCfg = Debug|Win32
		{58B99623-4B53-4181-A33F-8040B18A2E21}.Debug|x86.Build.0 = Debug|Win32
		{58B99623-4B53-4181-A33F-8040B18A2E21}.Release|x64.ActiveCfg = Release|x64
		{58B99623-4B53-4181-A33F-8040B18A2E21}.Release|x64.Build.0 = Release|x64
		{58B99623-4B53-4181-A33F-8040B18A2E21}.Release|x86.ActiveCfg = Release|Win32
		{58B99623-4B53-4181-A33F-8040B18A2E21}.Release|x86.Build.0 = Release|Win32
		{9F2466D2-E52A-4698-B36B-04857828C58F}.Debug|x64.ActiveCfg = Debug|x64
		{9F2466D2-E52A-4698-B36B-04857828C58F}.Debug|x64.Build.0 = Debug|x64
		{9F2466D2-E52A-4698-B36B-04857828C58F}.Debug|x86.ActiveCfg = Debug|Win32
		{9F2466D2-E52A-4698-B36B-04857828C58F}.Debug|x86.Build.0 = Debug|Win32
		{9F2466D2-E52A-4698-B36B-04857828C58F}.Release|x64.ActiveCfg = Release|x64
		{9F2466D2-E52A-4698-B36B-04857828C58F}.Release|x64.Build.0 = Release|x64
		{9F2466D2-E52A-4698-B36B-04857828C58F}.Release|x86.ActiveCfg = Release|Win32
		{9F2466D2-E52A-4698-B36B-04857828C58F}.Release|x86.Build.0 = Release|Win32
		{E07E2561-45F4-4F23-A5F3-9711F4156D89}.Debug|x64.ActiveCfg = Debug|x64
		{E07E2561-45F4-4F23-A5F3-9711F4156D89}.Debug|x64.Build.0 = Debug|x64
		{E07E2561-45F4-4F23-A5F3-9711F4156D89}.Debug|x86.ActiveCfg = Debug|Win32
		{E07E2561-45F4-4F23-A5F3-9711F4156D89}.Debug|x86.Build.0 = Debug|Win32
		{E07E2561-45F4-4F23-A5F3-9711F4156D89}.Release|x64.ActiveCfg = Release|x64
		{E07E2561-45F4-4F23-A5F3-9711F4156D89}.Release|x64.Build.0 = Release|x64
		{E07E2561-45F4-4F23-A5F3-9711F4156D89}.Release|x86.ActiveCfg = Release|Win32
		{E07E2561-45F4-4F23-A5F3-9711F4156D89}.Release|x86.Build.0 = Release|Win32
		{675AD0AA-FF4D-4E74-86A8-B15390A2744A}.Debug|x64.ActiveCfg = Debug|x64
		{675AD0AA-FF4D-4E74-86A8-B15390A2744A}.Debug|x64.Build.0 = Debug|x64
		{675AD0AA-FF4D-4E74-86A8-B15390A2744A}.Debug|x86.ActiveCfg = Debug|Win32
		{675AD0AA-FF4D-4E74-86A8-B15390A2744A}.Debug|x86.Build.0 = Debug|Win32
		{675AD0AA-FF4D-4E74-86A8-B15390A2744A}.Release|x64.ActiveCfg = Release|x64
		{675AD0AA-FF4D-4E74-86A8-B15390A2744A}.Release|x64.Build.0 = Release|x64
		{675AD0AA-FF4D-4E74-86A8-B15390A2744A}.Release|x86.ActiveCfg = Release|Win32
		{675AD0AA-FF4D-4E74-86A8-B15390A2744A}.Release|x86.Build.0 = Release|Win32
		{204487C6-7876-46B0-AC0B-919C9AF77E0E}.Debug|x64.ActiveCfg = Debug|x64
		{204487C6-7876-46B0-AC0B-919C9AF77E0E}.Debug|x64.Build.0 = Debug|x64
		{204487C6-7876-46B0-AC0B-919C9AF77E0E}.Debug|x86.ActiveCfg = Debug|Win32
		{204487C6-7876-46B0-AC0B-919C9AF77E0E}.Debug|x86.Build.0 = Debug|Win32
		{204487C6-7876-46B0-AC0B-919C9AF77E0E}.Release|x64.ActiveCfg = Release|x64
		{204487C6-7876-46B0-AC0B-919C9AF77E0E}.Release|x64.Build.0 = Release|x64
		{204487C6-7876-46B0-AC0B-919C9AF77E0E}.Release|x86.ActiveCfg = Release|Win32
		{204487C6-7876-46B0-AC0B-919C9AF77E0E}.Release|x86.Build.0 = Release|Win32
		{7FDB36E5-3700-432C-B7EF-30D81B8DF714}.Debug|x64.ActiveCfg = Debug|x64
		{7FDB36E5-3700-432C-B7EF-30D81B8DF714}.Debug|x64.Build.0 = Debug|x64
		{7FDB36E5-3700-432C-B7EF-30D81B8DF714}.Debug|x86.ActiveCfg = Debug|Win32
		{7FDB36E5-3700-432C-B7EF-30D81B8DF714}.Debug|x86.Build.0 = Debug|Win32
		{7FDB36E5-3700-432C-B7EF-30D81B8DF714}.Release|x64.ActiveCfg = Release|x64
		{7FDB36E5-3700-432C-B7EF-30D81B8DF714}.Release|x64.Build.0 = Release|x64
		{7FDB36E5-3700-432C-B7EF-30D81B8DF714}.Release|x86.ActiveCfg = Release|Win32
		{7FDB36E5-3700-432C-B7EF-30D81B8DF714}.Release|x86.Build.0 = Release|Win32
		{E0FFBEE8-6FF0-4197-95B4-30369F066694}.Debug|x64.ActiveCfg = Debug|x64
		{E0FFBEE8-6FF0-4197-95B4-30369F066694}.Debug|x64.Build.0 = Debug|x64
		{E0FFBEE8-6FF0-4197-95B4-30369F066694}.Debug|x86.ActiveCfg = Debug|Win32
		{E0FFBEE8-6FF0-4197-95B4-30369F066694}.Debug|x86.Build.0 = Debug|Win32
		{E0FFBEE8-6FF0-4197-95B4-30369F066694}.Release|x64.ActiveCfg = Release|x64
		{E0FFBEE8-6FF0-4197-95B4-30369F066694}.Release|x64.Build.0 = Release|x64
		{E0FFBEE8-6FF0-4197-95B4-30369F066694}.Release|x86.ActiveCfg = Release|Win32
		{E0FFBEE8-6FF0-4197-95B4-30369F066694}.Release|x86.Build.0 = Release|Win32
		{6AB3A804-FFBC-4E26-BE9D-0140ACCD0AFC}.Debug|x64.ActiveCfg = Debug|x64
		{6AB3A804-FFBC-4E26-BE9D-0140ACCD0AFC}.Debug|x64.Build.0 = Debug|x64
		{6AB3A804-FFBC-4E26-BE9D-0140ACCD0AFC}.Debug|x86.ActiveCfg = Debug|Win32
		{6AB3A804-FFBC-4E26-BE9D-0140ACCD0AFC}.Debug|x86.Build.0 = Debug|Win32
		{6AB3A804-FFBC-4E26-BE9D-0140ACCD0AFC}.Release|x64.ActiveCfg = Release|x64
		{6AB3A804-FFBC-4E26-BE9D-0140ACCD0AFC}.Release|x64.Build.0 = Release|x64
		{6AB3A804-FFBC-4E26-BE9D-0140ACCD0AFC}.Release|x86.ActiveCfg = Release|Win32
		{6AB3A804-FFBC-4E26-BE9D-0140ACCD0AFC}.Release|x86.Build.0 = Release|Win32
		{17EB99C6-C18C-43C7-A1BB-6B6E4D2D863F}.Debug|x64.ActiveCfg = Debug|x64
		{17EB99C6-C18C-43C7-A1BB-6B6E4D2D863F}.Debug|x64.Build.0 = Debug|x64
		{17EB99C6-C18C-43C7-A1BB-6B6E4D2D863F}.Debug|x86.ActiveCfg = Debug|Win32
		{17EB99C6-C18C-43C7-A1BB-6B6E4D2D863F}.Debug|x86.Build.0 = Debug|Win32
		{17EB99C6-C18C-43C7-A1BB-6B6E4D2D863F}.Release|x64.ActiveCfg = Release|x64
		{17EB99C6-C18C-43C7-A1BB-6B6E4D2D863F}.Release|x64.Build.0 = Release|x64
		{17EB99C6-C18C-43C7-A1BB-6B6E4D2D863F}.Release|x86.ActiveCfg = Release|Win32
		{17EB99C6-C18C-43C7-A1BB-6B6E4D2D863F}.Release|x86.Build.0 = Release|Win32
		{B9F80BE2-42A7-4CF3-92B1-E8D4973A945F}.Debug|x64.ActiveCfg = Debug|x64
		{B9F80BE2-42A7-4CF3-92B1-E8D4973A945F}.Debug|x64.Build.0 = Debug|x64
		{B9F80BE2-42A7-4CF3-92B1-E8D4973A945F}.Debug|x86.ActiveCfg = Debug|Win32
		{B9F80BE2-42A7-4CF3-92B1-E8D4973A945F}.Debug|x86.Build.0 = Debug|Win32
		{B9F80BE2-42A7-4CF3-92B1-E8D4973A945F}.Release|x64.ActiveCfg = Release|x64
		{B9F80BE2-42A7-4CF3-92B1-E8D4973A945F}.Release|x64.Build.0 = Release|x64
		{B9F80BE2-42A7-4CF3-92B1-E8D4973A945F}.Release|x86.ActiveCfg = Release|Win32
		{B9F80BE2-42A7-4CF3-92B1-E8D4973A945F}.Release|x86.Build.0 = Release|Win32
		{BC0E5C67-1AEF-4A24-98B5-ABD74AF2C4B7}.Debug|x64.ActiveCfg = Debug|x64
		{BC0E5C67-1AEF-4A24-98B5-ABD74AF2C4B7}.Debug|x64.Build.0 = Debug|x64
		{BC0E5C67-1AEF-4A24-98B5-ABD74AF2C4B7}.Debug|x86.ActiveCfg = Debug|Win32
		{BC0E5C67-1AEF-4A24-98B5-ABD74AF2C4B7}.Debug|x86.Build.0 = Debug|Win32
		{BC0E5C67-1AEF-4A24-98B5-ABD74AF2C4B7}.Release|x64.ActiveCfg = Release|x64
		{BC0E5C67-1AEF-4A24-98B5-ABD74AF2C4B7}.Release|x64.Build.0 = Release|x64
		{BC0E5C67-1AEF-4A24-98B5-ABD74AF2C4B7}.Release|x86.ActiveCfg = Release|Win32
		{BC0E5C67-1AEF-4A24-98B5-ABD74AF2C4B7}.Release|x86.Build.0 = Release|Win32
		{CC2680F8-CB08-422C-BA8B-B3F44D1EFA77}.Debug|x64.ActiveCfg = Debug|x64
		{CC2680F8-CB08-422C-BA8B-B3F44D1EFA77}.Debug|x64.Build.0 = Debug|x64
		{CC2680F8-CB08-422C-BA8B-B3F44D1EFA77}.Debug|x86.ActiveCfg = Debug|Win32
		{CC2680F8-CB08-422C-BA8B-B3F44D1EFA77}.Debug|x86.Build.0 = Debug|Win32
		{CC2680F8-CB08-422C-BA8B-B3F44D1EFA77}.Release|x64.ActiveCfg = Release|x64
		{CC2680F8-CB08-422C-BA8B-B3F44D1EFA77}.Release|x64.Build.0 = Release|x64
		{CC2680F8-CB08-422C-BA8B-B3F44D1EFA77}.Release|x86.ActiveCfg = Release|Win32
		{CC2680F8-CB08-422C-BA8B-B3F44D1EFA77}.Release|x86.Build.0 = Release|Win32
		{E0C47531-7B39-4204-B22C-B34D6CD184FB}.Debug|x64.ActiveCfg = Debug|x64
		{E0C47531-7B39-4204-B22C-B34D6CD184FB}.Debug|x64.Build.0 = Debug|x64
		{E0C47531-7B39-4204-B22C-B34D6CD184FB}.Debug|x86.ActiveCfg = Debug|Win32
		{E0C47531-7B39-4204-B22C-B34D6CD184FB}.Debug|x86.Build.0 = Debug|Win32
		{E0C47531-7B39-4204-B22C-B34D6CD184FB}.Release|x64.ActiveCfg = Release|x64
		{E0C47531-7B39-4204-B22C-B34D6CD184FB}.Release|x64.Build.0 = Release|x64
		{E0C47531-7B39-4204-B22C-B34D6CD184FB}.Release|x86.ActiveCfg = Release|Win32
		{E0C47531-7B39-4204-B22C-B34D6CD184FB}.Release|x86.Build.0 = Release|Win32
		{6501D194-5D7F-4155-8D89-4D45080DDC77}.Debug|x64.ActiveCfg = Debug|x64
		{6501D194-5D7F-4155-8D89-4D45080DDC77}.Debug|x64.Build.0 = Debug|x64
		{6501D194-5D7F-4155-8D89-4D45080DDC77}.Debug|x86.ActiveCfg = Debug|Win32
		{6501D194-5D7F-4155-8D89-4D45080DDC77}.Debug|x86.Build.0 = Debug|Win32
		{6501D194-5D7F-4155-8D89-4D45080DDC77}.Release|x64.ActiveCfg = Release|x64
		{6501D194-5D7F-4155-8D89-4D45080DDC77}.Release|x64.Build.0 = Release|x64
		{6501D194-5D7F-4155-8D89-4D45080DDC77}.Release|x86.ActiveCfg = Release|Win32
		{6501D194-5D7F-4155-8D89-4D45080DDC77}.Release|x86.Build.0 = Release|Win32
		{1D6915D0-D41A-4DBC-A18E-070852AFB843}.Debug|x64.ActiveCfg = Debug|x64
		{1D6915D0-D41A-4DBC-A18E-070852AFB843}.Debug|x64.Build.0 = Debug|x64
		{1D6915D0-D41A-4DBC-A18E-070852AFB843}.Debug|x86.ActiveCfg = Debug|Win32
		{1D6915D0-D41A-4DBC-A18E-070852AFB843}.Debug|x86.Build.0 = Debug|Win32
		{1D6915D0-D41A-4DBC-A18E-070852AFB843}.Release|x64.ActiveCfg = Release|x64
		{1D6915D0-D41A-4DBC-A18E-070852AFB843}.Release|x64.Build.0 = Release|x64
		{1D6915D0-D41A-4DBC-A18E-070852AFB843}.Release|x86.ActiveCfg = Release|Win32
		{1D6915D0-D41A-4DBC-A18E-070852AFB843}.Release|x86.Build.0 = Release|Win32
		{9EE6B22F-D065-4392-871B-04AB9130A9A8}.Debug|x64.ActiveCfg = Debug|x64
		{9EE6B22F-D065-4392-871B-04AB9130A9A8}.Debug|x64.Build.0 = Debug|x64
		{9EE6B22F-D065-4392-871B-04AB9130A9A8}.Debug|x86.ActiveCfg = Debug|Win32
		{9EE6B22F-D065-4392-871B-04AB9130A9A8}.Debug|x86.Build.0 = Debug|Win32
		{9EE6B22F-D065-4392-871B-04AB9130A9A8}.Release|x64.ActiveCfg = Release|x64
		{9EE6B22F-D065-4392-871B-04AB9130A9A8}.Release|x64.Build.0 = Release|x64
		{9EE6B22F-D065-4392-871B-04AB9130A9A8}.Release|x86.ActiveCfg = Release|Win32
		{9EE6B22F-D065-4392-871B-04AB9130A9A8}.Release|x86.Build.0 = Release|Win32
		{08B54914-0CBE-42C9-BA3D-1CC024064821}.Debug|x64.ActiveCfg = Debug|x64
		{08B54914-0CBE-42C9-BA3D-1CC024064821}.Debug|x64.Build.0 = Debug|x64
		{08B54914-0CBE-42C9-BA3D-1CC024064821}.Debug|x86.ActiveCfg = Debug|Win32
		{08B54914-0CBE-42C9-BA3D-1CC024064821}.Debug|x86.Build.0 = Debug|Win32
		{08B54914-0CBE-42C9-BA3D-1CC024064821}.Release|x64.ActiveCfg = Release|x64
		{08B54914-0CBE-42C9-BA3D-1CC024064821}.Release|x64.Build.0 = Release|x64
		{08B54914-0CBE-42C9-BA3D-1CC024064821}.Release|x86.ActiveCfg = Release|Win32
		{08B54914-0CBE-42C9-BA3D-1CC024064821}.Release|x86.Build.0 = Release|Win32
		{904F90DD-31B0-41AC-A716-4B5A91FEAE89}.Debug|x64.ActiveCfg = Debug|x64
		{904F90DD-31B0-41AC-A716-4B5A91FEAE89}.Debug|x64.Build.0 = Debug|x64
		{904F90DD-31B0-41AC-A716-4B5A91FEAE89}.Debug|x86.ActiveCfg = Debug|Win32
		{904F90DD-31B0-41AC-A716-4B5A91FEAE89}.Debug|x86.Build.0 = Debug|Win32
		{904F90DD-31B0-41AC-A716-4B5A91FEAE89}.Release|x64.ActiveCfg = Release|x64
		{904F90DD-31B0-41AC-A716-4B5A91FEAE89}.Release|x64.Build.0 = Release|x64
		{904F90DD-31B0-41AC-A716-4B5A91FEAE89}.Release|x86.ActiveCfg = Release|Win32
		{904F90DD-31B0-41AC-A716-4B5A91FEAE89}.Release|x86.Build.0 = Release|Win32
	EndGlobalSection
	GlobalSection(SolutionProperties) = preSolution
		HideSolutionNode = FALSE
	EndGlobalSection
	GlobalSection(NestedProjects) = preSolution
		{F06FDA57-55F6-4B68-8135-31460D3575C7} = {EF6764E9-F9BA-4C14-96B1-B0596E607585}
		{8D4BCC1C-A67D-4A4C-A299-B9C724E663B1} = {B0AC7A7B-7EF3-4F08-AFBC-E6E24E9DCFA4}
		{58332188-EE90-40D2-9127-2DCE42E21E2E} = {3645C429-95CD-40BA-9A46-C9E0BA436D30}
		{5F409651-E533-4167-963D-65B846215E59} = {3645C429-95CD-40BA-9A46-C9E0BA436D30}
		{E9BB717D-0333-416B-BCC1-6DB56112CDB4} = {3645C429-95CD-40BA-9A46-C9E0BA436D30}
		{C29E0EED-9A98-40BE-874B-BC0BD7E7FDF1} = {AD8596DB-CFE5-4425-8583-98FE8263E819}
		{DD4BE48A-CAE6-47E5-B7B3-2960F4391195} = {AD8596DB-CFE5-4425-8583-98FE8263E819}
		{C0F19ED1-439C-4C60-A775-73FCEFEB588A} = {745C9093-BECB-4D2A-987C-28F2E2250A62}
		{AA9A7BDF-0DEC-4957-82B7-7CE4F02A7571} = {745C9093-BECB-4D2A-987C-28F2E2250A62}
		{24BE5E13-AFF6-4C9E-A106-CD0F8A0BEB7E} = {745C9093-BECB-4D2A-987C-28F2E2250A62}
		{DA020F2C-94B1-404F-9ED0-8A149CD77B8E} = {15DE24D9-8950-4A0E-9469-20C2E692FE91}
		{A1958373-0CDF-4E65-A5D7-749B8DB6DEE1} = {15DE24D9-8950-4A0E-9469-20C2E692FE91}
		{58B99623-4B53-4181-A33F-8040B18A2E21} = {15DE24D9-8950-4A0E-9469-20C2E692FE91}
		{9F2466D2-E52A-4698-B36B-04857828C58F} = {15DE24D9-8950-4A0E-9469-20C2E692FE91}
		{E07E2561-45F4-4F23-A5F3-9711F4156D89} = {15DE24D9-8950-4A0E-9469-20C2E692FE91}
		{204487C6-7876-46B0-AC0B-919C9AF77E0E} = {2F6A35C2-CA25-4D0F-B5BC-CA6267092606}
		{7FDB36E5-3700-432C-B7EF-30D81B8DF714} = {2F6A35C2-CA25-4D0F-B5BC-CA6267092606}
		{E0FFBEE8-6FF0-4197-95B4-30369F066694} = {2F6A35C2-CA25-4D0F-B5BC-CA6267092606}
		{6AB3A804-FFBC-4E26-BE9D-0140ACCD0AFC} = {2F6A35C2-CA25-4D0F-B5BC-CA6267092606}
		{17EB99C6-C18C-43C7-A1BB-6B6E4D2D863F} = {F42737CF-D657-4549-BBA7-A39F2B954029}
		{B9F80BE2-42A7-4CF3-92B1-E8D4973A945F} = {F42737CF-D657-4549-BBA7-A39F2B954029}
		{BC0E5C67-1AEF-4A24-98B5-ABD74AF2C4B7} = {F5FF0B65-E721-489E-B3A7-23FF4B273B98}
		{CC2680F8-CB08-422C-BA8B-B3F44D1EFA77} = {F5FF0B65-E721-489E-B3A7-23FF4B273B98}
		{E0C47531-7B39-4204-B22C-B34D6CD184FB} = {F5FF0B65-E721-489E-B3A7-23FF4B273B98}
		{6501D194-5D7F-4155-8D89-4D45080DDC77} = {F5FF0B65-E721-489E-B3A7-23FF4B273B98}
		{1D6915D0-D41A-4DBC-A18E-070852AFB843} = {F5FF0B65-E721-489E-B3A7-23FF4B273B98}
		{9EE6B22F-D065-4392-871B-04AB9130A9A8} = {F5FF0B65-E721-489E-B3A7-23FF4B273B98}
		{08B54914-0CBE-42C9-BA3D-1CC024064821} = {F5FF0B65-E721-489E-B3A7-23FF4B273B98}
		{904F90DD-31B0-41AC-A716-4B5A91FEAE89} = {F5FF0B65-E721-489E-B3A7-23FF4B273B98}
	EndGlobalSection
	GlobalSection(ExtensibilityGlobals) = postSolution
		SolutionGuid = {D09BCE42-B141-464B-AB3E-931E2B1B3E73}
	EndGlobalSection
EndGlobal
