<?xml version="1.0" encoding="utf-8"?>
<Project ToolsVersion="4.0" xmlns="http://schemas.microsoft.com/developer/msbuild/2003">
  <ItemGroup>
    <ClCompile Include="CodePractice.cpp" />
    <ClCompile Include="ConsoleGameMath.cpp">
      <Filter>Level0</Filter>
    </ClCompile>
    <ClCompile Include="ConsoleGameScreen.cpp">
      <Filter>Level1</Filter>
    </ClCompile>
    <ClCompile Include="Player.cpp">
      <Filter>Level2</Filter>
    </ClCompile>
    <ClCompile Include="Bullet.cpp">
      <Filter>Level2</Filter>
    </ClCompile>
    <ClCompile Include="ShootingGame.cpp">
      <Filter>Level3</Filter>
    </ClCompile>
  </ItemGroup>
  <ItemGroup>
    <Filter Include="Level0">
      <UniqueIdentifier>{01af61cd-4f6f-49b0-9417-50ddf1555018}</UniqueIdentifier>
    </Filter>
    <Filter Include="Level1">
      <UniqueIdentifier>{90b4cf05-49c7-4c80-aff6-77f835f9bbd4}</UniqueIdentifier>
    </Filter>
    <Filter Include="Level2">
      <UniqueIdentifier>{26eecc27-c3c3-43e2-82c4-ee125c0a235c}</UniqueIdentifier>
    </Filter>
    <Filter Include="Level3">
      <UniqueIdentifier>{8cfaf9a8-6921-41ca-a0c5-616809e4dbdd}</UniqueIdentifier>
    </Filter>
  </ItemGroup>
  <ItemGroup>
    <ClInclude Include="ConsoleGameMath.h">
      <Filter>Level0</Filter>
    </ClInclude>
    <ClInclude Include="ConsoleGameScreen.h">
      <Filter>Level1</Filter>
    </ClInclude>
    <ClInclude Include="Player.h">
      <Filter>Level2</Filter>
    </ClInclude>
    <ClInclude Include="Bullet.h">
      <Filter>Level2</Filter>
    </ClInclude>
    <ClInclude Include="ShootingGame.h">
      <Filter>Level3</Filter>
    </ClInclude>
  </ItemGroup>
</Project>